// !$*UTF8*$!
{
	archiveVersion = 1;
	classes = {
	};
	objectVersion = 55;
	objects = {

/* Begin PBXBuildFile section */
		9E01BF202924D9E300749C29 /* FriendRowView.swift in Sources */ = {isa = PBXBuildFile; fileRef = 9E01BF1F2924D9E300749C29 /* FriendRowView.swift */; };
		9E01BF222924DB4A00749C29 /* RecommendationRowView.swift in Sources */ = {isa = PBXBuildFile; fileRef = 9E01BF212924DB4A00749C29 /* RecommendationRowView.swift */; };
		9E01BF242924DBC200749C29 /* FriendRequestRow.swift in Sources */ = {isa = PBXBuildFile; fileRef = 9E01BF232924DBC200749C29 /* FriendRequestRow.swift */; };
		9E27280C2903FEFA000C2E64 /* ImageViewer in Frameworks */ = {isa = PBXBuildFile; productRef = 9E27280B2903FEFA000C2E64 /* ImageViewer */; };
		9E272811290B357D000C2E64 /* FeedView.swift in Sources */ = {isa = PBXBuildFile; fileRef = 9E272810290B357D000C2E64 /* FeedView.swift */; };
		9E272815290B4671000C2E64 /* FirebaseMessaging in Frameworks */ = {isa = PBXBuildFile; productRef = 9E272814290B4671000C2E64 /* FirebaseMessaging */; };
		9E272817290C50AC000C2E64 /* FriendLastYear.swift in Sources */ = {isa = PBXBuildFile; fileRef = 9E272816290C50AC000C2E64 /* FriendLastYear.swift */; };
		9E272819290C5371000C2E64 /* FirebaseStorage in Frameworks */ = {isa = PBXBuildFile; productRef = 9E272818290C5371000C2E64 /* FirebaseStorage */; };
		9E5528982930F44600134728 /* FeedViewModel.swift in Sources */ = {isa = PBXBuildFile; fileRef = 9E5528972930F44600134728 /* FeedViewModel.swift */; };
		9E6461A52921AC5000F4141C /* ImagePicker.swift in Sources */ = {isa = PBXBuildFile; fileRef = 9E6461A42921AC5000F4141C /* ImagePicker.swift */; };
		9E6461A72922076200F4141C /* UserView.swift in Sources */ = {isa = PBXBuildFile; fileRef = 9E6461A62922076200F4141C /* UserView.swift */; };
		9E6A85AB290294B8008EBAFE /* Formatters.swift in Sources */ = {isa = PBXBuildFile; fileRef = 9EAADB2128E2633B00F93097 /* Formatters.swift */; };
		9E6A85AD2902BA8A008EBAFE /* CredentialsHandler.swift in Sources */ = {isa = PBXBuildFile; fileRef = 9E6A85AC2902BA8A008EBAFE /* CredentialsHandler.swift */; };
		9E74FFB6296BD5C6001D545B /* HomeView.swift in Sources */ = {isa = PBXBuildFile; fileRef = 9E74FFB5296BD5C6001D545B /* HomeView.swift */; };
		9E835E79293540DF0098810A /* HappyPanel.swift in Sources */ = {isa = PBXBuildFile; fileRef = 9E835E78293540DF0098810A /* HappyPanel.swift */; };
		9E835E7F2935460B0098810A /* Shared in Frameworks */ = {isa = PBXBuildFile; productRef = 9E835E7E2935460B0098810A /* Shared */; };
		9E852454295A0DEF00B4D550 /* ShareLastYearView.swift in Sources */ = {isa = PBXBuildFile; fileRef = 9E852453295A0DEF00B4D550 /* ShareLastYearView.swift */; };
		9E98039228E1C8770036AFEC /* PermissionHandler.swift in Sources */ = {isa = PBXBuildFile; fileRef = 9E98039128E1C8770036AFEC /* PermissionHandler.swift */; };
		9EAADB1E28E1E03D00F93097 /* PhotosViewModel.swift in Sources */ = {isa = PBXBuildFile; fileRef = 9EAADB1D28E1E03D00F93097 /* PhotosViewModel.swift */; };
		9EAADB2028E1F86C00F93097 /* AllPhotosView.swift in Sources */ = {isa = PBXBuildFile; fileRef = 9EAADB1F28E1F86C00F93097 /* AllPhotosView.swift */; };
		9EAADB2228E2633B00F93097 /* Formatters.swift in Sources */ = {isa = PBXBuildFile; fileRef = 9EAADB2128E2633B00F93097 /* Formatters.swift */; };
		9EAADB2928E2FBD000F93097 /* SettingsView.swift in Sources */ = {isa = PBXBuildFile; fileRef = 9EAADB2828E2FBD000F93097 /* SettingsView.swift */; };
		9EAADB2B28E37A4A00F93097 /* NotificationPermissionView.swift in Sources */ = {isa = PBXBuildFile; fileRef = 9EAADB2A28E37A4A00F93097 /* NotificationPermissionView.swift */; };
		9EAADB2D28E37FED00F93097 /* NotificationCenter.swift in Sources */ = {isa = PBXBuildFile; fileRef = 9EAADB2C28E37FED00F93097 /* NotificationCenter.swift */; };
		9EAADB3628E3968400F93097 /* WidgetKit.framework in Frameworks */ = {isa = PBXBuildFile; fileRef = 9EAADB3528E3968400F93097 /* WidgetKit.framework */; };
		9EAADB3828E3968400F93097 /* SwiftUI.framework in Frameworks */ = {isa = PBXBuildFile; fileRef = 9EAADB3728E3968400F93097 /* SwiftUI.framework */; };
		9EAADB3B28E3968400F93097 /* LYwidget.swift in Sources */ = {isa = PBXBuildFile; fileRef = 9EAADB3A28E3968400F93097 /* LYwidget.swift */; };
		9EAADB3E28E3968600F93097 /* Assets.xcassets in Resources */ = {isa = PBXBuildFile; fileRef = 9EAADB3D28E3968600F93097 /* Assets.xcassets */; };
		9EAADB4428E3968600F93097 /* LYwidgetExtension.appex in Embed Foundation Extensions */ = {isa = PBXBuildFile; fileRef = 9EAADB3328E3968400F93097 /* LYwidgetExtension.appex */; settings = {ATTRIBUTES = (RemoveHeadersOnCopy, ); }; };
		9EAADB4C28E3976900F93097 /* Helper.swift in Sources */ = {isa = PBXBuildFile; fileRef = 9EAADB4B28E3976900F93097 /* Helper.swift */; };
		9EAADB4D28E397C500F93097 /* Helper.swift in Sources */ = {isa = PBXBuildFile; fileRef = 9EAADB4B28E3976900F93097 /* Helper.swift */; };
		9EBDE8D628DDD58A00264AF3 /* LastYearApp.swift in Sources */ = {isa = PBXBuildFile; fileRef = 9EBDE8D528DDD58A00264AF3 /* LastYearApp.swift */; };
		9EBDE8D828DDD58A00264AF3 /* MainView.swift in Sources */ = {isa = PBXBuildFile; fileRef = 9EBDE8D728DDD58A00264AF3 /* MainView.swift */; };
		9EBDE8DA28DDD58C00264AF3 /* Assets.xcassets in Resources */ = {isa = PBXBuildFile; fileRef = 9EBDE8D928DDD58C00264AF3 /* Assets.xcassets */; };
		9EBDE8DD28DDD58C00264AF3 /* Preview Assets.xcassets in Resources */ = {isa = PBXBuildFile; fileRef = 9EBDE8DC28DDD58C00264AF3 /* Preview Assets.xcassets */; };
		9EBDE8E428DDDCE900264AF3 /* PhotoCard.swift in Sources */ = {isa = PBXBuildFile; fileRef = 9EBDE8E328DDDCE900264AF3 /* PhotoCard.swift */; };
		9EBDE8E628DDDD4B00264AF3 /* PhotoData.swift in Sources */ = {isa = PBXBuildFile; fileRef = 9EBDE8E528DDDD4B00264AF3 /* PhotoData.swift */; };
		9EBDE8E928DDED0800264AF3 /* WelcomeView.swift in Sources */ = {isa = PBXBuildFile; fileRef = 9EBDE8E828DDED0800264AF3 /* WelcomeView.swift */; };
		9EBDE8FE28DDEF2F00264AF3 /* Poppins-LightItalic.ttf in Resources */ = {isa = PBXBuildFile; fileRef = 9EBDE8EB28DDEF2F00264AF3 /* Poppins-LightItalic.ttf */; };
		9EBDE8FF28DDEF2F00264AF3 /* Poppins-ExtraBold.ttf in Resources */ = {isa = PBXBuildFile; fileRef = 9EBDE8EC28DDEF2F00264AF3 /* Poppins-ExtraBold.ttf */; };
		9EBDE90028DDEF2F00264AF3 /* Poppins-ExtraLightItalic.ttf in Resources */ = {isa = PBXBuildFile; fileRef = 9EBDE8ED28DDEF2F00264AF3 /* Poppins-ExtraLightItalic.ttf */; };
		9EBDE90128DDEF2F00264AF3 /* Poppins-ExtraBoldItalic.ttf in Resources */ = {isa = PBXBuildFile; fileRef = 9EBDE8EE28DDEF2F00264AF3 /* Poppins-ExtraBoldItalic.ttf */; };
		9EBDE90228DDEF2F00264AF3 /* Poppins-Italic.ttf in Resources */ = {isa = PBXBuildFile; fileRef = 9EBDE8EF28DDEF2F00264AF3 /* Poppins-Italic.ttf */; };
		9EBDE90328DDEF2F00264AF3 /* Poppins-BlackItalic.ttf in Resources */ = {isa = PBXBuildFile; fileRef = 9EBDE8F028DDEF2F00264AF3 /* Poppins-BlackItalic.ttf */; };
		9EBDE90428DDEF2F00264AF3 /* Poppins-Medium.ttf in Resources */ = {isa = PBXBuildFile; fileRef = 9EBDE8F128DDEF2F00264AF3 /* Poppins-Medium.ttf */; };
		9EBDE90528DDEF2F00264AF3 /* Poppins-ExtraLight.ttf in Resources */ = {isa = PBXBuildFile; fileRef = 9EBDE8F228DDEF2F00264AF3 /* Poppins-ExtraLight.ttf */; };
		9EBDE90628DDEF2F00264AF3 /* Poppins-Thin.ttf in Resources */ = {isa = PBXBuildFile; fileRef = 9EBDE8F328DDEF2F00264AF3 /* Poppins-Thin.ttf */; };
		9EBDE90728DDEF2F00264AF3 /* OFL.txt in Resources */ = {isa = PBXBuildFile; fileRef = 9EBDE8F428DDEF2F00264AF3 /* OFL.txt */; };
		9EBDE90828DDEF2F00264AF3 /* Poppins-Light.ttf in Resources */ = {isa = PBXBuildFile; fileRef = 9EBDE8F528DDEF2F00264AF3 /* Poppins-Light.ttf */; };
		9EBDE90928DDEF2F00264AF3 /* Poppins-BoldItalic.ttf in Resources */ = {isa = PBXBuildFile; fileRef = 9EBDE8F628DDEF2F00264AF3 /* Poppins-BoldItalic.ttf */; };
		9EBDE90A28DDEF2F00264AF3 /* Poppins-Black.ttf in Resources */ = {isa = PBXBuildFile; fileRef = 9EBDE8F728DDEF2F00264AF3 /* Poppins-Black.ttf */; };
		9EBDE90B28DDEF2F00264AF3 /* Poppins-MediumItalic.ttf in Resources */ = {isa = PBXBuildFile; fileRef = 9EBDE8F828DDEF2F00264AF3 /* Poppins-MediumItalic.ttf */; };
		9EBDE90C28DDEF2F00264AF3 /* Poppins-SemiBold.ttf in Resources */ = {isa = PBXBuildFile; fileRef = 9EBDE8F928DDEF2F00264AF3 /* Poppins-SemiBold.ttf */; };
		9EBDE90D28DDEF2F00264AF3 /* Poppins-Bold.ttf in Resources */ = {isa = PBXBuildFile; fileRef = 9EBDE8FA28DDEF2F00264AF3 /* Poppins-Bold.ttf */; };
		9EBDE90E28DDEF2F00264AF3 /* Poppins-Regular.ttf in Resources */ = {isa = PBXBuildFile; fileRef = 9EBDE8FB28DDEF2F00264AF3 /* Poppins-Regular.ttf */; };
		9EBDE90F28DDEF2F00264AF3 /* Poppins-SemiBoldItalic.ttf in Resources */ = {isa = PBXBuildFile; fileRef = 9EBDE8FC28DDEF2F00264AF3 /* Poppins-SemiBoldItalic.ttf */; };
		9EBDE91028DDEF2F00264AF3 /* Poppins-ThinItalic.ttf in Resources */ = {isa = PBXBuildFile; fileRef = 9EBDE8FD28DDEF2F00264AF3 /* Poppins-ThinItalic.ttf */; };
		9EBDE91528DDF44D00264AF3 /* ChoseAuthView.swift in Sources */ = {isa = PBXBuildFile; fileRef = 9EBDE91428DDF44C00264AF3 /* ChoseAuthView.swift */; };
		9EBDE91728DDF8FE00264AF3 /* EmailView.swift in Sources */ = {isa = PBXBuildFile; fileRef = 9EBDE91628DDF8FE00264AF3 /* EmailView.swift */; };
		9EBDE91C28DDFD4200264AF3 /* LoginView.swift in Sources */ = {isa = PBXBuildFile; fileRef = 9EBDE91B28DDFD4200264AF3 /* LoginView.swift */; };
		9EBDE91F28DDFFEB00264AF3 /* FirebaseAnalytics in Frameworks */ = {isa = PBXBuildFile; productRef = 9EBDE91E28DDFFEB00264AF3 /* FirebaseAnalytics */; };
		9EBDE92128DDFFEB00264AF3 /* FirebaseAuth in Frameworks */ = {isa = PBXBuildFile; productRef = 9EBDE92028DDFFEB00264AF3 /* FirebaseAuth */; };
		9EBDE92328DDFFEB00264AF3 /* FirebaseCrashlytics in Frameworks */ = {isa = PBXBuildFile; productRef = 9EBDE92228DDFFEB00264AF3 /* FirebaseCrashlytics */; };
		9EBDE92528DDFFEB00264AF3 /* FirebaseFirestore in Frameworks */ = {isa = PBXBuildFile; productRef = 9EBDE92428DDFFEB00264AF3 /* FirebaseFirestore */; };
		9EBDE92928DE021200264AF3 /* FirebaseHandler.swift in Sources */ = {isa = PBXBuildFile; fileRef = 9EBDE92828DE021200264AF3 /* FirebaseHandler.swift */; };
		9EBDE92B28DE0EEA00264AF3 /* PasswordView.swift in Sources */ = {isa = PBXBuildFile; fileRef = 9EBDE92A28DE0EEA00264AF3 /* PasswordView.swift */; };
		9EBDE92D28DE507600264AF3 /* LYUser.swift in Sources */ = {isa = PBXBuildFile; fileRef = 9EBDE92C28DE507600264AF3 /* LYUser.swift */; };
		9EBDE92F28DE54BA00264AF3 /* AuthService.swift in Sources */ = {isa = PBXBuildFile; fileRef = 9EBDE92E28DE54BA00264AF3 /* AuthService.swift */; };
		9EBDE93128DE660F00264AF3 /* LoadingView.swift in Sources */ = {isa = PBXBuildFile; fileRef = 9EBDE93028DE660F00264AF3 /* LoadingView.swift */; };
		9EBDE93328E18DCE00264AF3 /* PermissionView.swift in Sources */ = {isa = PBXBuildFile; fileRef = 9EBDE93228E18DCE00264AF3 /* PermissionView.swift */; };
		9EBDE93528E195DD00264AF3 /* PhotoDetailView.swift in Sources */ = {isa = PBXBuildFile; fileRef = 9EBDE93428E195DD00264AF3 /* PhotoDetailView.swift */; };
		9EBEE6EE28E5C1E000F9FCCC /* LogoView.swift in Sources */ = {isa = PBXBuildFile; fileRef = 9EBEE6ED28E5BF7700F9FCCC /* LogoView.swift */; };
		9EBEE6F128E5E15600F9FCCC /* PrivacyView.swift in Sources */ = {isa = PBXBuildFile; fileRef = 9EBEE6F028E5E15600F9FCCC /* PrivacyView.swift */; };
		9EBEE6F428E5EB7000F9FCCC /* GoogleService-Info.plist in Resources */ = {isa = PBXBuildFile; fileRef = 9EBEE6F328E5EB7000F9FCCC /* GoogleService-Info.plist */; };
		9EC7DA8C292CB52F0031739C /* MemoriesView.swift in Sources */ = {isa = PBXBuildFile; fileRef = 9EC7DA8B292CB52F0031739C /* MemoriesView.swift */; };
		9EC7DA8E292CBA770031739C /* PhotoService.swift in Sources */ = {isa = PBXBuildFile; fileRef = 9EC7DA8D292CBA770031739C /* PhotoService.swift */; };
		9ECC33532918EB610007C9C9 /* DiscoverView.swift in Sources */ = {isa = PBXBuildFile; fileRef = 9ECC33522918EB610007C9C9 /* DiscoverView.swift */; };
		9ECC33562918EBBE0007C9C9 /* ProfileView.swift in Sources */ = {isa = PBXBuildFile; fileRef = 9ECC33552918EBBE0007C9C9 /* ProfileView.swift */; };
		9ECC335B2918EDB50007C9C9 /* de in Resources */ = {isa = PBXBuildFile; fileRef = 9ECC33592918EDB50007C9C9 /* de */; };
		9ECC335C2918EDB50007C9C9 /* en in Resources */ = {isa = PBXBuildFile; fileRef = 9ECC335A2918EDB50007C9C9 /* en */; };
		9ECC335F2918EEC90007C9C9 /* FriendsView.swift in Sources */ = {isa = PBXBuildFile; fileRef = 9ECC335E2918EEC90007C9C9 /* FriendsView.swift */; };
		9ECC33612918F3B90007C9C9 /* FriendsViewModel.swift in Sources */ = {isa = PBXBuildFile; fileRef = 9ECC33602918F3B90007C9C9 /* FriendsViewModel.swift */; };
		9ECC336429190BEB0007C9C9 /* AlertToast in Frameworks */ = {isa = PBXBuildFile; productRef = 9ECC336329190BEB0007C9C9 /* AlertToast */; };
		9ECC33662919283C0007C9C9 /* DiscoverViewModel.swift in Sources */ = {isa = PBXBuildFile; fileRef = 9ECC33652919283C0007C9C9 /* DiscoverViewModel.swift */; };
		9ECC336829192CE30007C9C9 /* DiscoveryUpload.swift in Sources */ = {isa = PBXBuildFile; fileRef = 9ECC336729192CE30007C9C9 /* DiscoveryUpload.swift */; };
		9ECC336A291AEFF90007C9C9 /* DiscoveryView.swift in Sources */ = {isa = PBXBuildFile; fileRef = 9ECC3369291AEFF90007C9C9 /* DiscoveryView.swift */; };
		9ECC3385291EA6200007C9C9 /* AWSCognitoIdentityProvider in Frameworks */ = {isa = PBXBuildFile; productRef = 9ECC3384291EA6200007C9C9 /* AWSCognitoIdentityProvider */; };
		9ECC3387291EA6200007C9C9 /* AWSCore in Frameworks */ = {isa = PBXBuildFile; productRef = 9ECC3386291EA6200007C9C9 /* AWSCore */; };
		9ECC3389291EA6200007C9C9 /* AWSS3 in Frameworks */ = {isa = PBXBuildFile; productRef = 9ECC3388291EA6200007C9C9 /* AWSS3 */; };
		9ECC338B291F52030007C9C9 /* PhotoLibraryService.swift in Sources */ = {isa = PBXBuildFile; fileRef = 9ECC338A291F52030007C9C9 /* PhotoLibraryService.swift */; };
		9ECC338D29203B6B0007C9C9 /* ImageView.swift in Sources */ = {isa = PBXBuildFile; fileRef = 9ECC338C29203B6B0007C9C9 /* ImageView.swift */; };
		9ECC3392292189D10007C9C9 /* NetworkMonitor.swift in Sources */ = {isa = PBXBuildFile; fileRef = 9ECC3391292189D10007C9C9 /* NetworkMonitor.swift */; };
		9ECC339429218B8C0007C9C9 /* NetworkError.swift in Sources */ = {isa = PBXBuildFile; fileRef = 9ECC339329218B8C0007C9C9 /* NetworkError.swift */; };
		9ED25DE829487EAF00438645 /* NotificationSettingsView.swift in Sources */ = {isa = PBXBuildFile; fileRef = 9ED25DE729487EAF00438645 /* NotificationSettingsView.swift */; };
		9ED25DEA29488A8000438645 /* SettingsDetailView.swift in Sources */ = {isa = PBXBuildFile; fileRef = 9ED25DE929488A8000438645 /* SettingsDetailView.swift */; };
		9ED25DEC2948A35300438645 /* SettingsRow.swift in Sources */ = {isa = PBXBuildFile; fileRef = 9ED25DEB2948A35300438645 /* SettingsRow.swift */; };
		9EDD18A028ECC858004DC8A6 /* ShareToiMessageView.swift in Sources */ = {isa = PBXBuildFile; fileRef = 9EDD189F28ECC858004DC8A6 /* ShareToiMessageView.swift */; };
		9EDD18A528EE23F2004DC8A6 /* ShareView.swift in Sources */ = {isa = PBXBuildFile; fileRef = 9EDD18A428EE23F2004DC8A6 /* ShareView.swift */; };
		9EF932AE295E8B6D00E98193 /* Rate.swift in Sources */ = {isa = PBXBuildFile; fileRef = 9EF932AD295E8B6D00E98193 /* Rate.swift */; };
		9EF932B2295FAC9A00E98193 /* ImageCropper.swift in Sources */ = {isa = PBXBuildFile; fileRef = 9EF932B1295FAC9A00E98193 /* ImageCropper.swift */; };
		9EF932B5295FAD2700E98193 /* Mantis in Frameworks */ = {isa = PBXBuildFile; productRef = 9EF932B4295FAD2700E98193 /* Mantis */; };
/* End PBXBuildFile section */

/* Begin PBXContainerItemProxy section */
		9EAADB4228E3968600F93097 /* PBXContainerItemProxy */ = {
			isa = PBXContainerItemProxy;
			containerPortal = 9EBDE8CA28DDD58A00264AF3 /* Project object */;
			proxyType = 1;
			remoteGlobalIDString = 9EAADB3228E3968400F93097;
			remoteInfo = LYwidgetExtension;
		};
/* End PBXContainerItemProxy section */

/* Begin PBXCopyFilesBuildPhase section */
		9EAADB4828E3968600F93097 /* Embed Foundation Extensions */ = {
			isa = PBXCopyFilesBuildPhase;
			buildActionMask = 2147483647;
			dstPath = "";
			dstSubfolderSpec = 13;
			files = (
				9EAADB4428E3968600F93097 /* LYwidgetExtension.appex in Embed Foundation Extensions */,
			);
			name = "Embed Foundation Extensions";
			runOnlyForDeploymentPostprocessing = 0;
		};
/* End PBXCopyFilesBuildPhase section */

/* Begin PBXFileReference section */
		9E01BF1F2924D9E300749C29 /* FriendRowView.swift */ = {isa = PBXFileReference; lastKnownFileType = sourcecode.swift; path = FriendRowView.swift; sourceTree = "<group>"; };
		9E01BF212924DB4A00749C29 /* RecommendationRowView.swift */ = {isa = PBXFileReference; lastKnownFileType = sourcecode.swift; path = RecommendationRowView.swift; sourceTree = "<group>"; };
		9E01BF232924DBC200749C29 /* FriendRequestRow.swift */ = {isa = PBXFileReference; lastKnownFileType = sourcecode.swift; path = FriendRequestRow.swift; sourceTree = "<group>"; };
		9E272810290B357D000C2E64 /* FeedView.swift */ = {isa = PBXFileReference; lastKnownFileType = sourcecode.swift; path = FeedView.swift; sourceTree = "<group>"; };
		9E272816290C50AC000C2E64 /* FriendLastYear.swift */ = {isa = PBXFileReference; lastKnownFileType = sourcecode.swift; path = FriendLastYear.swift; sourceTree = "<group>"; };
		9E5528972930F44600134728 /* FeedViewModel.swift */ = {isa = PBXFileReference; lastKnownFileType = sourcecode.swift; path = FeedViewModel.swift; sourceTree = "<group>"; };
		9E6461A42921AC5000F4141C /* ImagePicker.swift */ = {isa = PBXFileReference; lastKnownFileType = sourcecode.swift; path = ImagePicker.swift; sourceTree = "<group>"; };
		9E6461A62922076200F4141C /* UserView.swift */ = {isa = PBXFileReference; lastKnownFileType = sourcecode.swift; path = UserView.swift; sourceTree = "<group>"; };
		9E6A85AC2902BA8A008EBAFE /* CredentialsHandler.swift */ = {isa = PBXFileReference; lastKnownFileType = sourcecode.swift; path = CredentialsHandler.swift; sourceTree = "<group>"; };
		9E74FFB5296BD5C6001D545B /* HomeView.swift */ = {isa = PBXFileReference; lastKnownFileType = sourcecode.swift; path = HomeView.swift; sourceTree = "<group>"; };
		9E835E78293540DF0098810A /* HappyPanel.swift */ = {isa = PBXFileReference; lastKnownFileType = sourcecode.swift; path = HappyPanel.swift; sourceTree = "<group>"; };
		9E835E7D293545C30098810A /* Shared */ = {isa = PBXFileReference; lastKnownFileType = wrapper; name = Shared; path = "../../Downloads/HappyPanel-master/Shared"; sourceTree = "<group>"; };
		9E852453295A0DEF00B4D550 /* ShareLastYearView.swift */ = {isa = PBXFileReference; lastKnownFileType = sourcecode.swift; path = ShareLastYearView.swift; sourceTree = "<group>"; };
		9E98039128E1C8770036AFEC /* PermissionHandler.swift */ = {isa = PBXFileReference; lastKnownFileType = sourcecode.swift; path = PermissionHandler.swift; sourceTree = "<group>"; };
		9EAADB1D28E1E03D00F93097 /* PhotosViewModel.swift */ = {isa = PBXFileReference; lastKnownFileType = sourcecode.swift; path = PhotosViewModel.swift; sourceTree = "<group>"; };
		9EAADB1F28E1F86C00F93097 /* AllPhotosView.swift */ = {isa = PBXFileReference; lastKnownFileType = sourcecode.swift; path = AllPhotosView.swift; sourceTree = "<group>"; };
		9EAADB2128E2633B00F93097 /* Formatters.swift */ = {isa = PBXFileReference; lastKnownFileType = sourcecode.swift; path = Formatters.swift; sourceTree = "<group>"; };
		9EAADB2828E2FBD000F93097 /* SettingsView.swift */ = {isa = PBXFileReference; lastKnownFileType = sourcecode.swift; path = SettingsView.swift; sourceTree = "<group>"; };
		9EAADB2A28E37A4A00F93097 /* NotificationPermissionView.swift */ = {isa = PBXFileReference; lastKnownFileType = sourcecode.swift; path = NotificationPermissionView.swift; sourceTree = "<group>"; };
		9EAADB2C28E37FED00F93097 /* NotificationCenter.swift */ = {isa = PBXFileReference; lastKnownFileType = sourcecode.swift; path = NotificationCenter.swift; sourceTree = "<group>"; };
		9EAADB3328E3968400F93097 /* LYwidgetExtension.appex */ = {isa = PBXFileReference; explicitFileType = "wrapper.app-extension"; includeInIndex = 0; path = LYwidgetExtension.appex; sourceTree = BUILT_PRODUCTS_DIR; };
		9EAADB3528E3968400F93097 /* WidgetKit.framework */ = {isa = PBXFileReference; lastKnownFileType = wrapper.framework; name = WidgetKit.framework; path = System/Library/Frameworks/WidgetKit.framework; sourceTree = SDKROOT; };
		9EAADB3728E3968400F93097 /* SwiftUI.framework */ = {isa = PBXFileReference; lastKnownFileType = wrapper.framework; name = SwiftUI.framework; path = System/Library/Frameworks/SwiftUI.framework; sourceTree = SDKROOT; };
		9EAADB3A28E3968400F93097 /* LYwidget.swift */ = {isa = PBXFileReference; lastKnownFileType = sourcecode.swift; path = LYwidget.swift; sourceTree = "<group>"; };
		9EAADB3D28E3968600F93097 /* Assets.xcassets */ = {isa = PBXFileReference; lastKnownFileType = folder.assetcatalog; path = Assets.xcassets; sourceTree = "<group>"; };
		9EAADB3F28E3968600F93097 /* Info.plist */ = {isa = PBXFileReference; lastKnownFileType = text.plist.xml; path = Info.plist; sourceTree = "<group>"; };
		9EAADB4B28E3976900F93097 /* Helper.swift */ = {isa = PBXFileReference; lastKnownFileType = sourcecode.swift; path = Helper.swift; sourceTree = "<group>"; };
		9EAADB4E28E426B700F93097 /* LastYear.entitlements */ = {isa = PBXFileReference; lastKnownFileType = text.plist.entitlements; path = LastYear.entitlements; sourceTree = "<group>"; };
		9EAADB4F28E426EC00F93097 /* LYwidgetExtension.entitlements */ = {isa = PBXFileReference; lastKnownFileType = text.plist.entitlements; path = LYwidgetExtension.entitlements; sourceTree = "<group>"; };
		9EBDE8D228DDD58A00264AF3 /* LastYear.app */ = {isa = PBXFileReference; explicitFileType = wrapper.application; includeInIndex = 0; path = LastYear.app; sourceTree = BUILT_PRODUCTS_DIR; };
		9EBDE8D528DDD58A00264AF3 /* LastYearApp.swift */ = {isa = PBXFileReference; lastKnownFileType = sourcecode.swift; path = LastYearApp.swift; sourceTree = "<group>"; };
		9EBDE8D728DDD58A00264AF3 /* MainView.swift */ = {isa = PBXFileReference; lastKnownFileType = sourcecode.swift; path = MainView.swift; sourceTree = "<group>"; };
		9EBDE8D928DDD58C00264AF3 /* Assets.xcassets */ = {isa = PBXFileReference; lastKnownFileType = folder.assetcatalog; path = Assets.xcassets; sourceTree = "<group>"; };
		9EBDE8DC28DDD58C00264AF3 /* Preview Assets.xcassets */ = {isa = PBXFileReference; lastKnownFileType = folder.assetcatalog; path = "Preview Assets.xcassets"; sourceTree = "<group>"; };
		9EBDE8E328DDDCE900264AF3 /* PhotoCard.swift */ = {isa = PBXFileReference; lastKnownFileType = sourcecode.swift; path = PhotoCard.swift; sourceTree = "<group>"; };
		9EBDE8E528DDDD4B00264AF3 /* PhotoData.swift */ = {isa = PBXFileReference; lastKnownFileType = sourcecode.swift; path = PhotoData.swift; sourceTree = "<group>"; };
		9EBDE8E828DDED0800264AF3 /* WelcomeView.swift */ = {isa = PBXFileReference; lastKnownFileType = sourcecode.swift; path = WelcomeView.swift; sourceTree = "<group>"; };
		9EBDE8EB28DDEF2F00264AF3 /* Poppins-LightItalic.ttf */ = {isa = PBXFileReference; lastKnownFileType = file; path = "Poppins-LightItalic.ttf"; sourceTree = "<group>"; };
		9EBDE8EC28DDEF2F00264AF3 /* Poppins-ExtraBold.ttf */ = {isa = PBXFileReference; lastKnownFileType = file; path = "Poppins-ExtraBold.ttf"; sourceTree = "<group>"; };
		9EBDE8ED28DDEF2F00264AF3 /* Poppins-ExtraLightItalic.ttf */ = {isa = PBXFileReference; lastKnownFileType = file; path = "Poppins-ExtraLightItalic.ttf"; sourceTree = "<group>"; };
		9EBDE8EE28DDEF2F00264AF3 /* Poppins-ExtraBoldItalic.ttf */ = {isa = PBXFileReference; lastKnownFileType = file; path = "Poppins-ExtraBoldItalic.ttf"; sourceTree = "<group>"; };
		9EBDE8EF28DDEF2F00264AF3 /* Poppins-Italic.ttf */ = {isa = PBXFileReference; lastKnownFileType = file; path = "Poppins-Italic.ttf"; sourceTree = "<group>"; };
		9EBDE8F028DDEF2F00264AF3 /* Poppins-BlackItalic.ttf */ = {isa = PBXFileReference; lastKnownFileType = file; path = "Poppins-BlackItalic.ttf"; sourceTree = "<group>"; };
		9EBDE8F128DDEF2F00264AF3 /* Poppins-Medium.ttf */ = {isa = PBXFileReference; lastKnownFileType = file; path = "Poppins-Medium.ttf"; sourceTree = "<group>"; };
		9EBDE8F228DDEF2F00264AF3 /* Poppins-ExtraLight.ttf */ = {isa = PBXFileReference; lastKnownFileType = file; path = "Poppins-ExtraLight.ttf"; sourceTree = "<group>"; };
		9EBDE8F328DDEF2F00264AF3 /* Poppins-Thin.ttf */ = {isa = PBXFileReference; lastKnownFileType = file; path = "Poppins-Thin.ttf"; sourceTree = "<group>"; };
		9EBDE8F428DDEF2F00264AF3 /* OFL.txt */ = {isa = PBXFileReference; fileEncoding = 4; lastKnownFileType = text; path = OFL.txt; sourceTree = "<group>"; };
		9EBDE8F528DDEF2F00264AF3 /* Poppins-Light.ttf */ = {isa = PBXFileReference; lastKnownFileType = file; path = "Poppins-Light.ttf"; sourceTree = "<group>"; };
		9EBDE8F628DDEF2F00264AF3 /* Poppins-BoldItalic.ttf */ = {isa = PBXFileReference; lastKnownFileType = file; path = "Poppins-BoldItalic.ttf"; sourceTree = "<group>"; };
		9EBDE8F728DDEF2F00264AF3 /* Poppins-Black.ttf */ = {isa = PBXFileReference; lastKnownFileType = file; path = "Poppins-Black.ttf"; sourceTree = "<group>"; };
		9EBDE8F828DDEF2F00264AF3 /* Poppins-MediumItalic.ttf */ = {isa = PBXFileReference; lastKnownFileType = file; path = "Poppins-MediumItalic.ttf"; sourceTree = "<group>"; };
		9EBDE8F928DDEF2F00264AF3 /* Poppins-SemiBold.ttf */ = {isa = PBXFileReference; lastKnownFileType = file; path = "Poppins-SemiBold.ttf"; sourceTree = "<group>"; };
		9EBDE8FA28DDEF2F00264AF3 /* Poppins-Bold.ttf */ = {isa = PBXFileReference; lastKnownFileType = file; path = "Poppins-Bold.ttf"; sourceTree = "<group>"; };
		9EBDE8FB28DDEF2F00264AF3 /* Poppins-Regular.ttf */ = {isa = PBXFileReference; lastKnownFileType = file; path = "Poppins-Regular.ttf"; sourceTree = "<group>"; };
		9EBDE8FC28DDEF2F00264AF3 /* Poppins-SemiBoldItalic.ttf */ = {isa = PBXFileReference; lastKnownFileType = file; path = "Poppins-SemiBoldItalic.ttf"; sourceTree = "<group>"; };
		9EBDE8FD28DDEF2F00264AF3 /* Poppins-ThinItalic.ttf */ = {isa = PBXFileReference; lastKnownFileType = file; path = "Poppins-ThinItalic.ttf"; sourceTree = "<group>"; };
		9EBDE91128DDEF9200264AF3 /* Info.plist */ = {isa = PBXFileReference; lastKnownFileType = text.plist; path = Info.plist; sourceTree = "<group>"; };
		9EBDE91428DDF44C00264AF3 /* ChoseAuthView.swift */ = {isa = PBXFileReference; lastKnownFileType = sourcecode.swift; path = ChoseAuthView.swift; sourceTree = "<group>"; };
		9EBDE91628DDF8FE00264AF3 /* EmailView.swift */ = {isa = PBXFileReference; lastKnownFileType = sourcecode.swift; path = EmailView.swift; sourceTree = "<group>"; };
		9EBDE91B28DDFD4200264AF3 /* LoginView.swift */ = {isa = PBXFileReference; lastKnownFileType = sourcecode.swift; path = LoginView.swift; sourceTree = "<group>"; };
		9EBDE92828DE021200264AF3 /* FirebaseHandler.swift */ = {isa = PBXFileReference; lastKnownFileType = sourcecode.swift; path = FirebaseHandler.swift; sourceTree = "<group>"; };
		9EBDE92A28DE0EEA00264AF3 /* PasswordView.swift */ = {isa = PBXFileReference; lastKnownFileType = sourcecode.swift; path = PasswordView.swift; sourceTree = "<group>"; };
		9EBDE92C28DE507600264AF3 /* LYUser.swift */ = {isa = PBXFileReference; lastKnownFileType = sourcecode.swift; path = LYUser.swift; sourceTree = "<group>"; };
		9EBDE92E28DE54BA00264AF3 /* AuthService.swift */ = {isa = PBXFileReference; lastKnownFileType = sourcecode.swift; path = AuthService.swift; sourceTree = "<group>"; };
		9EBDE93028DE660F00264AF3 /* LoadingView.swift */ = {isa = PBXFileReference; lastKnownFileType = sourcecode.swift; path = LoadingView.swift; sourceTree = "<group>"; };
		9EBDE93228E18DCE00264AF3 /* PermissionView.swift */ = {isa = PBXFileReference; lastKnownFileType = sourcecode.swift; path = PermissionView.swift; sourceTree = "<group>"; };
		9EBDE93428E195DD00264AF3 /* PhotoDetailView.swift */ = {isa = PBXFileReference; lastKnownFileType = sourcecode.swift; path = PhotoDetailView.swift; sourceTree = "<group>"; };
		9EBEE6ED28E5BF7700F9FCCC /* LogoView.swift */ = {isa = PBXFileReference; lastKnownFileType = sourcecode.swift; path = LogoView.swift; sourceTree = "<group>"; };
		9EBEE6F028E5E15600F9FCCC /* PrivacyView.swift */ = {isa = PBXFileReference; lastKnownFileType = sourcecode.swift; path = PrivacyView.swift; sourceTree = "<group>"; };
		9EBEE6F328E5EB7000F9FCCC /* GoogleService-Info.plist */ = {isa = PBXFileReference; fileEncoding = 4; lastKnownFileType = text.plist.xml; path = "GoogleService-Info.plist"; sourceTree = "<group>"; };
		9EC7DA8B292CB52F0031739C /* MemoriesView.swift */ = {isa = PBXFileReference; fileEncoding = 4; lastKnownFileType = sourcecode.swift; path = MemoriesView.swift; sourceTree = "<group>"; };
		9EC7DA8D292CBA770031739C /* PhotoService.swift */ = {isa = PBXFileReference; lastKnownFileType = sourcecode.swift; path = PhotoService.swift; sourceTree = "<group>"; };
		9ECC33522918EB610007C9C9 /* DiscoverView.swift */ = {isa = PBXFileReference; lastKnownFileType = sourcecode.swift; path = DiscoverView.swift; sourceTree = "<group>"; };
		9ECC33552918EBBE0007C9C9 /* ProfileView.swift */ = {isa = PBXFileReference; lastKnownFileType = sourcecode.swift; path = ProfileView.swift; sourceTree = "<group>"; };
		9ECC33592918EDB50007C9C9 /* de */ = {isa = PBXFileReference; fileEncoding = 4; lastKnownFileType = text; path = de; sourceTree = "<group>"; };
		9ECC335A2918EDB50007C9C9 /* en */ = {isa = PBXFileReference; fileEncoding = 4; lastKnownFileType = text; path = en; sourceTree = "<group>"; };
		9ECC335E2918EEC90007C9C9 /* FriendsView.swift */ = {isa = PBXFileReference; lastKnownFileType = sourcecode.swift; path = FriendsView.swift; sourceTree = "<group>"; };
		9ECC33602918F3B90007C9C9 /* FriendsViewModel.swift */ = {isa = PBXFileReference; lastKnownFileType = sourcecode.swift; path = FriendsViewModel.swift; sourceTree = "<group>"; };
		9ECC33652919283C0007C9C9 /* DiscoverViewModel.swift */ = {isa = PBXFileReference; lastKnownFileType = sourcecode.swift; path = DiscoverViewModel.swift; sourceTree = "<group>"; };
		9ECC336729192CE30007C9C9 /* DiscoveryUpload.swift */ = {isa = PBXFileReference; lastKnownFileType = sourcecode.swift; path = DiscoveryUpload.swift; sourceTree = "<group>"; };
		9ECC3369291AEFF90007C9C9 /* DiscoveryView.swift */ = {isa = PBXFileReference; lastKnownFileType = sourcecode.swift; path = DiscoveryView.swift; sourceTree = "<group>"; };
		9ECC338A291F52030007C9C9 /* PhotoLibraryService.swift */ = {isa = PBXFileReference; lastKnownFileType = sourcecode.swift; path = PhotoLibraryService.swift; sourceTree = "<group>"; };
		9ECC338C29203B6B0007C9C9 /* ImageView.swift */ = {isa = PBXFileReference; lastKnownFileType = sourcecode.swift; path = ImageView.swift; sourceTree = "<group>"; };
		9ECC3391292189D10007C9C9 /* NetworkMonitor.swift */ = {isa = PBXFileReference; lastKnownFileType = sourcecode.swift; path = NetworkMonitor.swift; sourceTree = "<group>"; };
		9ECC339329218B8C0007C9C9 /* NetworkError.swift */ = {isa = PBXFileReference; lastKnownFileType = sourcecode.swift; path = NetworkError.swift; sourceTree = "<group>"; };
		9ED25DE729487EAF00438645 /* NotificationSettingsView.swift */ = {isa = PBXFileReference; lastKnownFileType = sourcecode.swift; path = NotificationSettingsView.swift; sourceTree = "<group>"; };
		9ED25DE929488A8000438645 /* SettingsDetailView.swift */ = {isa = PBXFileReference; lastKnownFileType = sourcecode.swift; path = SettingsDetailView.swift; sourceTree = "<group>"; };
		9ED25DEB2948A35300438645 /* SettingsRow.swift */ = {isa = PBXFileReference; lastKnownFileType = sourcecode.swift; path = SettingsRow.swift; sourceTree = "<group>"; };
		9EDD189F28ECC858004DC8A6 /* ShareToiMessageView.swift */ = {isa = PBXFileReference; lastKnownFileType = sourcecode.swift; path = ShareToiMessageView.swift; sourceTree = "<group>"; };
		9EDD18A428EE23F2004DC8A6 /* ShareView.swift */ = {isa = PBXFileReference; lastKnownFileType = sourcecode.swift; path = ShareView.swift; sourceTree = "<group>"; };
		9EF932AD295E8B6D00E98193 /* Rate.swift */ = {isa = PBXFileReference; lastKnownFileType = sourcecode.swift; path = Rate.swift; sourceTree = "<group>"; };
		9EF932B1295FAC9A00E98193 /* ImageCropper.swift */ = {isa = PBXFileReference; lastKnownFileType = sourcecode.swift; path = ImageCropper.swift; sourceTree = "<group>"; };
/* End PBXFileReference section */

/* Begin PBXFrameworksBuildPhase section */
		9EAADB3028E3968400F93097 /* Frameworks */ = {
			isa = PBXFrameworksBuildPhase;
			buildActionMask = 2147483647;
			files = (
				9EAADB3828E3968400F93097 /* SwiftUI.framework in Frameworks */,
				9EAADB3628E3968400F93097 /* WidgetKit.framework in Frameworks */,
			);
			runOnlyForDeploymentPostprocessing = 0;
		};
		9EBDE8CF28DDD58A00264AF3 /* Frameworks */ = {
			isa = PBXFrameworksBuildPhase;
			buildActionMask = 2147483647;
			files = (
				9EF932B5295FAD2700E98193 /* Mantis in Frameworks */,
				9E272815290B4671000C2E64 /* FirebaseMessaging in Frameworks */,
				9EBDE92328DDFFEB00264AF3 /* FirebaseCrashlytics in Frameworks */,
				9E27280C2903FEFA000C2E64 /* ImageViewer in Frameworks */,
				9ECC3385291EA6200007C9C9 /* AWSCognitoIdentityProvider in Frameworks */,
				9EBDE92528DDFFEB00264AF3 /* FirebaseFirestore in Frameworks */,
				9E835E7F2935460B0098810A /* Shared in Frameworks */,
				9E272819290C5371000C2E64 /* FirebaseStorage in Frameworks */,
				9ECC3389291EA6200007C9C9 /* AWSS3 in Frameworks */,
				9ECC336429190BEB0007C9C9 /* AlertToast in Frameworks */,
				9EBDE91F28DDFFEB00264AF3 /* FirebaseAnalytics in Frameworks */,
				9EBDE92128DDFFEB00264AF3 /* FirebaseAuth in Frameworks */,
				9ECC3387291EA6200007C9C9 /* AWSCore in Frameworks */,
			);
			runOnlyForDeploymentPostprocessing = 0;
		};
/* End PBXFrameworksBuildPhase section */

/* Begin PBXGroup section */
		9E017C4C29119A7C004C3304 /* Strings */ = {
			isa = PBXGroup;
			children = (
				9ECC33592918EDB50007C9C9 /* de */,
				9ECC335A2918EDB50007C9C9 /* en */,
			);
			path = Strings;
			sourceTree = "<group>";
		};
		9E27280F290B3564000C2E64 /* Friends */ = {
			isa = PBXGroup;
			children = (
				9ECC335E2918EEC90007C9C9 /* FriendsView.swift */,
				9ECC33602918F3B90007C9C9 /* FriendsViewModel.swift */,
				9E01BF1F2924D9E300749C29 /* FriendRowView.swift */,
				9E01BF212924DB4A00749C29 /* RecommendationRowView.swift */,
				9E01BF232924DBC200749C29 /* FriendRequestRow.swift */,
			);
			path = Friends;
			sourceTree = "<group>";
		};
		9E835E7A293543BF0098810A /* Packages */ = {
			isa = PBXGroup;
			children = (
				9E835E7D293545C30098810A /* Shared */,
			);
			name = Packages;
			sourceTree = "<group>";
		};
		9EAADB2328E2681400F93097 /* Photo */ = {
			isa = PBXGroup;
			children = (
				9EC7DA8B292CB52F0031739C /* MemoriesView.swift */,
				9EDD189F28ECC858004DC8A6 /* ShareToiMessageView.swift */,
				9EAADB1D28E1E03D00F93097 /* PhotosViewModel.swift */,
				9EBDE8E528DDDD4B00264AF3 /* PhotoData.swift */,
				9ECC338C29203B6B0007C9C9 /* ImageView.swift */,
				9EBDE93428E195DD00264AF3 /* PhotoDetailView.swift */,
				9E852453295A0DEF00B4D550 /* ShareLastYearView.swift */,
				9EAADB1F28E1F86C00F93097 /* AllPhotosView.swift */,
				9ECC338A291F52030007C9C9 /* PhotoLibraryService.swift */,
				9EBDE8E328DDDCE900264AF3 /* PhotoCard.swift */,
				9EF932B1295FAC9A00E98193 /* ImageCropper.swift */,
			);
			path = Photo;
			sourceTree = "<group>";
		};
		9EAADB2428E2683900F93097 /* Network */ = {
			isa = PBXGroup;
			children = (
				9EAADB2C28E37FED00F93097 /* NotificationCenter.swift */,
				9EBDE92828DE021200264AF3 /* FirebaseHandler.swift */,
				9ECC3391292189D10007C9C9 /* NetworkMonitor.swift */,
				9ECC339329218B8C0007C9C9 /* NetworkError.swift */,
				9EC7DA8D292CBA770031739C /* PhotoService.swift */,
			);
			path = Network;
			sourceTree = "<group>";
		};
		9EAADB2528E2685900F93097 /* Main */ = {
			isa = PBXGroup;
			children = (
				9EBDE92C28DE507600264AF3 /* LYUser.swift */,
				9EBDE8D728DDD58A00264AF3 /* MainView.swift */,
				9EBDE8D528DDD58A00264AF3 /* LastYearApp.swift */,
				9EBDE93028DE660F00264AF3 /* LoadingView.swift */,
			);
			path = Main;
			sourceTree = "<group>";
		};
		9EAADB2E28E3949F00F93097 /* Permissions */ = {
			isa = PBXGroup;
			children = (
				9EBDE93228E18DCE00264AF3 /* PermissionView.swift */,
				9E98039128E1C8770036AFEC /* PermissionHandler.swift */,
				9EAADB2A28E37A4A00F93097 /* NotificationPermissionView.swift */,
			);
			path = Permissions;
			sourceTree = "<group>";
		};
		9EAADB3428E3968400F93097 /* Frameworks */ = {
			isa = PBXGroup;
			children = (
				9EAADB3528E3968400F93097 /* WidgetKit.framework */,
				9EAADB3728E3968400F93097 /* SwiftUI.framework */,
			);
			name = Frameworks;
			sourceTree = "<group>";
		};
		9EAADB3928E3968400F93097 /* LYwidget */ = {
			isa = PBXGroup;
			children = (
				9EAADB3A28E3968400F93097 /* LYwidget.swift */,
				9EAADB3D28E3968600F93097 /* Assets.xcassets */,
				9EAADB3F28E3968600F93097 /* Info.plist */,
			);
			path = LYwidget;
			sourceTree = "<group>";
		};
		9EBDE8C928DDD58A00264AF3 = {
			isa = PBXGroup;
			children = (
				9E835E7A293543BF0098810A /* Packages */,
				9EAADB4F28E426EC00F93097 /* LYwidgetExtension.entitlements */,
				9EBDE8D428DDD58A00264AF3 /* LastYear */,
				9EAADB3928E3968400F93097 /* LYwidget */,
				9EAADB3428E3968400F93097 /* Frameworks */,
				9EBDE8D328DDD58A00264AF3 /* Products */,
			);
			sourceTree = "<group>";
		};
		9EBDE8D328DDD58A00264AF3 /* Products */ = {
			isa = PBXGroup;
			children = (
				9EBDE8D228DDD58A00264AF3 /* LastYear.app */,
				9EAADB3328E3968400F93097 /* LYwidgetExtension.appex */,
			);
			name = Products;
			sourceTree = "<group>";
		};
		9EBDE8D428DDD58A00264AF3 /* LastYear */ = {
			isa = PBXGroup;
			children = (
				9EAADB4E28E426B700F93097 /* LastYear.entitlements */,
				9EAADB2E28E3949F00F93097 /* Permissions */,
				9EAADB2428E2683900F93097 /* Network */,
				9EBDE91128DDEF9200264AF3 /* Info.plist */,
				9EBDE8EA28DDEED400264AF3 /* Font */,
				9EBDE8E728DDECED00264AF3 /* Welcome */,
				9EBDE91328DDF44100264AF3 /* Login */,
				9EBDE91A28DDFCC300264AF3 /* Register */,
				9EDD18A328EE23DA004DC8A6 /* Share */,
				9E27280F290B3564000C2E64 /* Friends */,
				9ECC335D2918EE800007C9C9 /* Feed */,
				9ECC33512918EB4D0007C9C9 /* Discover */,
				9EAADB2328E2681400F93097 /* Photo */,
				9ECC33542918EBB30007C9C9 /* Profile */,
				9EBEE6F228E5E45E00F9FCCC /* Settings */,
				9EAADB2528E2685900F93097 /* Main */,
				9EAADB2128E2633B00F93097 /* Formatters.swift */,
				9EBEE6ED28E5BF7700F9FCCC /* LogoView.swift */,
				9EBDE8D928DDD58C00264AF3 /* Assets.xcassets */,
				9EBEE6F328E5EB7000F9FCCC /* GoogleService-Info.plist */,
				9E017C4C29119A7C004C3304 /* Strings */,
				9EBDE8DB28DDD58C00264AF3 /* Preview Content */,
				9EAADB4B28E3976900F93097 /* Helper.swift */,
			);
			path = LastYear;
			sourceTree = "<group>";
		};
		9EBDE8DB28DDD58C00264AF3 /* Preview Content */ = {
			isa = PBXGroup;
			children = (
				9EBDE8DC28DDD58C00264AF3 /* Preview Assets.xcassets */,
			);
			path = "Preview Content";
			sourceTree = "<group>";
		};
		9EBDE8E728DDECED00264AF3 /* Welcome */ = {
			isa = PBXGroup;
			children = (
				9EBDE8E828DDED0800264AF3 /* WelcomeView.swift */,
				9EBDE91428DDF44C00264AF3 /* ChoseAuthView.swift */,
				9EBDE92E28DE54BA00264AF3 /* AuthService.swift */,
			);
			path = Welcome;
			sourceTree = "<group>";
		};
		9EBDE8EA28DDEED400264AF3 /* Font */ = {
			isa = PBXGroup;
			children = (
				9EBDE8F428DDEF2F00264AF3 /* OFL.txt */,
				9EBDE8F728DDEF2F00264AF3 /* Poppins-Black.ttf */,
				9EBDE8F028DDEF2F00264AF3 /* Poppins-BlackItalic.ttf */,
				9EBDE8FA28DDEF2F00264AF3 /* Poppins-Bold.ttf */,
				9EBDE8F628DDEF2F00264AF3 /* Poppins-BoldItalic.ttf */,
				9EBDE8EC28DDEF2F00264AF3 /* Poppins-ExtraBold.ttf */,
				9EBDE8EE28DDEF2F00264AF3 /* Poppins-ExtraBoldItalic.ttf */,
				9EBDE8F228DDEF2F00264AF3 /* Poppins-ExtraLight.ttf */,
				9EBDE8ED28DDEF2F00264AF3 /* Poppins-ExtraLightItalic.ttf */,
				9EBDE8EF28DDEF2F00264AF3 /* Poppins-Italic.ttf */,
				9EBDE8F528DDEF2F00264AF3 /* Poppins-Light.ttf */,
				9EBDE8EB28DDEF2F00264AF3 /* Poppins-LightItalic.ttf */,
				9EBDE8F128DDEF2F00264AF3 /* Poppins-Medium.ttf */,
				9EBDE8F828DDEF2F00264AF3 /* Poppins-MediumItalic.ttf */,
				9EBDE8FB28DDEF2F00264AF3 /* Poppins-Regular.ttf */,
				9EBDE8F928DDEF2F00264AF3 /* Poppins-SemiBold.ttf */,
				9EBDE8FC28DDEF2F00264AF3 /* Poppins-SemiBoldItalic.ttf */,
				9EBDE8F328DDEF2F00264AF3 /* Poppins-Thin.ttf */,
				9EBDE8FD28DDEF2F00264AF3 /* Poppins-ThinItalic.ttf */,
			);
			path = Font;
			sourceTree = "<group>";
		};
		9EBDE91328DDF44100264AF3 /* Login */ = {
			isa = PBXGroup;
			children = (
				9EBDE91B28DDFD4200264AF3 /* LoginView.swift */,
				9E6A85AC2902BA8A008EBAFE /* CredentialsHandler.swift */,
			);
			path = Login;
			sourceTree = "<group>";
		};
		9EBDE91A28DDFCC300264AF3 /* Register */ = {
			isa = PBXGroup;
			children = (
				9EBDE91628DDF8FE00264AF3 /* EmailView.swift */,
				9EBDE92A28DE0EEA00264AF3 /* PasswordView.swift */,
			);
			path = Register;
			sourceTree = "<group>";
		};
		9EBEE6F228E5E45E00F9FCCC /* Settings */ = {
			isa = PBXGroup;
			children = (
				9ED25DE929488A8000438645 /* SettingsDetailView.swift */,
				9EBEE6F028E5E15600F9FCCC /* PrivacyView.swift */,
				9EAADB2828E2FBD000F93097 /* SettingsView.swift */,
				9ED25DE729487EAF00438645 /* NotificationSettingsView.swift */,
				9ED25DEB2948A35300438645 /* SettingsRow.swift */,
				9EF932AD295E8B6D00E98193 /* Rate.swift */,
			);
			path = Settings;
			sourceTree = "<group>";
		};
		9ECC33512918EB4D0007C9C9 /* Discover */ = {
			isa = PBXGroup;
			children = (
				9ECC33522918EB610007C9C9 /* DiscoverView.swift */,
				9ECC33652919283C0007C9C9 /* DiscoverViewModel.swift */,
				9ECC336729192CE30007C9C9 /* DiscoveryUpload.swift */,
				9ECC3369291AEFF90007C9C9 /* DiscoveryView.swift */,
				9E835E78293540DF0098810A /* HappyPanel.swift */,
				9E74FFB5296BD5C6001D545B /* HomeView.swift */,
			);
			path = Discover;
			sourceTree = "<group>";
		};
		9ECC33542918EBB30007C9C9 /* Profile */ = {
			isa = PBXGroup;
			children = (
				9ECC33552918EBBE0007C9C9 /* ProfileView.swift */,
				9E6461A42921AC5000F4141C /* ImagePicker.swift */,
				9E6461A62922076200F4141C /* UserView.swift */,
			);
			path = Profile;
			sourceTree = "<group>";
		};
		9ECC335D2918EE800007C9C9 /* Feed */ = {
			isa = PBXGroup;
			children = (
				9E272810290B357D000C2E64 /* FeedView.swift */,
				9E272816290C50AC000C2E64 /* FriendLastYear.swift */,
				9E5528972930F44600134728 /* FeedViewModel.swift */,
			);
			path = Feed;
			sourceTree = "<group>";
		};
		9EDD18A328EE23DA004DC8A6 /* Share */ = {
			isa = PBXGroup;
			children = (
				9EDD18A428EE23F2004DC8A6 /* ShareView.swift */,
			);
			path = Share;
			sourceTree = "<group>";
		};
/* End PBXGroup section */

/* Begin PBXNativeTarget section */
		9EAADB3228E3968400F93097 /* LYwidgetExtension */ = {
			isa = PBXNativeTarget;
			buildConfigurationList = 9EAADB4528E3968600F93097 /* Build configuration list for PBXNativeTarget "LYwidgetExtension" */;
			buildPhases = (
				9EAADB2F28E3968400F93097 /* Sources */,
				9EAADB3028E3968400F93097 /* Frameworks */,
				9EAADB3128E3968400F93097 /* Resources */,
			);
			buildRules = (
			);
			dependencies = (
			);
			name = LYwidgetExtension;
			productName = LYwidgetExtension;
			productReference = 9EAADB3328E3968400F93097 /* LYwidgetExtension.appex */;
			productType = "com.apple.product-type.app-extension";
		};
		9EBDE8D128DDD58A00264AF3 /* LastYear */ = {
			isa = PBXNativeTarget;
			buildConfigurationList = 9EBDE8E028DDD58C00264AF3 /* Build configuration list for PBXNativeTarget "LastYear" */;
			buildPhases = (
				9EBDE8CE28DDD58A00264AF3 /* Sources */,
				9EBDE8CF28DDD58A00264AF3 /* Frameworks */,
				9EBDE8D028DDD58A00264AF3 /* Resources */,
				9EAADB4828E3968600F93097 /* Embed Foundation Extensions */,
			);
			buildRules = (
			);
			dependencies = (
				9EAADB4328E3968600F93097 /* PBXTargetDependency */,
			);
			name = LastYear;
			packageProductDependencies = (
				9EBDE91E28DDFFEB00264AF3 /* FirebaseAnalytics */,
				9EBDE92028DDFFEB00264AF3 /* FirebaseAuth */,
				9EBDE92228DDFFEB00264AF3 /* FirebaseCrashlytics */,
				9EBDE92428DDFFEB00264AF3 /* FirebaseFirestore */,
				9E27280B2903FEFA000C2E64 /* ImageViewer */,
				9E272814290B4671000C2E64 /* FirebaseMessaging */,
				9E272818290C5371000C2E64 /* FirebaseStorage */,
				9ECC336329190BEB0007C9C9 /* AlertToast */,
				9ECC3384291EA6200007C9C9 /* AWSCognitoIdentityProvider */,
				9ECC3386291EA6200007C9C9 /* AWSCore */,
				9ECC3388291EA6200007C9C9 /* AWSS3 */,
				9E835E7E2935460B0098810A /* Shared */,
				9EF932B4295FAD2700E98193 /* Mantis */,
			);
			productName = LastYear;
			productReference = 9EBDE8D228DDD58A00264AF3 /* LastYear.app */;
			productType = "com.apple.product-type.application";
		};
/* End PBXNativeTarget section */

/* Begin PBXProject section */
		9EBDE8CA28DDD58A00264AF3 /* Project object */ = {
			isa = PBXProject;
			attributes = {
				BuildIndependentTargetsInParallel = 1;
				LastSwiftUpdateCheck = 1400;
				LastUpgradeCheck = 1340;
				TargetAttributes = {
					9EAADB3228E3968400F93097 = {
						CreatedOnToolsVersion = 14.0;
					};
					9EBDE8D128DDD58A00264AF3 = {
						CreatedOnToolsVersion = 13.4.1;
					};
				};
			};
			buildConfigurationList = 9EBDE8CD28DDD58A00264AF3 /* Build configuration list for PBXProject "LastYear" */;
			compatibilityVersion = "Xcode 13.0";
			developmentRegion = en;
			hasScannedForEncodings = 0;
			knownRegions = (
				en,
				Base,
				de,
			);
			mainGroup = 9EBDE8C928DDD58A00264AF3;
			packageReferences = (
				9EBDE91D28DDFFEB00264AF3 /* XCRemoteSwiftPackageReference "firebase-ios-sdk" */,
				9E27280A2903FEFA000C2E64 /* XCRemoteSwiftPackageReference "swiftui-image-viewer" */,
				9ECC336229190BEB0007C9C9 /* XCRemoteSwiftPackageReference "AlertToast" */,
				9ECC3383291EA6200007C9C9 /* XCRemoteSwiftPackageReference "aws-sdk-ios-spm" */,
				9EF932B3295FAD2700E98193 /* XCRemoteSwiftPackageReference "Mantis" */,
			);
			productRefGroup = 9EBDE8D328DDD58A00264AF3 /* Products */;
			projectDirPath = "";
			projectRoot = "";
			targets = (
				9EBDE8D128DDD58A00264AF3 /* LastYear */,
				9EAADB3228E3968400F93097 /* LYwidgetExtension */,
			);
		};
/* End PBXProject section */

/* Begin PBXResourcesBuildPhase section */
		9EAADB3128E3968400F93097 /* Resources */ = {
			isa = PBXResourcesBuildPhase;
			buildActionMask = 2147483647;
			files = (
				9EAADB3E28E3968600F93097 /* Assets.xcassets in Resources */,
			);
			runOnlyForDeploymentPostprocessing = 0;
		};
		9EBDE8D028DDD58A00264AF3 /* Resources */ = {
			isa = PBXResourcesBuildPhase;
			buildActionMask = 2147483647;
			files = (
				9EBDE90528DDEF2F00264AF3 /* Poppins-ExtraLight.ttf in Resources */,
				9ECC335C2918EDB50007C9C9 /* en in Resources */,
				9EBDE90D28DDEF2F00264AF3 /* Poppins-Bold.ttf in Resources */,
				9EBDE90B28DDEF2F00264AF3 /* Poppins-MediumItalic.ttf in Resources */,
				9EBDE90828DDEF2F00264AF3 /* Poppins-Light.ttf in Resources */,
				9EBDE90128DDEF2F00264AF3 /* Poppins-ExtraBoldItalic.ttf in Resources */,
				9EBDE90F28DDEF2F00264AF3 /* Poppins-SemiBoldItalic.ttf in Resources */,
				9EBDE8FF28DDEF2F00264AF3 /* Poppins-ExtraBold.ttf in Resources */,
				9EBDE90228DDEF2F00264AF3 /* Poppins-Italic.ttf in Resources */,
				9EBDE8DD28DDD58C00264AF3 /* Preview Assets.xcassets in Resources */,
				9EBDE90328DDEF2F00264AF3 /* Poppins-BlackItalic.ttf in Resources */,
				9EBDE90728DDEF2F00264AF3 /* OFL.txt in Resources */,
				9EBDE90028DDEF2F00264AF3 /* Poppins-ExtraLightItalic.ttf in Resources */,
				9EBDE91028DDEF2F00264AF3 /* Poppins-ThinItalic.ttf in Resources */,
				9EBDE90A28DDEF2F00264AF3 /* Poppins-Black.ttf in Resources */,
				9EBDE90928DDEF2F00264AF3 /* Poppins-BoldItalic.ttf in Resources */,
				9EBDE90428DDEF2F00264AF3 /* Poppins-Medium.ttf in Resources */,
				9EBDE8FE28DDEF2F00264AF3 /* Poppins-LightItalic.ttf in Resources */,
				9EBDE90628DDEF2F00264AF3 /* Poppins-Thin.ttf in Resources */,
				9EBDE8DA28DDD58C00264AF3 /* Assets.xcassets in Resources */,
				9EBDE90E28DDEF2F00264AF3 /* Poppins-Regular.ttf in Resources */,
				9ECC335B2918EDB50007C9C9 /* de in Resources */,
				9EBEE6F428E5EB7000F9FCCC /* GoogleService-Info.plist in Resources */,
				9EBDE90C28DDEF2F00264AF3 /* Poppins-SemiBold.ttf in Resources */,
			);
			runOnlyForDeploymentPostprocessing = 0;
		};
/* End PBXResourcesBuildPhase section */

/* Begin PBXSourcesBuildPhase section */
		9EAADB2F28E3968400F93097 /* Sources */ = {
			isa = PBXSourcesBuildPhase;
			buildActionMask = 2147483647;
			files = (
				9EAADB3B28E3968400F93097 /* LYwidget.swift in Sources */,
				9E6A85AB290294B8008EBAFE /* Formatters.swift in Sources */,
				9EAADB4D28E397C500F93097 /* Helper.swift in Sources */,
			);
			runOnlyForDeploymentPostprocessing = 0;
		};
		9EBDE8CE28DDD58A00264AF3 /* Sources */ = {
			isa = PBXSourcesBuildPhase;
			buildActionMask = 2147483647;
			files = (
				9ECC335F2918EEC90007C9C9 /* FriendsView.swift in Sources */,
				9EBDE93328E18DCE00264AF3 /* PermissionView.swift in Sources */,
				9ED25DEA29488A8000438645 /* SettingsDetailView.swift in Sources */,
				9E852454295A0DEF00B4D550 /* ShareLastYearView.swift in Sources */,
				9ECC336A291AEFF90007C9C9 /* DiscoveryView.swift in Sources */,
				9EBEE6F128E5E15600F9FCCC /* PrivacyView.swift in Sources */,
				9EBDE8E928DDED0800264AF3 /* WelcomeView.swift in Sources */,
				9EBDE92B28DE0EEA00264AF3 /* PasswordView.swift in Sources */,
				9EF932AE295E8B6D00E98193 /* Rate.swift in Sources */,
				9ECC33662919283C0007C9C9 /* DiscoverViewModel.swift in Sources */,
				9EBDE8E428DDDCE900264AF3 /* PhotoCard.swift in Sources */,
				9ECC339429218B8C0007C9C9 /* NetworkError.swift in Sources */,
				9EBDE91528DDF44D00264AF3 /* ChoseAuthView.swift in Sources */,
				9ECC33612918F3B90007C9C9 /* FriendsViewModel.swift in Sources */,
				9E6461A52921AC5000F4141C /* ImagePicker.swift in Sources */,
				9EAADB2928E2FBD000F93097 /* SettingsView.swift in Sources */,
				9ECC338D29203B6B0007C9C9 /* ImageView.swift in Sources */,
				9E6A85AD2902BA8A008EBAFE /* CredentialsHandler.swift in Sources */,
				9E74FFB6296BD5C6001D545B /* HomeView.swift in Sources */,
				9EBDE91C28DDFD4200264AF3 /* LoginView.swift in Sources */,
				9EBDE93128DE660F00264AF3 /* LoadingView.swift in Sources */,
				9EBDE91728DDF8FE00264AF3 /* EmailView.swift in Sources */,
				9ED25DE829487EAF00438645 /* NotificationSettingsView.swift in Sources */,
				9E272811290B357D000C2E64 /* FeedView.swift in Sources */,
				9EBDE93528E195DD00264AF3 /* PhotoDetailView.swift in Sources */,
				9ECC33532918EB610007C9C9 /* DiscoverView.swift in Sources */,
				9EAADB1E28E1E03D00F93097 /* PhotosViewModel.swift in Sources */,
				9E01BF202924D9E300749C29 /* FriendRowView.swift in Sources */,
				9EBDE92F28DE54BA00264AF3 /* AuthService.swift in Sources */,
				9EBDE8D828DDD58A00264AF3 /* MainView.swift in Sources */,
				9ED25DEC2948A35300438645 /* SettingsRow.swift in Sources */,
				9ECC336829192CE30007C9C9 /* DiscoveryUpload.swift in Sources */,
				9E6461A72922076200F4141C /* UserView.swift in Sources */,
				9EAADB2D28E37FED00F93097 /* NotificationCenter.swift in Sources */,
				9EBDE92D28DE507600264AF3 /* LYUser.swift in Sources */,
				9EF932B2295FAC9A00E98193 /* ImageCropper.swift in Sources */,
				9EBDE8E628DDDD4B00264AF3 /* PhotoData.swift in Sources */,
				9EBDE8D628DDD58A00264AF3 /* LastYearApp.swift in Sources */,
				9E835E79293540DF0098810A /* HappyPanel.swift in Sources */,
				9ECC3392292189D10007C9C9 /* NetworkMonitor.swift in Sources */,
				9EAADB2028E1F86C00F93097 /* AllPhotosView.swift in Sources */,
				9EAADB2B28E37A4A00F93097 /* NotificationPermissionView.swift in Sources */,
				9EBEE6EE28E5C1E000F9FCCC /* LogoView.swift in Sources */,
				9E5528982930F44600134728 /* FeedViewModel.swift in Sources */,
				9EBDE92928DE021200264AF3 /* FirebaseHandler.swift in Sources */,
				9ECC338B291F52030007C9C9 /* PhotoLibraryService.swift in Sources */,
				9EAADB2228E2633B00F93097 /* Formatters.swift in Sources */,
				9E01BF242924DBC200749C29 /* FriendRequestRow.swift in Sources */,
				9EDD18A528EE23F2004DC8A6 /* ShareView.swift in Sources */,
				9EC7DA8C292CB52F0031739C /* MemoriesView.swift in Sources */,
				9E272817290C50AC000C2E64 /* FriendLastYear.swift in Sources */,
				9EAADB4C28E3976900F93097 /* Helper.swift in Sources */,
				9E98039228E1C8770036AFEC /* PermissionHandler.swift in Sources */,
				9ECC33562918EBBE0007C9C9 /* ProfileView.swift in Sources */,
				9E01BF222924DB4A00749C29 /* RecommendationRowView.swift in Sources */,
				9EDD18A028ECC858004DC8A6 /* ShareToiMessageView.swift in Sources */,
				9EC7DA8E292CBA770031739C /* PhotoService.swift in Sources */,
			);
			runOnlyForDeploymentPostprocessing = 0;
		};
/* End PBXSourcesBuildPhase section */

/* Begin PBXTargetDependency section */
		9EAADB4328E3968600F93097 /* PBXTargetDependency */ = {
			isa = PBXTargetDependency;
			target = 9EAADB3228E3968400F93097 /* LYwidgetExtension */;
			targetProxy = 9EAADB4228E3968600F93097 /* PBXContainerItemProxy */;
		};
/* End PBXTargetDependency section */

/* Begin XCBuildConfiguration section */
		9EAADB4628E3968600F93097 /* Debug */ = {
			isa = XCBuildConfiguration;
			buildSettings = {
				ASSETCATALOG_COMPILER_GLOBAL_ACCENT_COLOR_NAME = AccentColor;
				ASSETCATALOG_COMPILER_WIDGET_BACKGROUND_COLOR_NAME = WidgetBackground;
				CLANG_CXX_LANGUAGE_STANDARD = "gnu++20";
				CODE_SIGN_ENTITLEMENTS = LYwidgetExtension.entitlements;
				CODE_SIGN_STYLE = Automatic;
				CURRENT_PROJECT_VERSION = 1;
				DEVELOPMENT_TEAM = 952G7Q23AZ;
				GENERATE_INFOPLIST_FILE = YES;
				INFOPLIST_FILE = LYwidget/Info.plist;
				INFOPLIST_KEY_CFBundleDisplayName = LYwidget;
				INFOPLIST_KEY_NSHumanReadableCopyright = "";
				IPHONEOS_DEPLOYMENT_TARGET = 16.0;
				LD_RUNPATH_SEARCH_PATHS = (
					"$(inherited)",
					"@executable_path/Frameworks",
					"@executable_path/../../Frameworks",
				);
				MARKETING_VERSION = 1.3.1;
				PRODUCT_BUNDLE_IDENTIFIER = com.lichtenberg.lastyear.widget;
				PRODUCT_NAME = "$(TARGET_NAME)";
				SKIP_INSTALL = YES;
				SWIFT_EMIT_LOC_STRINGS = YES;
				SWIFT_VERSION = 5.0;
				TARGETED_DEVICE_FAMILY = 1;
			};
			name = Debug;
		};
		9EAADB4728E3968600F93097 /* Release */ = {
			isa = XCBuildConfiguration;
			buildSettings = {
				ASSETCATALOG_COMPILER_GLOBAL_ACCENT_COLOR_NAME = AccentColor;
				ASSETCATALOG_COMPILER_WIDGET_BACKGROUND_COLOR_NAME = WidgetBackground;
				CLANG_CXX_LANGUAGE_STANDARD = "gnu++20";
				CODE_SIGN_ENTITLEMENTS = LYwidgetExtension.entitlements;
				CODE_SIGN_STYLE = Automatic;
				CURRENT_PROJECT_VERSION = 1;
				DEVELOPMENT_TEAM = 952G7Q23AZ;
				GENERATE_INFOPLIST_FILE = YES;
				INFOPLIST_FILE = LYwidget/Info.plist;
				INFOPLIST_KEY_CFBundleDisplayName = LYwidget;
				INFOPLIST_KEY_NSHumanReadableCopyright = "";
				IPHONEOS_DEPLOYMENT_TARGET = 16.0;
				LD_RUNPATH_SEARCH_PATHS = (
					"$(inherited)",
					"@executable_path/Frameworks",
					"@executable_path/../../Frameworks",
				);
				MARKETING_VERSION = 1.3.1;
				PRODUCT_BUNDLE_IDENTIFIER = com.lichtenberg.lastyear.widget;
				PRODUCT_NAME = "$(TARGET_NAME)";
				SKIP_INSTALL = YES;
				SWIFT_EMIT_LOC_STRINGS = YES;
				SWIFT_VERSION = 5.0;
				TARGETED_DEVICE_FAMILY = 1;
			};
			name = Release;
		};
		9EBDE8DE28DDD58C00264AF3 /* Debug */ = {
			isa = XCBuildConfiguration;
			buildSettings = {
				ALWAYS_SEARCH_USER_PATHS = NO;
				CLANG_ANALYZER_LOCALIZABILITY_NONLOCALIZED = YES;
				CLANG_ANALYZER_NONNULL = YES;
				CLANG_ANALYZER_NUMBER_OBJECT_CONVERSION = YES_AGGRESSIVE;
				CLANG_CXX_LANGUAGE_STANDARD = "gnu++17";
				CLANG_ENABLE_MODULES = YES;
				CLANG_ENABLE_OBJC_ARC = YES;
				CLANG_ENABLE_OBJC_WEAK = YES;
				CLANG_WARN_BLOCK_CAPTURE_AUTORELEASING = YES;
				CLANG_WARN_BOOL_CONVERSION = YES;
				CLANG_WARN_COMMA = YES;
				CLANG_WARN_CONSTANT_CONVERSION = YES;
				CLANG_WARN_DEPRECATED_OBJC_IMPLEMENTATIONS = YES;
				CLANG_WARN_DIRECT_OBJC_ISA_USAGE = YES_ERROR;
				CLANG_WARN_DOCUMENTATION_COMMENTS = YES;
				CLANG_WARN_EMPTY_BODY = YES;
				CLANG_WARN_ENUM_CONVERSION = YES;
				CLANG_WARN_INFINITE_RECURSION = YES;
				CLANG_WARN_INT_CONVERSION = YES;
				CLANG_WARN_NON_LITERAL_NULL_CONVERSION = YES;
				CLANG_WARN_OBJC_IMPLICIT_RETAIN_SELF = YES;
				CLANG_WARN_OBJC_LITERAL_CONVERSION = YES;
				CLANG_WARN_OBJC_ROOT_CLASS = YES_ERROR;
				CLANG_WARN_QUOTED_INCLUDE_IN_FRAMEWORK_HEADER = YES;
				CLANG_WARN_RANGE_LOOP_ANALYSIS = YES;
				CLANG_WARN_STRICT_PROTOTYPES = YES;
				CLANG_WARN_SUSPICIOUS_MOVE = YES;
				CLANG_WARN_UNGUARDED_AVAILABILITY = YES_AGGRESSIVE;
				CLANG_WARN_UNREACHABLE_CODE = YES;
				CLANG_WARN__DUPLICATE_METHOD_MATCH = YES;
				COPY_PHASE_STRIP = NO;
				DEBUG_INFORMATION_FORMAT = dwarf;
				ENABLE_STRICT_OBJC_MSGSEND = YES;
				ENABLE_TESTABILITY = YES;
				GCC_C_LANGUAGE_STANDARD = gnu11;
				GCC_DYNAMIC_NO_PIC = NO;
				GCC_NO_COMMON_BLOCKS = YES;
				GCC_OPTIMIZATION_LEVEL = 0;
				GCC_PREPROCESSOR_DEFINITIONS = (
					"DEBUG=1",
					"$(inherited)",
				);
				GCC_WARN_64_TO_32_BIT_CONVERSION = YES;
				GCC_WARN_ABOUT_RETURN_TYPE = YES_ERROR;
				GCC_WARN_UNDECLARED_SELECTOR = YES;
				GCC_WARN_UNINITIALIZED_AUTOS = YES_AGGRESSIVE;
				GCC_WARN_UNUSED_FUNCTION = YES;
				GCC_WARN_UNUSED_VARIABLE = YES;
				IPHONEOS_DEPLOYMENT_TARGET = 16.0;
				MTL_ENABLE_DEBUG_INFO = INCLUDE_SOURCE;
				MTL_FAST_MATH = YES;
				ONLY_ACTIVE_ARCH = YES;
				SDKROOT = iphoneos;
				SWIFT_ACTIVE_COMPILATION_CONDITIONS = DEBUG;
				SWIFT_OPTIMIZATION_LEVEL = "-Onone";
			};
			name = Debug;
		};
		9EBDE8DF28DDD58C00264AF3 /* Release */ = {
			isa = XCBuildConfiguration;
			buildSettings = {
				ALWAYS_SEARCH_USER_PATHS = NO;
				CLANG_ANALYZER_LOCALIZABILITY_NONLOCALIZED = YES;
				CLANG_ANALYZER_NONNULL = YES;
				CLANG_ANALYZER_NUMBER_OBJECT_CONVERSION = YES_AGGRESSIVE;
				CLANG_CXX_LANGUAGE_STANDARD = "gnu++17";
				CLANG_ENABLE_MODULES = YES;
				CLANG_ENABLE_OBJC_ARC = YES;
				CLANG_ENABLE_OBJC_WEAK = YES;
				CLANG_WARN_BLOCK_CAPTURE_AUTORELEASING = YES;
				CLANG_WARN_BOOL_CONVERSION = YES;
				CLANG_WARN_COMMA = YES;
				CLANG_WARN_CONSTANT_CONVERSION = YES;
				CLANG_WARN_DEPRECATED_OBJC_IMPLEMENTATIONS = YES;
				CLANG_WARN_DIRECT_OBJC_ISA_USAGE = YES_ERROR;
				CLANG_WARN_DOCUMENTATION_COMMENTS = YES;
				CLANG_WARN_EMPTY_BODY = YES;
				CLANG_WARN_ENUM_CONVERSION = YES;
				CLANG_WARN_INFINITE_RECURSION = YES;
				CLANG_WARN_INT_CONVERSION = YES;
				CLANG_WARN_NON_LITERAL_NULL_CONVERSION = YES;
				CLANG_WARN_OBJC_IMPLICIT_RETAIN_SELF = YES;
				CLANG_WARN_OBJC_LITERAL_CONVERSION = YES;
				CLANG_WARN_OBJC_ROOT_CLASS = YES_ERROR;
				CLANG_WARN_QUOTED_INCLUDE_IN_FRAMEWORK_HEADER = YES;
				CLANG_WARN_RANGE_LOOP_ANALYSIS = YES;
				CLANG_WARN_STRICT_PROTOTYPES = YES;
				CLANG_WARN_SUSPICIOUS_MOVE = YES;
				CLANG_WARN_UNGUARDED_AVAILABILITY = YES_AGGRESSIVE;
				CLANG_WARN_UNREACHABLE_CODE = YES;
				CLANG_WARN__DUPLICATE_METHOD_MATCH = YES;
				COPY_PHASE_STRIP = NO;
				DEBUG_INFORMATION_FORMAT = "dwarf-with-dsym";
				ENABLE_NS_ASSERTIONS = NO;
				ENABLE_STRICT_OBJC_MSGSEND = YES;
				GCC_C_LANGUAGE_STANDARD = gnu11;
				GCC_NO_COMMON_BLOCKS = YES;
				GCC_WARN_64_TO_32_BIT_CONVERSION = YES;
				GCC_WARN_ABOUT_RETURN_TYPE = YES_ERROR;
				GCC_WARN_UNDECLARED_SELECTOR = YES;
				GCC_WARN_UNINITIALIZED_AUTOS = YES_AGGRESSIVE;
				GCC_WARN_UNUSED_FUNCTION = YES;
				GCC_WARN_UNUSED_VARIABLE = YES;
				IPHONEOS_DEPLOYMENT_TARGET = 16.0;
				MTL_ENABLE_DEBUG_INFO = NO;
				MTL_FAST_MATH = YES;
				SDKROOT = iphoneos;
				SWIFT_COMPILATION_MODE = wholemodule;
				SWIFT_OPTIMIZATION_LEVEL = "-O";
				VALIDATE_PRODUCT = YES;
			};
			name = Release;
		};
		9EBDE8E128DDD58C00264AF3 /* Debug */ = {
			isa = XCBuildConfiguration;
			buildSettings = {
				ALWAYS_EMBED_SWIFT_STANDARD_LIBRARIES = YES;
				ASSETCATALOG_COMPILER_APPICON_NAME = AppIcon;
				ASSETCATALOG_COMPILER_GLOBAL_ACCENT_COLOR_NAME = AccentColor;
				CODE_SIGN_ENTITLEMENTS = LastYear/LastYear.entitlements;
				CODE_SIGN_IDENTITY = "Apple Development";
				CODE_SIGN_STYLE = Automatic;
				CURRENT_PROJECT_VERSION = 1;
				DEVELOPMENT_ASSET_PATHS = "\"LastYear/Preview Content\"";
				DEVELOPMENT_TEAM = 952G7Q23AZ;
				ENABLE_PREVIEWS = YES;
				GENERATE_INFOPLIST_FILE = YES;
				INFOPLIST_FILE = LastYear/Info.plist;
				INFOPLIST_KEY_LSApplicationCategoryType = "public.app-category.lifestyle";
				INFOPLIST_KEY_NSFaceIDUsageDescription = "Login to user account";
				INFOPLIST_KEY_NSPhotoLibraryUsageDescription = "To retreive images from gallery from last year";
				INFOPLIST_KEY_UIApplicationSceneManifest_Generation = YES;
				INFOPLIST_KEY_UIApplicationSupportsIndirectInputEvents = YES;
				INFOPLIST_KEY_UISupportedInterfaceOrientations = UIInterfaceOrientationPortrait;
				INFOPLIST_KEY_UISupportedInterfaceOrientations_iPad = "UIInterfaceOrientationLandscapeLeft UIInterfaceOrientationLandscapeRight UIInterfaceOrientationPortrait UIInterfaceOrientationPortraitUpsideDown";
				IPHONEOS_DEPLOYMENT_TARGET = 16.0;
				LD_RUNPATH_SEARCH_PATHS = (
					"$(inherited)",
					"@executable_path/Frameworks",
				);
				MARKETING_VERSION = 1.3.1;
				PRODUCT_BUNDLE_IDENTIFIER = com.lichtenberg.lastyear;
				PRODUCT_NAME = "$(TARGET_NAME)";
				PROVISIONING_PROFILE_SPECIFIER = "";
				SUPPORTED_PLATFORMS = "iphoneos iphonesimulator";
				SUPPORTS_MACCATALYST = NO;
				SUPPORTS_MAC_DESIGNED_FOR_IPHONE_IPAD = NO;
				SWIFT_EMIT_LOC_STRINGS = YES;
				SWIFT_VERSION = 5.0;
				TARGETED_DEVICE_FAMILY = 1;
			};
			name = Debug;
		};
		9EBDE8E228DDD58C00264AF3 /* Release */ = {
			isa = XCBuildConfiguration;
			buildSettings = {
				ALWAYS_EMBED_SWIFT_STANDARD_LIBRARIES = YES;
				ASSETCATALOG_COMPILER_APPICON_NAME = AppIcon;
				ASSETCATALOG_COMPILER_GLOBAL_ACCENT_COLOR_NAME = AccentColor;
				CODE_SIGN_ENTITLEMENTS = LastYear/LastYear.entitlements;
				CODE_SIGN_IDENTITY = "Apple Development";
				CODE_SIGN_STYLE = Automatic;
				CURRENT_PROJECT_VERSION = 1;
				DEVELOPMENT_ASSET_PATHS = "\"LastYear/Preview Content\"";
				DEVELOPMENT_TEAM = 952G7Q23AZ;
				ENABLE_PREVIEWS = YES;
				GENERATE_INFOPLIST_FILE = YES;
				INFOPLIST_FILE = LastYear/Info.plist;
				INFOPLIST_KEY_LSApplicationCategoryType = "public.app-category.lifestyle";
				INFOPLIST_KEY_NSFaceIDUsageDescription = "Login to user account";
				INFOPLIST_KEY_NSPhotoLibraryUsageDescription = "To retreive images from gallery from last year";
				INFOPLIST_KEY_UIApplicationSceneManifest_Generation = YES;
				INFOPLIST_KEY_UIApplicationSupportsIndirectInputEvents = YES;
				INFOPLIST_KEY_UISupportedInterfaceOrientations = UIInterfaceOrientationPortrait;
				INFOPLIST_KEY_UISupportedInterfaceOrientations_iPad = "UIInterfaceOrientationLandscapeLeft UIInterfaceOrientationLandscapeRight UIInterfaceOrientationPortrait UIInterfaceOrientationPortraitUpsideDown";
				IPHONEOS_DEPLOYMENT_TARGET = 16.0;
				LD_RUNPATH_SEARCH_PATHS = (
					"$(inherited)",
					"@executable_path/Frameworks",
				);
				MARKETING_VERSION = 1.3.1;
				PRODUCT_BUNDLE_IDENTIFIER = com.lichtenberg.lastyear;
				PRODUCT_NAME = "$(TARGET_NAME)";
				PROVISIONING_PROFILE_SPECIFIER = "";
				SUPPORTED_PLATFORMS = "iphoneos iphonesimulator";
				SUPPORTS_MACCATALYST = NO;
				SUPPORTS_MAC_DESIGNED_FOR_IPHONE_IPAD = NO;
				SWIFT_EMIT_LOC_STRINGS = YES;
				SWIFT_VERSION = 5.0;
				TARGETED_DEVICE_FAMILY = 1;
			};
			name = Release;
		};
/* End XCBuildConfiguration section */

/* Begin XCConfigurationList section */
		9EAADB4528E3968600F93097 /* Build configuration list for PBXNativeTarget "LYwidgetExtension" */ = {
			isa = XCConfigurationList;
			buildConfigurations = (
				9EAADB4628E3968600F93097 /* Debug */,
				9EAADB4728E3968600F93097 /* Release */,
			);
			defaultConfigurationIsVisible = 0;
			defaultConfigurationName = Release;
		};
		9EBDE8CD28DDD58A00264AF3 /* Build configuration list for PBXProject "LastYear" */ = {
			isa = XCConfigurationList;
			buildConfigurations = (
				9EBDE8DE28DDD58C00264AF3 /* Debug */,
				9EBDE8DF28DDD58C00264AF3 /* Release */,
			);
			defaultConfigurationIsVisible = 0;
			defaultConfigurationName = Release;
		};
		9EBDE8E028DDD58C00264AF3 /* Build configuration list for PBXNativeTarget "LastYear" */ = {
			isa = XCConfigurationList;
			buildConfigurations = (
				9EBDE8E128DDD58C00264AF3 /* Debug */,
				9EBDE8E228DDD58C00264AF3 /* Release */,
			);
			defaultConfigurationIsVisible = 0;
			defaultConfigurationName = Release;
		};
/* End XCConfigurationList section */

/* Begin XCRemoteSwiftPackageReference section */
		9E27280A2903FEFA000C2E64 /* XCRemoteSwiftPackageReference "swiftui-image-viewer" */ = {
			isa = XCRemoteSwiftPackageReference;
			repositoryURL = "https://github.com/Jake-Short/swiftui-image-viewer.git";
			requirement = {
				kind = upToNextMajorVersion;
				minimumVersion = 2.0.0;
			};
		};
		9EBDE91D28DDFFEB00264AF3 /* XCRemoteSwiftPackageReference "firebase-ios-sdk" */ = {
			isa = XCRemoteSwiftPackageReference;
			repositoryURL = "https://github.com/firebase/firebase-ios-sdk.git";
			requirement = {
				branch = master;
				kind = branch;
			};
		};
		9ECC336229190BEB0007C9C9 /* XCRemoteSwiftPackageReference "AlertToast" */ = {
			isa = XCRemoteSwiftPackageReference;
			repositoryURL = "https://github.com/elai950/AlertToast.git";
			requirement = {
				kind = upToNextMajorVersion;
				minimumVersion = 1.0.0;
			};
		};
		9ECC3383291EA6200007C9C9 /* XCRemoteSwiftPackageReference "aws-sdk-ios-spm" */ = {
			isa = XCRemoteSwiftPackageReference;
			repositoryURL = "https://github.com/aws-amplify/aws-sdk-ios-spm";
			requirement = {
				kind = upToNextMinorVersion;
				minimumVersion = 2.28.0;
			};
		};
		9EF932B3295FAD2700E98193 /* XCRemoteSwiftPackageReference "Mantis" */ = {
			isa = XCRemoteSwiftPackageReference;
			repositoryURL = "https://github.com/guoyingtao/Mantis.git";
			requirement = {
				kind = exactVersion;
				version = 2.1.2;
			};
		};
/* End XCRemoteSwiftPackageReference section */

/* Begin XCSwiftPackageProductDependency section */
		9E27280B2903FEFA000C2E64 /* ImageViewer */ = {
			isa = XCSwiftPackageProductDependency;
			package = 9E27280A2903FEFA000C2E64 /* XCRemoteSwiftPackageReference "swiftui-image-viewer" */;
			productName = ImageViewer;
		};
		9E272814290B4671000C2E64 /* FirebaseMessaging */ = {
			isa = XCSwiftPackageProductDependency;
			package = 9EBDE91D28DDFFEB00264AF3 /* XCRemoteSwiftPackageReference "firebase-ios-sdk" */;
			productName = FirebaseMessaging;
		};
		9E272818290C5371000C2E64 /* FirebaseStorage */ = {
			isa = XCSwiftPackageProductDependency;
			package = 9EBDE91D28DDFFEB00264AF3 /* XCRemoteSwiftPackageReference "firebase-ios-sdk" */;
			productName = FirebaseStorage;
		};
		9E835E7E2935460B0098810A /* Shared */ = {
			isa = XCSwiftPackageProductDependency;
			productName = Shared;
		};
		9EBDE91E28DDFFEB00264AF3 /* FirebaseAnalytics */ = {
			isa = XCSwiftPackageProductDependency;
			package = 9EBDE91D28DDFFEB00264AF3 /* XCRemoteSwiftPackageReference "firebase-ios-sdk" */;
			productName = FirebaseAnalytics;
		};
		9EBDE92028DDFFEB00264AF3 /* FirebaseAuth */ = {
			isa = XCSwiftPackageProductDependency;
			package = 9EBDE91D28DDFFEB00264AF3 /* XCRemoteSwiftPackageReference "firebase-ios-sdk" */;
			productName = FirebaseAuth;
		};
		9EBDE92228DDFFEB00264AF3 /* FirebaseCrashlytics */ = {
			isa = XCSwiftPackageProductDependency;
			package = 9EBDE91D28DDFFEB00264AF3 /* XCRemoteSwiftPackageReference "firebase-ios-sdk" */;
			productName = FirebaseCrashlytics;
		};
		9EBDE92428DDFFEB00264AF3 /* FirebaseFirestore */ = {
			isa = XCSwiftPackageProductDependency;
			package = 9EBDE91D28DDFFEB00264AF3 /* XCRemoteSwiftPackageReference "firebase-ios-sdk" */;
			productName = FirebaseFirestore;
		};
		9ECC336329190BEB0007C9C9 /* AlertToast */ = {
			isa = XCSwiftPackageProductDependency;
			package = 9ECC336229190BEB0007C9C9 /* XCRemoteSwiftPackageReference "AlertToast" */;
			productName = AlertToast;
		};
		9ECC3384291EA6200007C9C9 /* AWSCognitoIdentityProvider */ = {
			isa = XCSwiftPackageProductDependency;
			package = 9ECC3383291EA6200007C9C9 /* XCRemoteSwiftPackageReference "aws-sdk-ios-spm" */;
			productName = AWSCognitoIdentityProvider;
		};
		9ECC3386291EA6200007C9C9 /* AWSCore */ = {
			isa = XCSwiftPackageProductDependency;
			package = 9ECC3383291EA6200007C9C9 /* XCRemoteSwiftPackageReference "aws-sdk-ios-spm" */;
			productName = AWSCore;
		};
		9ECC3388291EA6200007C9C9 /* AWSS3 */ = {
			isa = XCSwiftPackageProductDependency;
			package = 9ECC3383291EA6200007C9C9 /* XCRemoteSwiftPackageReference "aws-sdk-ios-spm" */;
			productName = AWSS3;
		};
		9EF932B4295FAD2700E98193 /* Mantis */ = {
			isa = XCSwiftPackageProductDependency;
			package = 9EF932B3295FAD2700E98193 /* XCRemoteSwiftPackageReference "Mantis" */;
			productName = Mantis;
		};
/* End XCSwiftPackageProductDependency section */
	};
	rootObject = 9EBDE8CA28DDD58A00264AF3 /* Project object */;
}
