// !$*UTF8*$!
{
	archiveVersion = 1;
	classes = {
	};
	objectVersion = 55;
	objects = {

/* Begin PBXBuildFile section */
		9E98039228E1C8770036AFEC /* PermissionHandler.swift in Sources */ = {isa = PBXBuildFile; fileRef = 9E98039128E1C8770036AFEC /* PermissionHandler.swift */; };
		9EAADB1E28E1E03D00F93097 /* PhotosViewModel.swift in Sources */ = {isa = PBXBuildFile; fileRef = 9EAADB1D28E1E03D00F93097 /* PhotosViewModel.swift */; };
		9EAADB2028E1F86C00F93097 /* AllPhotosView.swift in Sources */ = {isa = PBXBuildFile; fileRef = 9EAADB1F28E1F86C00F93097 /* AllPhotosView.swift */; };
		9EAADB2228E2633B00F93097 /* Formatters.swift in Sources */ = {isa = PBXBuildFile; fileRef = 9EAADB2128E2633B00F93097 /* Formatters.swift */; };
		9EAADB2928E2FBD000F93097 /* SettingsView.swift in Sources */ = {isa = PBXBuildFile; fileRef = 9EAADB2828E2FBD000F93097 /* SettingsView.swift */; };
		9EAADB2B28E37A4A00F93097 /* NotificationPermissionView.swift in Sources */ = {isa = PBXBuildFile; fileRef = 9EAADB2A28E37A4A00F93097 /* NotificationPermissionView.swift */; };
		9EAADB2D28E37FED00F93097 /* NotificationCenter.swift in Sources */ = {isa = PBXBuildFile; fileRef = 9EAADB2C28E37FED00F93097 /* NotificationCenter.swift */; };
		9EAADB3628E3968400F93097 /* WidgetKit.framework in Frameworks */ = {isa = PBXBuildFile; fileRef = 9EAADB3528E3968400F93097 /* WidgetKit.framework */; };
		9EAADB3828E3968400F93097 /* SwiftUI.framework in Frameworks */ = {isa = PBXBuildFile; fileRef = 9EAADB3728E3968400F93097 /* SwiftUI.framework */; };
		9EAADB3B28E3968400F93097 /* LYwidget.swift in Sources */ = {isa = PBXBuildFile; fileRef = 9EAADB3A28E3968400F93097 /* LYwidget.swift */; };
		9EAADB3E28E3968600F93097 /* Assets.xcassets in Resources */ = {isa = PBXBuildFile; fileRef = 9EAADB3D28E3968600F93097 /* Assets.xcassets */; };
		9EAADB4028E3968600F93097 /* LYwidget.intentdefinition in Sources */ = {isa = PBXBuildFile; fileRef = 9EAADB3C28E3968400F93097 /* LYwidget.intentdefinition */; };
		9EAADB4128E3968600F93097 /* LYwidget.intentdefinition in Sources */ = {isa = PBXBuildFile; fileRef = 9EAADB3C28E3968400F93097 /* LYwidget.intentdefinition */; };
		9EAADB4428E3968600F93097 /* LYwidgetExtension.appex in Embed Foundation Extensions */ = {isa = PBXBuildFile; fileRef = 9EAADB3328E3968400F93097 /* LYwidgetExtension.appex */; settings = {ATTRIBUTES = (RemoveHeadersOnCopy, ); }; };
		9EAADB4C28E3976900F93097 /* Helper.swift in Sources */ = {isa = PBXBuildFile; fileRef = 9EAADB4B28E3976900F93097 /* Helper.swift */; };
		9EAADB4D28E397C500F93097 /* Helper.swift in Sources */ = {isa = PBXBuildFile; fileRef = 9EAADB4B28E3976900F93097 /* Helper.swift */; };
		9EBDE8D628DDD58A00264AF3 /* LastYearApp.swift in Sources */ = {isa = PBXBuildFile; fileRef = 9EBDE8D528DDD58A00264AF3 /* LastYearApp.swift */; };
		9EBDE8D828DDD58A00264AF3 /* MainView.swift in Sources */ = {isa = PBXBuildFile; fileRef = 9EBDE8D728DDD58A00264AF3 /* MainView.swift */; };
		9EBDE8DA28DDD58C00264AF3 /* Assets.xcassets in Resources */ = {isa = PBXBuildFile; fileRef = 9EBDE8D928DDD58C00264AF3 /* Assets.xcassets */; };
		9EBDE8DD28DDD58C00264AF3 /* Preview Assets.xcassets in Resources */ = {isa = PBXBuildFile; fileRef = 9EBDE8DC28DDD58C00264AF3 /* Preview Assets.xcassets */; };
		9EBDE8E428DDDCE900264AF3 /* PhotoCard.swift in Sources */ = {isa = PBXBuildFile; fileRef = 9EBDE8E328DDDCE900264AF3 /* PhotoCard.swift */; };
		9EBDE8E628DDDD4B00264AF3 /* PhotoData.swift in Sources */ = {isa = PBXBuildFile; fileRef = 9EBDE8E528DDDD4B00264AF3 /* PhotoData.swift */; };
		9EBDE8E928DDED0800264AF3 /* WelcomeView.swift in Sources */ = {isa = PBXBuildFile; fileRef = 9EBDE8E828DDED0800264AF3 /* WelcomeView.swift */; };
		9EBDE8FE28DDEF2F00264AF3 /* Poppins-LightItalic.ttf in Resources */ = {isa = PBXBuildFile; fileRef = 9EBDE8EB28DDEF2F00264AF3 /* Poppins-LightItalic.ttf */; };
		9EBDE8FF28DDEF2F00264AF3 /* Poppins-ExtraBold.ttf in Resources */ = {isa = PBXBuildFile; fileRef = 9EBDE8EC28DDEF2F00264AF3 /* Poppins-ExtraBold.ttf */; };
		9EBDE90028DDEF2F00264AF3 /* Poppins-ExtraLightItalic.ttf in Resources */ = {isa = PBXBuildFile; fileRef = 9EBDE8ED28DDEF2F00264AF3 /* Poppins-ExtraLightItalic.ttf */; };
		9EBDE90128DDEF2F00264AF3 /* Poppins-ExtraBoldItalic.ttf in Resources */ = {isa = PBXBuildFile; fileRef = 9EBDE8EE28DDEF2F00264AF3 /* Poppins-ExtraBoldItalic.ttf */; };
		9EBDE90228DDEF2F00264AF3 /* Poppins-Italic.ttf in Resources */ = {isa = PBXBuildFile; fileRef = 9EBDE8EF28DDEF2F00264AF3 /* Poppins-Italic.ttf */; };
		9EBDE90328DDEF2F00264AF3 /* Poppins-BlackItalic.ttf in Resources */ = {isa = PBXBuildFile; fileRef = 9EBDE8F028DDEF2F00264AF3 /* Poppins-BlackItalic.ttf */; };
		9EBDE90428DDEF2F00264AF3 /* Poppins-Medium.ttf in Resources */ = {isa = PBXBuildFile; fileRef = 9EBDE8F128DDEF2F00264AF3 /* Poppins-Medium.ttf */; };
		9EBDE90528DDEF2F00264AF3 /* Poppins-ExtraLight.ttf in Resources */ = {isa = PBXBuildFile; fileRef = 9EBDE8F228DDEF2F00264AF3 /* Poppins-ExtraLight.ttf */; };
		9EBDE90628DDEF2F00264AF3 /* Poppins-Thin.ttf in Resources */ = {isa = PBXBuildFile; fileRef = 9EBDE8F328DDEF2F00264AF3 /* Poppins-Thin.ttf */; };
		9EBDE90728DDEF2F00264AF3 /* OFL.txt in Resources */ = {isa = PBXBuildFile; fileRef = 9EBDE8F428DDEF2F00264AF3 /* OFL.txt */; };
		9EBDE90828DDEF2F00264AF3 /* Poppins-Light.ttf in Resources */ = {isa = PBXBuildFile; fileRef = 9EBDE8F528DDEF2F00264AF3 /* Poppins-Light.ttf */; };
		9EBDE90928DDEF2F00264AF3 /* Poppins-BoldItalic.ttf in Resources */ = {isa = PBXBuildFile; fileRef = 9EBDE8F628DDEF2F00264AF3 /* Poppins-BoldItalic.ttf */; };
		9EBDE90A28DDEF2F00264AF3 /* Poppins-Black.ttf in Resources */ = {isa = PBXBuildFile; fileRef = 9EBDE8F728DDEF2F00264AF3 /* Poppins-Black.ttf */; };
		9EBDE90B28DDEF2F00264AF3 /* Poppins-MediumItalic.ttf in Resources */ = {isa = PBXBuildFile; fileRef = 9EBDE8F828DDEF2F00264AF3 /* Poppins-MediumItalic.ttf */; };
		9EBDE90C28DDEF2F00264AF3 /* Poppins-SemiBold.ttf in Resources */ = {isa = PBXBuildFile; fileRef = 9EBDE8F928DDEF2F00264AF3 /* Poppins-SemiBold.ttf */; };
		9EBDE90D28DDEF2F00264AF3 /* Poppins-Bold.ttf in Resources */ = {isa = PBXBuildFile; fileRef = 9EBDE8FA28DDEF2F00264AF3 /* Poppins-Bold.ttf */; };
		9EBDE90E28DDEF2F00264AF3 /* Poppins-Regular.ttf in Resources */ = {isa = PBXBuildFile; fileRef = 9EBDE8FB28DDEF2F00264AF3 /* Poppins-Regular.ttf */; };
		9EBDE90F28DDEF2F00264AF3 /* Poppins-SemiBoldItalic.ttf in Resources */ = {isa = PBXBuildFile; fileRef = 9EBDE8FC28DDEF2F00264AF3 /* Poppins-SemiBoldItalic.ttf */; };
		9EBDE91028DDEF2F00264AF3 /* Poppins-ThinItalic.ttf in Resources */ = {isa = PBXBuildFile; fileRef = 9EBDE8FD28DDEF2F00264AF3 /* Poppins-ThinItalic.ttf */; };
		9EBDE91528DDF44D00264AF3 /* ChoseAuthView.swift in Sources */ = {isa = PBXBuildFile; fileRef = 9EBDE91428DDF44C00264AF3 /* ChoseAuthView.swift */; };
		9EBDE91728DDF8FE00264AF3 /* EmailView.swift in Sources */ = {isa = PBXBuildFile; fileRef = 9EBDE91628DDF8FE00264AF3 /* EmailView.swift */; };
		9EBDE91C28DDFD4200264AF3 /* LoginView.swift in Sources */ = {isa = PBXBuildFile; fileRef = 9EBDE91B28DDFD4200264AF3 /* LoginView.swift */; };
		9EBDE91F28DDFFEB00264AF3 /* FirebaseAnalytics in Frameworks */ = {isa = PBXBuildFile; productRef = 9EBDE91E28DDFFEB00264AF3 /* FirebaseAnalytics */; };
		9EBDE92128DDFFEB00264AF3 /* FirebaseAuth in Frameworks */ = {isa = PBXBuildFile; productRef = 9EBDE92028DDFFEB00264AF3 /* FirebaseAuth */; };
		9EBDE92328DDFFEB00264AF3 /* FirebaseCrashlytics in Frameworks */ = {isa = PBXBuildFile; productRef = 9EBDE92228DDFFEB00264AF3 /* FirebaseCrashlytics */; };
		9EBDE92528DDFFEB00264AF3 /* FirebaseFirestore in Frameworks */ = {isa = PBXBuildFile; productRef = 9EBDE92428DDFFEB00264AF3 /* FirebaseFirestore */; };
		9EBDE92728DE005400264AF3 /* GoogleService-Info.plist in Resources */ = {isa = PBXBuildFile; fileRef = 9EBDE92628DE005300264AF3 /* GoogleService-Info.plist */; };
		9EBDE92928DE021200264AF3 /* FirebaseHandler.swift in Sources */ = {isa = PBXBuildFile; fileRef = 9EBDE92828DE021200264AF3 /* FirebaseHandler.swift */; };
		9EBDE92B28DE0EEA00264AF3 /* PasswordView.swift in Sources */ = {isa = PBXBuildFile; fileRef = 9EBDE92A28DE0EEA00264AF3 /* PasswordView.swift */; };
		9EBDE92D28DE507600264AF3 /* LYUser.swift in Sources */ = {isa = PBXBuildFile; fileRef = 9EBDE92C28DE507600264AF3 /* LYUser.swift */; };
		9EBDE92F28DE54BA00264AF3 /* AuthService.swift in Sources */ = {isa = PBXBuildFile; fileRef = 9EBDE92E28DE54BA00264AF3 /* AuthService.swift */; };
		9EBDE93128DE660F00264AF3 /* LoadingView.swift in Sources */ = {isa = PBXBuildFile; fileRef = 9EBDE93028DE660F00264AF3 /* LoadingView.swift */; };
		9EBDE93328E18DCE00264AF3 /* PermissionView.swift in Sources */ = {isa = PBXBuildFile; fileRef = 9EBDE93228E18DCE00264AF3 /* PermissionView.swift */; };
		9EBDE93528E195DD00264AF3 /* PhotoDetailView.swift in Sources */ = {isa = PBXBuildFile; fileRef = 9EBDE93428E195DD00264AF3 /* PhotoDetailView.swift */; };
		9EBEE6EE28E5C1E000F9FCCC /* LogoView.swift in Sources */ = {isa = PBXBuildFile; fileRef = 9EBEE6ED28E5BF7700F9FCCC /* LogoView.swift */; };
		9EBEE6F128E5E15600F9FCCC /* PrivacyView.swift in Sources */ = {isa = PBXBuildFile; fileRef = 9EBEE6F028E5E15600F9FCCC /* PrivacyView.swift */; };
/* End PBXBuildFile section */

/* Begin PBXContainerItemProxy section */
		9EAADB4228E3968600F93097 /* PBXContainerItemProxy */ = {
			isa = PBXContainerItemProxy;
			containerPortal = 9EBDE8CA28DDD58A00264AF3 /* Project object */;
			proxyType = 1;
			remoteGlobalIDString = 9EAADB3228E3968400F93097;
			remoteInfo = LYwidgetExtension;
		};
/* End PBXContainerItemProxy section */

/* Begin PBXCopyFilesBuildPhase section */
		9EAADB4828E3968600F93097 /* Embed Foundation Extensions */ = {
			isa = PBXCopyFilesBuildPhase;
			buildActionMask = 2147483647;
			dstPath = "";
			dstSubfolderSpec = 13;
			files = (
				9EAADB4428E3968600F93097 /* LYwidgetExtension.appex in Embed Foundation Extensions */,
			);
			name = "Embed Foundation Extensions";
			runOnlyForDeploymentPostprocessing = 0;
		};
/* End PBXCopyFilesBuildPhase section */

/* Begin PBXFileReference section */
		9E98039128E1C8770036AFEC /* PermissionHandler.swift */ = {isa = PBXFileReference; lastKnownFileType = sourcecode.swift; path = PermissionHandler.swift; sourceTree = "<group>"; };
		9EAADB1D28E1E03D00F93097 /* PhotosViewModel.swift */ = {isa = PBXFileReference; lastKnownFileType = sourcecode.swift; path = PhotosViewModel.swift; sourceTree = "<group>"; };
		9EAADB1F28E1F86C00F93097 /* AllPhotosView.swift */ = {isa = PBXFileReference; lastKnownFileType = sourcecode.swift; path = AllPhotosView.swift; sourceTree = "<group>"; };
		9EAADB2128E2633B00F93097 /* Formatters.swift */ = {isa = PBXFileReference; lastKnownFileType = sourcecode.swift; path = Formatters.swift; sourceTree = "<group>"; };
		9EAADB2828E2FBD000F93097 /* SettingsView.swift */ = {isa = PBXFileReference; lastKnownFileType = sourcecode.swift; path = SettingsView.swift; sourceTree = "<group>"; };
		9EAADB2A28E37A4A00F93097 /* NotificationPermissionView.swift */ = {isa = PBXFileReference; lastKnownFileType = sourcecode.swift; path = NotificationPermissionView.swift; sourceTree = "<group>"; };
		9EAADB2C28E37FED00F93097 /* NotificationCenter.swift */ = {isa = PBXFileReference; lastKnownFileType = sourcecode.swift; path = NotificationCenter.swift; sourceTree = "<group>"; };
		9EAADB3328E3968400F93097 /* LYwidgetExtension.appex */ = {isa = PBXFileReference; explicitFileType = "wrapper.app-extension"; includeInIndex = 0; path = LYwidgetExtension.appex; sourceTree = BUILT_PRODUCTS_DIR; };
		9EAADB3528E3968400F93097 /* WidgetKit.framework */ = {isa = PBXFileReference; lastKnownFileType = wrapper.framework; name = WidgetKit.framework; path = System/Library/Frameworks/WidgetKit.framework; sourceTree = SDKROOT; };
		9EAADB3728E3968400F93097 /* SwiftUI.framework */ = {isa = PBXFileReference; lastKnownFileType = wrapper.framework; name = SwiftUI.framework; path = System/Library/Frameworks/SwiftUI.framework; sourceTree = SDKROOT; };
		9EAADB3A28E3968400F93097 /* LYwidget.swift */ = {isa = PBXFileReference; lastKnownFileType = sourcecode.swift; path = LYwidget.swift; sourceTree = "<group>"; };
		9EAADB3C28E3968400F93097 /* LYwidget.intentdefinition */ = {isa = PBXFileReference; lastKnownFileType = file.intentdefinition; path = LYwidget.intentdefinition; sourceTree = "<group>"; };
		9EAADB3D28E3968600F93097 /* Assets.xcassets */ = {isa = PBXFileReference; lastKnownFileType = folder.assetcatalog; path = Assets.xcassets; sourceTree = "<group>"; };
		9EAADB3F28E3968600F93097 /* Info.plist */ = {isa = PBXFileReference; lastKnownFileType = text.plist.xml; path = Info.plist; sourceTree = "<group>"; };
		9EAADB4B28E3976900F93097 /* Helper.swift */ = {isa = PBXFileReference; lastKnownFileType = sourcecode.swift; path = Helper.swift; sourceTree = "<group>"; };
		9EAADB4E28E426B700F93097 /* LastYear.entitlements */ = {isa = PBXFileReference; lastKnownFileType = text.plist.entitlements; path = LastYear.entitlements; sourceTree = "<group>"; };
		9EAADB4F28E426EC00F93097 /* LYwidgetExtension.entitlements */ = {isa = PBXFileReference; lastKnownFileType = text.plist.entitlements; path = LYwidgetExtension.entitlements; sourceTree = "<group>"; };
		9EBDE8D228DDD58A00264AF3 /* LastYear.app */ = {isa = PBXFileReference; explicitFileType = wrapper.application; includeInIndex = 0; path = LastYear.app; sourceTree = BUILT_PRODUCTS_DIR; };
		9EBDE8D528DDD58A00264AF3 /* LastYearApp.swift */ = {isa = PBXFileReference; lastKnownFileType = sourcecode.swift; path = LastYearApp.swift; sourceTree = "<group>"; };
		9EBDE8D728DDD58A00264AF3 /* MainView.swift */ = {isa = PBXFileReference; lastKnownFileType = sourcecode.swift; path = MainView.swift; sourceTree = "<group>"; };
		9EBDE8D928DDD58C00264AF3 /* Assets.xcassets */ = {isa = PBXFileReference; lastKnownFileType = folder.assetcatalog; path = Assets.xcassets; sourceTree = "<group>"; };
		9EBDE8DC28DDD58C00264AF3 /* Preview Assets.xcassets */ = {isa = PBXFileReference; lastKnownFileType = folder.assetcatalog; path = "Preview Assets.xcassets"; sourceTree = "<group>"; };
		9EBDE8E328DDDCE900264AF3 /* PhotoCard.swift */ = {isa = PBXFileReference; lastKnownFileType = sourcecode.swift; path = PhotoCard.swift; sourceTree = "<group>"; };
		9EBDE8E528DDDD4B00264AF3 /* PhotoData.swift */ = {isa = PBXFileReference; lastKnownFileType = sourcecode.swift; path = PhotoData.swift; sourceTree = "<group>"; };
		9EBDE8E828DDED0800264AF3 /* WelcomeView.swift */ = {isa = PBXFileReference; lastKnownFileType = sourcecode.swift; path = WelcomeView.swift; sourceTree = "<group>"; };
		9EBDE8EB28DDEF2F00264AF3 /* Poppins-LightItalic.ttf */ = {isa = PBXFileReference; lastKnownFileType = file; path = "Poppins-LightItalic.ttf"; sourceTree = "<group>"; };
		9EBDE8EC28DDEF2F00264AF3 /* Poppins-ExtraBold.ttf */ = {isa = PBXFileReference; lastKnownFileType = file; path = "Poppins-ExtraBold.ttf"; sourceTree = "<group>"; };
		9EBDE8ED28DDEF2F00264AF3 /* Poppins-ExtraLightItalic.ttf */ = {isa = PBXFileReference; lastKnownFileType = file; path = "Poppins-ExtraLightItalic.ttf"; sourceTree = "<group>"; };
		9EBDE8EE28DDEF2F00264AF3 /* Poppins-ExtraBoldItalic.ttf */ = {isa = PBXFileReference; lastKnownFileType = file; path = "Poppins-ExtraBoldItalic.ttf"; sourceTree = "<group>"; };
		9EBDE8EF28DDEF2F00264AF3 /* Poppins-Italic.ttf */ = {isa = PBXFileReference; lastKnownFileType = file; path = "Poppins-Italic.ttf"; sourceTree = "<group>"; };
		9EBDE8F028DDEF2F00264AF3 /* Poppins-BlackItalic.ttf */ = {isa = PBXFileReference; lastKnownFileType = file; path = "Poppins-BlackItalic.ttf"; sourceTree = "<group>"; };
		9EBDE8F128DDEF2F00264AF3 /* Poppins-Medium.ttf */ = {isa = PBXFileReference; lastKnownFileType = file; path = "Poppins-Medium.ttf"; sourceTree = "<group>"; };
		9EBDE8F228DDEF2F00264AF3 /* Poppins-ExtraLight.ttf */ = {isa = PBXFileReference; lastKnownFileType = file; path = "Poppins-ExtraLight.ttf"; sourceTree = "<group>"; };
		9EBDE8F328DDEF2F00264AF3 /* Poppins-Thin.ttf */ = {isa = PBXFileReference; lastKnownFileType = file; path = "Poppins-Thin.ttf"; sourceTree = "<group>"; };
		9EBDE8F428DDEF2F00264AF3 /* OFL.txt */ = {isa = PBXFileReference; fileEncoding = 4; lastKnownFileType = text; path = OFL.txt; sourceTree = "<group>"; };
		9EBDE8F528DDEF2F00264AF3 /* Poppins-Light.ttf */ = {isa = PBXFileReference; lastKnownFileType = file; path = "Poppins-Light.ttf"; sourceTree = "<group>"; };
		9EBDE8F628DDEF2F00264AF3 /* Poppins-BoldItalic.ttf */ = {isa = PBXFileReference; lastKnownFileType = file; path = "Poppins-BoldItalic.ttf"; sourceTree = "<group>"; };
		9EBDE8F728DDEF2F00264AF3 /* Poppins-Black.ttf */ = {isa = PBXFileReference; lastKnownFileType = file; path = "Poppins-Black.ttf"; sourceTree = "<group>"; };
		9EBDE8F828DDEF2F00264AF3 /* Poppins-MediumItalic.ttf */ = {isa = PBXFileReference; lastKnownFileType = file; path = "Poppins-MediumItalic.ttf"; sourceTree = "<group>"; };
		9EBDE8F928DDEF2F00264AF3 /* Poppins-SemiBold.ttf */ = {isa = PBXFileReference; lastKnownFileType = file; path = "Poppins-SemiBold.ttf"; sourceTree = "<group>"; };
		9EBDE8FA28DDEF2F00264AF3 /* Poppins-Bold.ttf */ = {isa = PBXFileReference; lastKnownFileType = file; path = "Poppins-Bold.ttf"; sourceTree = "<group>"; };
		9EBDE8FB28DDEF2F00264AF3 /* Poppins-Regular.ttf */ = {isa = PBXFileReference; lastKnownFileType = file; path = "Poppins-Regular.ttf"; sourceTree = "<group>"; };
		9EBDE8FC28DDEF2F00264AF3 /* Poppins-SemiBoldItalic.ttf */ = {isa = PBXFileReference; lastKnownFileType = file; path = "Poppins-SemiBoldItalic.ttf"; sourceTree = "<group>"; };
		9EBDE8FD28DDEF2F00264AF3 /* Poppins-ThinItalic.ttf */ = {isa = PBXFileReference; lastKnownFileType = file; path = "Poppins-ThinItalic.ttf"; sourceTree = "<group>"; };
		9EBDE91128DDEF9200264AF3 /* Info.plist */ = {isa = PBXFileReference; lastKnownFileType = text.plist; path = Info.plist; sourceTree = "<group>"; };
		9EBDE91428DDF44C00264AF3 /* ChoseAuthView.swift */ = {isa = PBXFileReference; lastKnownFileType = sourcecode.swift; path = ChoseAuthView.swift; sourceTree = "<group>"; };
		9EBDE91628DDF8FE00264AF3 /* EmailView.swift */ = {isa = PBXFileReference; lastKnownFileType = sourcecode.swift; path = EmailView.swift; sourceTree = "<group>"; };
		9EBDE91B28DDFD4200264AF3 /* LoginView.swift */ = {isa = PBXFileReference; lastKnownFileType = sourcecode.swift; path = LoginView.swift; sourceTree = "<group>"; };
		9EBDE92628DE005300264AF3 /* GoogleService-Info.plist */ = {isa = PBXFileReference; fileEncoding = 4; lastKnownFileType = text.plist.xml; path = "GoogleService-Info.plist"; sourceTree = "<group>"; };
		9EBDE92828DE021200264AF3 /* FirebaseHandler.swift */ = {isa = PBXFileReference; lastKnownFileType = sourcecode.swift; path = FirebaseHandler.swift; sourceTree = "<group>"; };
		9EBDE92A28DE0EEA00264AF3 /* PasswordView.swift */ = {isa = PBXFileReference; lastKnownFileType = sourcecode.swift; path = PasswordView.swift; sourceTree = "<group>"; };
		9EBDE92C28DE507600264AF3 /* LYUser.swift */ = {isa = PBXFileReference; lastKnownFileType = sourcecode.swift; path = LYUser.swift; sourceTree = "<group>"; };
		9EBDE92E28DE54BA00264AF3 /* AuthService.swift */ = {isa = PBXFileReference; lastKnownFileType = sourcecode.swift; path = AuthService.swift; sourceTree = "<group>"; };
		9EBDE93028DE660F00264AF3 /* LoadingView.swift */ = {isa = PBXFileReference; lastKnownFileType = sourcecode.swift; path = LoadingView.swift; sourceTree = "<group>"; };
		9EBDE93228E18DCE00264AF3 /* PermissionView.swift */ = {isa = PBXFileReference; lastKnownFileType = sourcecode.swift; path = PermissionView.swift; sourceTree = "<group>"; };
		9EBDE93428E195DD00264AF3 /* PhotoDetailView.swift */ = {isa = PBXFileReference; lastKnownFileType = sourcecode.swift; path = PhotoDetailView.swift; sourceTree = "<group>"; };
		9EBEE6ED28E5BF7700F9FCCC /* LogoView.swift */ = {isa = PBXFileReference; lastKnownFileType = sourcecode.swift; path = LogoView.swift; sourceTree = "<group>"; };
		9EBEE6F028E5E15600F9FCCC /* PrivacyView.swift */ = {isa = PBXFileReference; lastKnownFileType = sourcecode.swift; path = PrivacyView.swift; sourceTree = "<group>"; };
/* End PBXFileReference section */

/* Begin PBXFrameworksBuildPhase section */
		9EAADB3028E3968400F93097 /* Frameworks */ = {
			isa = PBXFrameworksBuildPhase;
			buildActionMask = 2147483647;
			files = (
				9EAADB3828E3968400F93097 /* SwiftUI.framework in Frameworks */,
				9EAADB3628E3968400F93097 /* WidgetKit.framework in Frameworks */,
			);
			runOnlyForDeploymentPostprocessing = 0;
		};
		9EBDE8CF28DDD58A00264AF3 /* Frameworks */ = {
			isa = PBXFrameworksBuildPhase;
			buildActionMask = 2147483647;
			files = (
				9EBDE92328DDFFEB00264AF3 /* FirebaseCrashlytics in Frameworks */,
				9EBDE92528DDFFEB00264AF3 /* FirebaseFirestore in Frameworks */,
				9EBDE91F28DDFFEB00264AF3 /* FirebaseAnalytics in Frameworks */,
				9EBDE92128DDFFEB00264AF3 /* FirebaseAuth in Frameworks */,
			);
			runOnlyForDeploymentPostprocessing = 0;
		};
/* End PBXFrameworksBuildPhase section */

/* Begin PBXGroup section */
		9EAADB2328E2681400F93097 /* Photo */ = {
			isa = PBXGroup;
			children = (
				9EAADB1D28E1E03D00F93097 /* PhotosViewModel.swift */,
				9EBDE8E528DDDD4B00264AF3 /* PhotoData.swift */,
				9EBDE93428E195DD00264AF3 /* PhotoDetailView.swift */,
				9EAADB1F28E1F86C00F93097 /* AllPhotosView.swift */,
			);
			path = Photo;
			sourceTree = "<group>";
		};
		9EAADB2428E2683900F93097 /* Network */ = {
			isa = PBXGroup;
			children = (
				9EAADB2C28E37FED00F93097 /* NotificationCenter.swift */,
				9EBDE92828DE021200264AF3 /* FirebaseHandler.swift */,
			);
			path = Network;
			sourceTree = "<group>";
		};
		9EAADB2528E2685900F93097 /* Main */ = {
			isa = PBXGroup;
			children = (
				9EBDE92C28DE507600264AF3 /* LYUser.swift */,
				9EBDE8D728DDD58A00264AF3 /* MainView.swift */,
				9EBDE8D528DDD58A00264AF3 /* LastYearApp.swift */,
				9EBDE8E328DDDCE900264AF3 /* PhotoCard.swift */,
				9EBDE93028DE660F00264AF3 /* LoadingView.swift */,
			);
			path = Main;
			sourceTree = "<group>";
		};
		9EAADB2E28E3949F00F93097 /* Permissions */ = {
			isa = PBXGroup;
			children = (
				9EBDE93228E18DCE00264AF3 /* PermissionView.swift */,
				9E98039128E1C8770036AFEC /* PermissionHandler.swift */,
				9EAADB2A28E37A4A00F93097 /* NotificationPermissionView.swift */,
			);
			path = Permissions;
			sourceTree = "<group>";
		};
		9EAADB3428E3968400F93097 /* Frameworks */ = {
			isa = PBXGroup;
			children = (
				9EAADB3528E3968400F93097 /* WidgetKit.framework */,
				9EAADB3728E3968400F93097 /* SwiftUI.framework */,
			);
			name = Frameworks;
			sourceTree = "<group>";
		};
		9EAADB3928E3968400F93097 /* LYwidget */ = {
			isa = PBXGroup;
			children = (
				9EAADB3A28E3968400F93097 /* LYwidget.swift */,
				9EAADB3C28E3968400F93097 /* LYwidget.intentdefinition */,
				9EAADB3D28E3968600F93097 /* Assets.xcassets */,
				9EAADB3F28E3968600F93097 /* Info.plist */,
			);
			path = LYwidget;
			sourceTree = "<group>";
		};
		9EBDE8C928DDD58A00264AF3 = {
			isa = PBXGroup;
			children = (
				9EAADB4F28E426EC00F93097 /* LYwidgetExtension.entitlements */,
				9EBDE8D428DDD58A00264AF3 /* LastYear */,
				9EAADB3928E3968400F93097 /* LYwidget */,
				9EAADB3428E3968400F93097 /* Frameworks */,
				9EBDE8D328DDD58A00264AF3 /* Products */,
			);
			sourceTree = "<group>";
		};
		9EBDE8D328DDD58A00264AF3 /* Products */ = {
			isa = PBXGroup;
			children = (
				9EBDE8D228DDD58A00264AF3 /* LastYear.app */,
				9EAADB3328E3968400F93097 /* LYwidgetExtension.appex */,
			);
			name = Products;
			sourceTree = "<group>";
		};
		9EBDE8D428DDD58A00264AF3 /* LastYear */ = {
			isa = PBXGroup;
			children = (
				9EAADB4E28E426B700F93097 /* LastYear.entitlements */,
				9EAADB2E28E3949F00F93097 /* Permissions */,
				9EAADB2428E2683900F93097 /* Network */,
				9EBDE91128DDEF9200264AF3 /* Info.plist */,
				9EBDE8EA28DDEED400264AF3 /* Font */,
				9EBDE8E728DDECED00264AF3 /* Welcome */,
				9EBDE91328DDF44100264AF3 /* Login */,
				9EBDE91A28DDFCC300264AF3 /* Register */,
				9EAADB2328E2681400F93097 /* Photo */,
				9EBEE6F228E5E45E00F9FCCC /* Settings */,
				9EAADB2528E2685900F93097 /* Main */,
				9EAADB2128E2633B00F93097 /* Formatters.swift */,
				9EBEE6ED28E5BF7700F9FCCC /* LogoView.swift */,
				9EBDE8D928DDD58C00264AF3 /* Assets.xcassets */,
				9EBDE92628DE005300264AF3 /* GoogleService-Info.plist */,
				9EBDE8DB28DDD58C00264AF3 /* Preview Content */,
				9EAADB4B28E3976900F93097 /* Helper.swift */,
			);
			path = LastYear;
			sourceTree = "<group>";
		};
		9EBDE8DB28DDD58C00264AF3 /* Preview Content */ = {
			isa = PBXGroup;
			children = (
				9EBDE8DC28DDD58C00264AF3 /* Preview Assets.xcassets */,
			);
			path = "Preview Content";
			sourceTree = "<group>";
		};
		9EBDE8E728DDECED00264AF3 /* Welcome */ = {
			isa = PBXGroup;
			children = (
				9EBDE8E828DDED0800264AF3 /* WelcomeView.swift */,
				9EBDE91428DDF44C00264AF3 /* ChoseAuthView.swift */,
				9EBDE92E28DE54BA00264AF3 /* AuthService.swift */,
			);
			path = Welcome;
			sourceTree = "<group>";
		};
		9EBDE8EA28DDEED400264AF3 /* Font */ = {
			isa = PBXGroup;
			children = (
				9EBDE8F428DDEF2F00264AF3 /* OFL.txt */,
				9EBDE8F728DDEF2F00264AF3 /* Poppins-Black.ttf */,
				9EBDE8F028DDEF2F00264AF3 /* Poppins-BlackItalic.ttf */,
				9EBDE8FA28DDEF2F00264AF3 /* Poppins-Bold.ttf */,
				9EBDE8F628DDEF2F00264AF3 /* Poppins-BoldItalic.ttf */,
				9EBDE8EC28DDEF2F00264AF3 /* Poppins-ExtraBold.ttf */,
				9EBDE8EE28DDEF2F00264AF3 /* Poppins-ExtraBoldItalic.ttf */,
				9EBDE8F228DDEF2F00264AF3 /* Poppins-ExtraLight.ttf */,
				9EBDE8ED28DDEF2F00264AF3 /* Poppins-ExtraLightItalic.ttf */,
				9EBDE8EF28DDEF2F00264AF3 /* Poppins-Italic.ttf */,
				9EBDE8F528DDEF2F00264AF3 /* Poppins-Light.ttf */,
				9EBDE8EB28DDEF2F00264AF3 /* Poppins-LightItalic.ttf */,
				9EBDE8F128DDEF2F00264AF3 /* Poppins-Medium.ttf */,
				9EBDE8F828DDEF2F00264AF3 /* Poppins-MediumItalic.ttf */,
				9EBDE8FB28DDEF2F00264AF3 /* Poppins-Regular.ttf */,
				9EBDE8F928DDEF2F00264AF3 /* Poppins-SemiBold.ttf */,
				9EBDE8FC28DDEF2F00264AF3 /* Poppins-SemiBoldItalic.ttf */,
				9EBDE8F328DDEF2F00264AF3 /* Poppins-Thin.ttf */,
				9EBDE8FD28DDEF2F00264AF3 /* Poppins-ThinItalic.ttf */,
			);
			path = Font;
			sourceTree = "<group>";
		};
		9EBDE91328DDF44100264AF3 /* Login */ = {
			isa = PBXGroup;
			children = (
				9EBDE91B28DDFD4200264AF3 /* LoginView.swift */,
			);
			path = Login;
			sourceTree = "<group>";
		};
		9EBDE91A28DDFCC300264AF3 /* Register */ = {
			isa = PBXGroup;
			children = (
				9EBDE91628DDF8FE00264AF3 /* EmailView.swift */,
				9EBDE92A28DE0EEA00264AF3 /* PasswordView.swift */,
			);
			path = Register;
			sourceTree = "<group>";
		};
		9EBEE6F228E5E45E00F9FCCC /* Settings */ = {
			isa = PBXGroup;
			children = (
				9EBEE6F028E5E15600F9FCCC /* PrivacyView.swift */,
				9EAADB2828E2FBD000F93097 /* SettingsView.swift */,
			);
			path = Settings;
			sourceTree = "<group>";
		};
/* End PBXGroup section */

/* Begin PBXNativeTarget section */
		9EAADB3228E3968400F93097 /* LYwidgetExtension */ = {
			isa = PBXNativeTarget;
			buildConfigurationList = 9EAADB4528E3968600F93097 /* Build configuration list for PBXNativeTarget "LYwidgetExtension" */;
			buildPhases = (
				9EAADB2F28E3968400F93097 /* Sources */,
				9EAADB3028E3968400F93097 /* Frameworks */,
				9EAADB3128E3968400F93097 /* Resources */,
			);
			buildRules = (
			);
			dependencies = (
			);
			name = LYwidgetExtension;
			productName = LYwidgetExtension;
			productReference = 9EAADB3328E3968400F93097 /* LYwidgetExtension.appex */;
			productType = "com.apple.product-type.app-extension";
		};
		9EBDE8D128DDD58A00264AF3 /* LastYear */ = {
			isa = PBXNativeTarget;
			buildConfigurationList = 9EBDE8E028DDD58C00264AF3 /* Build configuration list for PBXNativeTarget "LastYear" */;
			buildPhases = (
				9EBDE8CE28DDD58A00264AF3 /* Sources */,
				9EBDE8CF28DDD58A00264AF3 /* Frameworks */,
				9EBDE8D028DDD58A00264AF3 /* Resources */,
				9EAADB4828E3968600F93097 /* Embed Foundation Extensions */,
			);
			buildRules = (
			);
			dependencies = (
				9EAADB4328E3968600F93097 /* PBXTargetDependency */,
			);
			name = LastYear;
			packageProductDependencies = (
				9EBDE91E28DDFFEB00264AF3 /* FirebaseAnalytics */,
				9EBDE92028DDFFEB00264AF3 /* FirebaseAuth */,
				9EBDE92228DDFFEB00264AF3 /* FirebaseCrashlytics */,
				9EBDE92428DDFFEB00264AF3 /* FirebaseFirestore */,
			);
			productName = LastYear;
			productReference = 9EBDE8D228DDD58A00264AF3 /* LastYear.app */;
			productType = "com.apple.product-type.application";
		};
/* End PBXNativeTarget section */

/* Begin PBXProject section */
		9EBDE8CA28DDD58A00264AF3 /* Project object */ = {
			isa = PBXProject;
			attributes = {
				BuildIndependentTargetsInParallel = 1;
				LastSwiftUpdateCheck = 1400;
				LastUpgradeCheck = 1340;
				TargetAttributes = {
					9EAADB3228E3968400F93097 = {
						CreatedOnToolsVersion = 14.0;
					};
					9EBDE8D128DDD58A00264AF3 = {
						CreatedOnToolsVersion = 13.4.1;
					};
				};
			};
			buildConfigurationList = 9EBDE8CD28DDD58A00264AF3 /* Build configuration list for PBXProject "LastYear" */;
			compatibilityVersion = "Xcode 13.0";
			developmentRegion = en;
			hasScannedForEncodings = 0;
			knownRegions = (
				en,
				Base,
			);
			mainGroup = 9EBDE8C928DDD58A00264AF3;
			packageReferences = (
				9EBDE91D28DDFFEB00264AF3 /* XCRemoteSwiftPackageReference "firebase-ios-sdk" */,
			);
			productRefGroup = 9EBDE8D328DDD58A00264AF3 /* Products */;
			projectDirPath = "";
			projectRoot = "";
			targets = (
				9EBDE8D128DDD58A00264AF3 /* LastYear */,
				9EAADB3228E3968400F93097 /* LYwidgetExtension */,
			);
		};
/* End PBXProject section */

/* Begin PBXResourcesBuildPhase section */
		9EAADB3128E3968400F93097 /* Resources */ = {
			isa = PBXResourcesBuildPhase;
			buildActionMask = 2147483647;
			files = (
				9EAADB3E28E3968600F93097 /* Assets.xcassets in Resources */,
			);
			runOnlyForDeploymentPostprocessing = 0;
		};
		9EBDE8D028DDD58A00264AF3 /* Resources */ = {
			isa = PBXResourcesBuildPhase;
			buildActionMask = 2147483647;
			files = (
				9EBDE92728DE005400264AF3 /* GoogleService-Info.plist in Resources */,
				9EBDE90528DDEF2F00264AF3 /* Poppins-ExtraLight.ttf in Resources */,
				9EBDE90D28DDEF2F00264AF3 /* Poppins-Bold.ttf in Resources */,
				9EBDE90B28DDEF2F00264AF3 /* Poppins-MediumItalic.ttf in Resources */,
				9EBDE90828DDEF2F00264AF3 /* Poppins-Light.ttf in Resources */,
				9EBDE90128DDEF2F00264AF3 /* Poppins-ExtraBoldItalic.ttf in Resources */,
				9EBDE90F28DDEF2F00264AF3 /* Poppins-SemiBoldItalic.ttf in Resources */,
				9EBDE8FF28DDEF2F00264AF3 /* Poppins-ExtraBold.ttf in Resources */,
				9EBDE90228DDEF2F00264AF3 /* Poppins-Italic.ttf in Resources */,
				9EBDE8DD28DDD58C00264AF3 /* Preview Assets.xcassets in Resources */,
				9EBDE90328DDEF2F00264AF3 /* Poppins-BlackItalic.ttf in Resources */,
				9EBDE90728DDEF2F00264AF3 /* OFL.txt in Resources */,
				9EBDE90028DDEF2F00264AF3 /* Poppins-ExtraLightItalic.ttf in Resources */,
				9EBDE91028DDEF2F00264AF3 /* Poppins-ThinItalic.ttf in Resources */,
				9EBDE90A28DDEF2F00264AF3 /* Poppins-Black.ttf in Resources */,
				9EBDE90928DDEF2F00264AF3 /* Poppins-BoldItalic.ttf in Resources */,
				9EBDE90428DDEF2F00264AF3 /* Poppins-Medium.ttf in Resources */,
				9EBDE8FE28DDEF2F00264AF3 /* Poppins-LightItalic.ttf in Resources */,
				9EBDE90628DDEF2F00264AF3 /* Poppins-Thin.ttf in Resources */,
				9EBDE8DA28DDD58C00264AF3 /* Assets.xcassets in Resources */,
				9EBDE90E28DDEF2F00264AF3 /* Poppins-Regular.ttf in Resources */,
				9EBDE90C28DDEF2F00264AF3 /* Poppins-SemiBold.ttf in Resources */,
			);
			runOnlyForDeploymentPostprocessing = 0;
		};
/* End PBXResourcesBuildPhase section */

/* Begin PBXSourcesBuildPhase section */
		9EAADB2F28E3968400F93097 /* Sources */ = {
			isa = PBXSourcesBuildPhase;
			buildActionMask = 2147483647;
			files = (
				9EAADB3B28E3968400F93097 /* LYwidget.swift in Sources */,
				9EAADB4028E3968600F93097 /* LYwidget.intentdefinition in Sources */,
				9EAADB4D28E397C500F93097 /* Helper.swift in Sources */,
			);
			runOnlyForDeploymentPostprocessing = 0;
		};
		9EBDE8CE28DDD58A00264AF3 /* Sources */ = {
			isa = PBXSourcesBuildPhase;
			buildActionMask = 2147483647;
			files = (
				9EBDE93328E18DCE00264AF3 /* PermissionView.swift in Sources */,
				9EBEE6F128E5E15600F9FCCC /* PrivacyView.swift in Sources */,
				9EBDE8E928DDED0800264AF3 /* WelcomeView.swift in Sources */,
				9EBDE92B28DE0EEA00264AF3 /* PasswordView.swift in Sources */,
				9EBDE8E428DDDCE900264AF3 /* PhotoCard.swift in Sources */,
				9EBDE91528DDF44D00264AF3 /* ChoseAuthView.swift in Sources */,
				9EAADB2928E2FBD000F93097 /* SettingsView.swift in Sources */,
				9EBDE91C28DDFD4200264AF3 /* LoginView.swift in Sources */,
				9EBDE93128DE660F00264AF3 /* LoadingView.swift in Sources */,
				9EBDE91728DDF8FE00264AF3 /* EmailView.swift in Sources */,
				9EAADB4128E3968600F93097 /* LYwidget.intentdefinition in Sources */,
				9EBDE93528E195DD00264AF3 /* PhotoDetailView.swift in Sources */,
				9EAADB1E28E1E03D00F93097 /* PhotosViewModel.swift in Sources */,
				9EBDE92F28DE54BA00264AF3 /* AuthService.swift in Sources */,
				9EBDE8D828DDD58A00264AF3 /* MainView.swift in Sources */,
				9EAADB2D28E37FED00F93097 /* NotificationCenter.swift in Sources */,
				9EBDE92D28DE507600264AF3 /* LYUser.swift in Sources */,
				9EBDE8E628DDDD4B00264AF3 /* PhotoData.swift in Sources */,
				9EBDE8D628DDD58A00264AF3 /* LastYearApp.swift in Sources */,
				9EAADB2028E1F86C00F93097 /* AllPhotosView.swift in Sources */,
				9EAADB2B28E37A4A00F93097 /* NotificationPermissionView.swift in Sources */,
				9EBEE6EE28E5C1E000F9FCCC /* LogoView.swift in Sources */,
				9EBDE92928DE021200264AF3 /* FirebaseHandler.swift in Sources */,
				9EAADB2228E2633B00F93097 /* Formatters.swift in Sources */,
				9EAADB4C28E3976900F93097 /* Helper.swift in Sources */,
				9E98039228E1C8770036AFEC /* PermissionHandler.swift in Sources */,
			);
			runOnlyForDeploymentPostprocessing = 0;
		};
/* End PBXSourcesBuildPhase section */

/* Begin PBXTargetDependency section */
		9EAADB4328E3968600F93097 /* PBXTargetDependency */ = {
			isa = PBXTargetDependency;
			target = 9EAADB3228E3968400F93097 /* LYwidgetExtension */;
			targetProxy = 9EAADB4228E3968600F93097 /* PBXContainerItemProxy */;
		};
/* End PBXTargetDependency section */

/* Begin XCBuildConfiguration section */
		9EAADB4628E3968600F93097 /* Debug */ = {
			isa = XCBuildConfiguration;
			buildSettings = {
				ASSETCATALOG_COMPILER_GLOBAL_ACCENT_COLOR_NAME = AccentColor;
				ASSETCATALOG_COMPILER_WIDGET_BACKGROUND_COLOR_NAME = WidgetBackground;
				CLANG_CXX_LANGUAGE_STANDARD = "gnu++20";
				CODE_SIGN_ENTITLEMENTS = LYwidgetExtension.entitlements;
				CODE_SIGN_STYLE = Automatic;
				CURRENT_PROJECT_VERSION = 1;
				DEVELOPMENT_TEAM = 2B6FWRNH2M;
				GENERATE_INFOPLIST_FILE = YES;
				INFOPLIST_FILE = LYwidget/Info.plist;
				INFOPLIST_KEY_CFBundleDisplayName = LYwidget;
				INFOPLIST_KEY_NSHumanReadableCopyright = "";
				LD_RUNPATH_SEARCH_PATHS = (
					"$(inherited)",
					"@executable_path/Frameworks",
					"@executable_path/../../Frameworks",
				);
				MARKETING_VERSION = 1.0;
				PRODUCT_BUNDLE_IDENTIFIER = "at.kuehnel.LastYear-test.LYwidget";
				PRODUCT_NAME = "$(TARGET_NAME)";
				SKIP_INSTALL = YES;
				SWIFT_EMIT_LOC_STRINGS = YES;
				SWIFT_VERSION = 5.0;
				TARGETED_DEVICE_FAMILY = 1;
			};
			name = Debug;
		};
		9EAADB4728E3968600F93097 /* Release */ = {
			isa = XCBuildConfiguration;
			buildSettings = {
				ASSETCATALOG_COMPILER_GLOBAL_ACCENT_COLOR_NAME = AccentColor;
				ASSETCATALOG_COMPILER_WIDGET_BACKGROUND_COLOR_NAME = WidgetBackground;
				CLANG_CXX_LANGUAGE_STANDARD = "gnu++20";
				CODE_SIGN_ENTITLEMENTS = LYwidgetExtension.entitlements;
				CODE_SIGN_STYLE = Automatic;
				CURRENT_PROJECT_VERSION = 1;
				DEVELOPMENT_TEAM = 2B6FWRNH2M;
				GENERATE_INFOPLIST_FILE = YES;
				INFOPLIST_FILE = LYwidget/Info.plist;
				INFOPLIST_KEY_CFBundleDisplayName = LYwidget;
				INFOPLIST_KEY_NSHumanReadableCopyright = "";
				LD_RUNPATH_SEARCH_PATHS = (
					"$(inherited)",
					"@executable_path/Frameworks",
					"@executable_path/../../Frameworks",
				);
				MARKETING_VERSION = 1.0;
				PRODUCT_BUNDLE_IDENTIFIER = "at.kuehnel.LastYear-test.LYwidget";
				PRODUCT_NAME = "$(TARGET_NAME)";
				SKIP_INSTALL = YES;
				SWIFT_EMIT_LOC_STRINGS = YES;
				SWIFT_VERSION = 5.0;
				TARGETED_DEVICE_FAMILY = 1;
			};
			name = Release;
		};
		9EBDE8DE28DDD58C00264AF3 /* Debug */ = {
			isa = XCBuildConfiguration;
			buildSettings = {
				ALWAYS_SEARCH_USER_PATHS = NO;
				CLANG_ANALYZER_NONNULL = YES;
				CLANG_ANALYZER_NUMBER_OBJECT_CONVERSION = YES_AGGRESSIVE;
				CLANG_CXX_LANGUAGE_STANDARD = "gnu++17";
				CLANG_ENABLE_MODULES = YES;
				CLANG_ENABLE_OBJC_ARC = YES;
				CLANG_ENABLE_OBJC_WEAK = YES;
				CLANG_WARN_BLOCK_CAPTURE_AUTORELEASING = YES;
				CLANG_WARN_BOOL_CONVERSION = YES;
				CLANG_WARN_COMMA = YES;
				CLANG_WARN_CONSTANT_CONVERSION = YES;
				CLANG_WARN_DEPRECATED_OBJC_IMPLEMENTATIONS = YES;
				CLANG_WARN_DIRECT_OBJC_ISA_USAGE = YES_ERROR;
				CLANG_WARN_DOCUMENTATION_COMMENTS = YES;
				CLANG_WARN_EMPTY_BODY = YES;
				CLANG_WARN_ENUM_CONVERSION = YES;
				CLANG_WARN_INFINITE_RECURSION = YES;
				CLANG_WARN_INT_CONVERSION = YES;
				CLANG_WARN_NON_LITERAL_NULL_CONVERSION = YES;
				CLANG_WARN_OBJC_IMPLICIT_RETAIN_SELF = YES;
				CLANG_WARN_OBJC_LITERAL_CONVERSION = YES;
				CLANG_WARN_OBJC_ROOT_CLASS = YES_ERROR;
				CLANG_WARN_QUOTED_INCLUDE_IN_FRAMEWORK_HEADER = YES;
				CLANG_WARN_RANGE_LOOP_ANALYSIS = YES;
				CLANG_WARN_STRICT_PROTOTYPES = YES;
				CLANG_WARN_SUSPICIOUS_MOVE = YES;
				CLANG_WARN_UNGUARDED_AVAILABILITY = YES_AGGRESSIVE;
				CLANG_WARN_UNREACHABLE_CODE = YES;
				CLANG_WARN__DUPLICATE_METHOD_MATCH = YES;
				COPY_PHASE_STRIP = NO;
				DEBUG_INFORMATION_FORMAT = dwarf;
				ENABLE_STRICT_OBJC_MSGSEND = YES;
				ENABLE_TESTABILITY = YES;
				GCC_C_LANGUAGE_STANDARD = gnu11;
				GCC_DYNAMIC_NO_PIC = NO;
				GCC_NO_COMMON_BLOCKS = YES;
				GCC_OPTIMIZATION_LEVEL = 0;
				GCC_PREPROCESSOR_DEFINITIONS = (
					"DEBUG=1",
					"$(inherited)",
				);
				GCC_WARN_64_TO_32_BIT_CONVERSION = YES;
				GCC_WARN_ABOUT_RETURN_TYPE = YES_ERROR;
				GCC_WARN_UNDECLARED_SELECTOR = YES;
				GCC_WARN_UNINITIALIZED_AUTOS = YES_AGGRESSIVE;
				GCC_WARN_UNUSED_FUNCTION = YES;
				GCC_WARN_UNUSED_VARIABLE = YES;
				IPHONEOS_DEPLOYMENT_TARGET = 16.0;
				MTL_ENABLE_DEBUG_INFO = INCLUDE_SOURCE;
				MTL_FAST_MATH = YES;
				ONLY_ACTIVE_ARCH = YES;
				SDKROOT = iphoneos;
				SWIFT_ACTIVE_COMPILATION_CONDITIONS = DEBUG;
				SWIFT_OPTIMIZATION_LEVEL = "-Onone";
			};
			name = Debug;
		};
		9EBDE8DF28DDD58C00264AF3 /* Release */ = {
			isa = XCBuildConfiguration;
			buildSettings = {
				ALWAYS_SEARCH_USER_PATHS = NO;
				CLANG_ANALYZER_NONNULL = YES;
				CLANG_ANALYZER_NUMBER_OBJECT_CONVERSION = YES_AGGRESSIVE;
				CLANG_CXX_LANGUAGE_STANDARD = "gnu++17";
				CLANG_ENABLE_MODULES = YES;
				CLANG_ENABLE_OBJC_ARC = YES;
				CLANG_ENABLE_OBJC_WEAK = YES;
				CLANG_WARN_BLOCK_CAPTURE_AUTORELEASING = YES;
				CLANG_WARN_BOOL_CONVERSION = YES;
				CLANG_WARN_COMMA = YES;
				CLANG_WARN_CONSTANT_CONVERSION = YES;
				CLANG_WARN_DEPRECATED_OBJC_IMPLEMENTATIONS = YES;
				CLANG_WARN_DIRECT_OBJC_ISA_USAGE = YES_ERROR;
				CLANG_WARN_DOCUMENTATION_COMMENTS = YES;
				CLANG_WARN_EMPTY_BODY = YES;
				CLANG_WARN_ENUM_CONVERSION = YES;
				CLANG_WARN_INFINITE_RECURSION = YES;
				CLANG_WARN_INT_CONVERSION = YES;
				CLANG_WARN_NON_LITERAL_NULL_CONVERSION = YES;
				CLANG_WARN_OBJC_IMPLICIT_RETAIN_SELF = YES;
				CLANG_WARN_OBJC_LITERAL_CONVERSION = YES;
				CLANG_WARN_OBJC_ROOT_CLASS = YES_ERROR;
				CLANG_WARN_QUOTED_INCLUDE_IN_FRAMEWORK_HEADER = YES;
				CLANG_WARN_RANGE_LOOP_ANALYSIS = YES;
				CLANG_WARN_STRICT_PROTOTYPES = YES;
				CLANG_WARN_SUSPICIOUS_MOVE = YES;
				CLANG_WARN_UNGUARDED_AVAILABILITY = YES_AGGRESSIVE;
				CLANG_WARN_UNREACHABLE_CODE = YES;
				CLANG_WARN__DUPLICATE_METHOD_MATCH = YES;
				COPY_PHASE_STRIP = NO;
				DEBUG_INFORMATION_FORMAT = "dwarf-with-dsym";
				ENABLE_NS_ASSERTIONS = NO;
				ENABLE_STRICT_OBJC_MSGSEND = YES;
				GCC_C_LANGUAGE_STANDARD = gnu11;
				GCC_NO_COMMON_BLOCKS = YES;
				GCC_WARN_64_TO_32_BIT_CONVERSION = YES;
				GCC_WARN_ABOUT_RETURN_TYPE = YES_ERROR;
				GCC_WARN_UNDECLARED_SELECTOR = YES;
				GCC_WARN_UNINITIALIZED_AUTOS = YES_AGGRESSIVE;
				GCC_WARN_UNUSED_FUNCTION = YES;
				GCC_WARN_UNUSED_VARIABLE = YES;
				IPHONEOS_DEPLOYMENT_TARGET = 16.0;
				MTL_ENABLE_DEBUG_INFO = NO;
				MTL_FAST_MATH = YES;
				SDKROOT = iphoneos;
				SWIFT_COMPILATION_MODE = wholemodule;
				SWIFT_OPTIMIZATION_LEVEL = "-O";
				VALIDATE_PRODUCT = YES;
			};
			name = Release;
		};
		9EBDE8E128DDD58C00264AF3 /* Debug */ = {
			isa = XCBuildConfiguration;
			buildSettings = {
				ALWAYS_EMBED_SWIFT_STANDARD_LIBRARIES = YES;
				ASSETCATALOG_COMPILER_APPICON_NAME = AppIcon;
				ASSETCATALOG_COMPILER_GLOBAL_ACCENT_COLOR_NAME = AccentColor;
				CODE_SIGN_ENTITLEMENTS = LastYear/LastYear.entitlements;
				CODE_SIGN_STYLE = Automatic;
				CURRENT_PROJECT_VERSION = 1;
				DEVELOPMENT_ASSET_PATHS = "\"LastYear/Preview Content\"";
				DEVELOPMENT_TEAM = 846WZ8H33D;
				ENABLE_PREVIEWS = YES;
				GENERATE_INFOPLIST_FILE = YES;
				INFOPLIST_FILE = LastYear/Info.plist;
				INFOPLIST_KEY_LSApplicationCategoryType = "public.app-category.lifestyle";
				INFOPLIST_KEY_UIApplicationSceneManifest_Generation = YES;
				INFOPLIST_KEY_UIApplicationSupportsIndirectInputEvents = YES;
				INFOPLIST_KEY_UILaunchScreen_Generation = YES;
				INFOPLIST_KEY_UISupportedInterfaceOrientations_iPad = "UIInterfaceOrientationPortrait UIInterfaceOrientationPortraitUpsideDown UIInterfaceOrientationLandscapeLeft UIInterfaceOrientationLandscapeRight";
				INFOPLIST_KEY_UISupportedInterfaceOrientations_iPhone = "UIInterfaceOrientationPortrait UIInterfaceOrientationLandscapeLeft UIInterfaceOrientationLandscapeRight";
				IPHONEOS_DEPLOYMENT_TARGET = 16.0;
				LD_RUNPATH_SEARCH_PATHS = (
					"$(inherited)",
					"@executable_path/Frameworks",
				);
				MARKETING_VERSION = 1.0;
				PRODUCT_BUNDLE_IDENTIFIER = de.lichtenberg.LastYear;
				PRODUCT_NAME = "$(TARGET_NAME)";
				SWIFT_EMIT_LOC_STRINGS = YES;
				SWIFT_VERSION = 5.0;
				TARGETED_DEVICE_FAMILY = 1;
			};
			name = Debug;
		};
		9EBDE8E228DDD58C00264AF3 /* Release */ = {
			isa = XCBuildConfiguration;
			buildSettings = {
				ALWAYS_EMBED_SWIFT_STANDARD_LIBRARIES = YES;
				ASSETCATALOG_COMPILER_APPICON_NAME = AppIcon;
				ASSETCATALOG_COMPILER_GLOBAL_ACCENT_COLOR_NAME = AccentColor;
				CODE_SIGN_ENTITLEMENTS = LastYear/LastYear.entitlements;
				CODE_SIGN_STYLE = Automatic;
				CURRENT_PROJECT_VERSION = 1;
				DEVELOPMENT_ASSET_PATHS = "\"LastYear/Preview Content\"";
				DEVELOPMENT_TEAM = 846WZ8H33D;
				ENABLE_PREVIEWS = YES;
				GENERATE_INFOPLIST_FILE = YES;
				INFOPLIST_FILE = LastYear/Info.plist;
				INFOPLIST_KEY_LSApplicationCategoryType = "public.app-category.lifestyle";
				INFOPLIST_KEY_UIApplicationSceneManifest_Generation = YES;
				INFOPLIST_KEY_UIApplicationSupportsIndirectInputEvents = YES;
				INFOPLIST_KEY_UILaunchScreen_Generation = YES;
				INFOPLIST_KEY_UISupportedInterfaceOrientations_iPad = "UIInterfaceOrientationPortrait UIInterfaceOrientationPortraitUpsideDown UIInterfaceOrientationLandscapeLeft UIInterfaceOrientationLandscapeRight";
				INFOPLIST_KEY_UISupportedInterfaceOrientations_iPhone = "UIInterfaceOrientationPortrait UIInterfaceOrientationLandscapeLeft UIInterfaceOrientationLandscapeRight";
				IPHONEOS_DEPLOYMENT_TARGET = 16.0;
				LD_RUNPATH_SEARCH_PATHS = (
					"$(inherited)",
					"@executable_path/Frameworks",
				);
				MARKETING_VERSION = 1.0;
				PRODUCT_BUNDLE_IDENTIFIER = de.lichtenberg.LastYear;
				PRODUCT_NAME = "$(TARGET_NAME)";
				SWIFT_EMIT_LOC_STRINGS = YES;
				SWIFT_VERSION = 5.0;
				TARGETED_DEVICE_FAMILY = 1;
			};
			name = Release;
		};
/* End XCBuildConfiguration section */

/* Begin XCConfigurationList section */
		9EAADB4528E3968600F93097 /* Build configuration list for PBXNativeTarget "LYwidgetExtension" */ = {
			isa = XCConfigurationList;
			buildConfigurations = (
				9EAADB4628E3968600F93097 /* Debug */,
				9EAADB4728E3968600F93097 /* Release */,
			);
			defaultConfigurationIsVisible = 0;
			defaultConfigurationName = Release;
		};
		9EBDE8CD28DDD58A00264AF3 /* Build configuration list for PBXProject "LastYear" */ = {
			isa = XCConfigurationList;
			buildConfigurations = (
				9EBDE8DE28DDD58C00264AF3 /* Debug */,
				9EBDE8DF28DDD58C00264AF3 /* Release */,
			);
			defaultConfigurationIsVisible = 0;
			defaultConfigurationName = Release;
		};
		9EBDE8E028DDD58C00264AF3 /* Build configuration list for PBXNativeTarget "LastYear" */ = {
			isa = XCConfigurationList;
			buildConfigurations = (
				9EBDE8E128DDD58C00264AF3 /* Debug */,
				9EBDE8E228DDD58C00264AF3 /* Release */,
			);
			defaultConfigurationIsVisible = 0;
			defaultConfigurationName = Release;
		};
/* End XCConfigurationList section */

/* Begin XCRemoteSwiftPackageReference section */
		9EBDE91D28DDFFEB00264AF3 /* XCRemoteSwiftPackageReference "firebase-ios-sdk" */ = {
			isa = XCRemoteSwiftPackageReference;
			repositoryURL = "https://github.com/firebase/firebase-ios-sdk.git";
			requirement = {
				branch = master;
				kind = branch;
			};
		};
/* End XCRemoteSwiftPackageReference section */

/* Begin XCSwiftPackageProductDependency section */
		9EBDE91E28DDFFEB00264AF3 /* FirebaseAnalytics */ = {
			isa = XCSwiftPackageProductDependency;
			package = 9EBDE91D28DDFFEB00264AF3 /* XCRemoteSwiftPackageReference "firebase-ios-sdk" */;
			productName = FirebaseAnalytics;
		};
		9EBDE92028DDFFEB00264AF3 /* FirebaseAuth */ = {
			isa = XCSwiftPackageProductDependency;
			package = 9EBDE91D28DDFFEB00264AF3 /* XCRemoteSwiftPackageReference "firebase-ios-sdk" */;
			productName = FirebaseAuth;
		};
		9EBDE92228DDFFEB00264AF3 /* FirebaseCrashlytics */ = {
			isa = XCSwiftPackageProductDependency;
			package = 9EBDE91D28DDFFEB00264AF3 /* XCRemoteSwiftPackageReference "firebase-ios-sdk" */;
			productName = FirebaseCrashlytics;
		};
		9EBDE92428DDFFEB00264AF3 /* FirebaseFirestore */ = {
			isa = XCSwiftPackageProductDependency;
			package = 9EBDE91D28DDFFEB00264AF3 /* XCRemoteSwiftPackageReference "firebase-ios-sdk" */;
			productName = FirebaseFirestore;
		};
/* End XCSwiftPackageProductDependency section */
	};
	rootObject = 9EBDE8CA28DDD58A00264AF3 /* Project object */;
}
