// !$*UTF8*$!
{
	archiveVersion = 1;
	classes = {
	};
	objectVersion = 55;
	objects = {

/* Begin PBXBuildFile section */
		9EBDE8D628DDD58A00264AF3 /* LastYearApp.swift in Sources */ = {isa = PBXBuildFile; fileRef = 9EBDE8D528DDD58A00264AF3 /* LastYearApp.swift */; };
		9EBDE8D828DDD58A00264AF3 /* ContentView.swift in Sources */ = {isa = PBXBuildFile; fileRef = 9EBDE8D728DDD58A00264AF3 /* ContentView.swift */; };
		9EBDE8DA28DDD58C00264AF3 /* Assets.xcassets in Resources */ = {isa = PBXBuildFile; fileRef = 9EBDE8D928DDD58C00264AF3 /* Assets.xcassets */; };
		9EBDE8DD28DDD58C00264AF3 /* Preview Assets.xcassets in Resources */ = {isa = PBXBuildFile; fileRef = 9EBDE8DC28DDD58C00264AF3 /* Preview Assets.xcassets */; };
		9EBDE8E428DDDCE900264AF3 /* PhotoCard.swift in Sources */ = {isa = PBXBuildFile; fileRef = 9EBDE8E328DDDCE900264AF3 /* PhotoCard.swift */; };
		9EBDE8E628DDDD4B00264AF3 /* PhotoData.swift in Sources */ = {isa = PBXBuildFile; fileRef = 9EBDE8E528DDDD4B00264AF3 /* PhotoData.swift */; };
		9EBDE8E928DDED0800264AF3 /* WelcomeView.swift in Sources */ = {isa = PBXBuildFile; fileRef = 9EBDE8E828DDED0800264AF3 /* WelcomeView.swift */; };
		9EBDE8FE28DDEF2F00264AF3 /* Poppins-LightItalic.ttf in Resources */ = {isa = PBXBuildFile; fileRef = 9EBDE8EB28DDEF2F00264AF3 /* Poppins-LightItalic.ttf */; };
		9EBDE8FF28DDEF2F00264AF3 /* Poppins-ExtraBold.ttf in Resources */ = {isa = PBXBuildFile; fileRef = 9EBDE8EC28DDEF2F00264AF3 /* Poppins-ExtraBold.ttf */; };
		9EBDE90028DDEF2F00264AF3 /* Poppins-ExtraLightItalic.ttf in Resources */ = {isa = PBXBuildFile; fileRef = 9EBDE8ED28DDEF2F00264AF3 /* Poppins-ExtraLightItalic.ttf */; };
		9EBDE90128DDEF2F00264AF3 /* Poppins-ExtraBoldItalic.ttf in Resources */ = {isa = PBXBuildFile; fileRef = 9EBDE8EE28DDEF2F00264AF3 /* Poppins-ExtraBoldItalic.ttf */; };
		9EBDE90228DDEF2F00264AF3 /* Poppins-Italic.ttf in Resources */ = {isa = PBXBuildFile; fileRef = 9EBDE8EF28DDEF2F00264AF3 /* Poppins-Italic.ttf */; };
		9EBDE90328DDEF2F00264AF3 /* Poppins-BlackItalic.ttf in Resources */ = {isa = PBXBuildFile; fileRef = 9EBDE8F028DDEF2F00264AF3 /* Poppins-BlackItalic.ttf */; };
		9EBDE90428DDEF2F00264AF3 /* Poppins-Medium.ttf in Resources */ = {isa = PBXBuildFile; fileRef = 9EBDE8F128DDEF2F00264AF3 /* Poppins-Medium.ttf */; };
		9EBDE90528DDEF2F00264AF3 /* Poppins-ExtraLight.ttf in Resources */ = {isa = PBXBuildFile; fileRef = 9EBDE8F228DDEF2F00264AF3 /* Poppins-ExtraLight.ttf */; };
		9EBDE90628DDEF2F00264AF3 /* Poppins-Thin.ttf in Resources */ = {isa = PBXBuildFile; fileRef = 9EBDE8F328DDEF2F00264AF3 /* Poppins-Thin.ttf */; };
		9EBDE90728DDEF2F00264AF3 /* OFL.txt in Resources */ = {isa = PBXBuildFile; fileRef = 9EBDE8F428DDEF2F00264AF3 /* OFL.txt */; };
		9EBDE90828DDEF2F00264AF3 /* Poppins-Light.ttf in Resources */ = {isa = PBXBuildFile; fileRef = 9EBDE8F528DDEF2F00264AF3 /* Poppins-Light.ttf */; };
		9EBDE90928DDEF2F00264AF3 /* Poppins-BoldItalic.ttf in Resources */ = {isa = PBXBuildFile; fileRef = 9EBDE8F628DDEF2F00264AF3 /* Poppins-BoldItalic.ttf */; };
		9EBDE90A28DDEF2F00264AF3 /* Poppins-Black.ttf in Resources */ = {isa = PBXBuildFile; fileRef = 9EBDE8F728DDEF2F00264AF3 /* Poppins-Black.ttf */; };
		9EBDE90B28DDEF2F00264AF3 /* Poppins-MediumItalic.ttf in Resources */ = {isa = PBXBuildFile; fileRef = 9EBDE8F828DDEF2F00264AF3 /* Poppins-MediumItalic.ttf */; };
		9EBDE90C28DDEF2F00264AF3 /* Poppins-SemiBold.ttf in Resources */ = {isa = PBXBuildFile; fileRef = 9EBDE8F928DDEF2F00264AF3 /* Poppins-SemiBold.ttf */; };
		9EBDE90D28DDEF2F00264AF3 /* Poppins-Bold.ttf in Resources */ = {isa = PBXBuildFile; fileRef = 9EBDE8FA28DDEF2F00264AF3 /* Poppins-Bold.ttf */; };
		9EBDE90E28DDEF2F00264AF3 /* Poppins-Regular.ttf in Resources */ = {isa = PBXBuildFile; fileRef = 9EBDE8FB28DDEF2F00264AF3 /* Poppins-Regular.ttf */; };
		9EBDE90F28DDEF2F00264AF3 /* Poppins-SemiBoldItalic.ttf in Resources */ = {isa = PBXBuildFile; fileRef = 9EBDE8FC28DDEF2F00264AF3 /* Poppins-SemiBoldItalic.ttf */; };
		9EBDE91028DDEF2F00264AF3 /* Poppins-ThinItalic.ttf in Resources */ = {isa = PBXBuildFile; fileRef = 9EBDE8FD28DDEF2F00264AF3 /* Poppins-ThinItalic.ttf */; };
		9EBDE91528DDF44D00264AF3 /* ChoseAuthView.swift in Sources */ = {isa = PBXBuildFile; fileRef = 9EBDE91428DDF44C00264AF3 /* ChoseAuthView.swift */; };
		9EBDE91728DDF8FE00264AF3 /* EmailView.swift in Sources */ = {isa = PBXBuildFile; fileRef = 9EBDE91628DDF8FE00264AF3 /* EmailView.swift */; };
		9EBDE91928DDF97200264AF3 /* Helper.swift in Sources */ = {isa = PBXBuildFile; fileRef = 9EBDE91828DDF97200264AF3 /* Helper.swift */; };
		9EBDE91C28DDFD4200264AF3 /* LoginView.swift in Sources */ = {isa = PBXBuildFile; fileRef = 9EBDE91B28DDFD4200264AF3 /* LoginView.swift */; };
		9EBDE91F28DDFFEB00264AF3 /* FirebaseAnalytics in Frameworks */ = {isa = PBXBuildFile; productRef = 9EBDE91E28DDFFEB00264AF3 /* FirebaseAnalytics */; };
		9EBDE92128DDFFEB00264AF3 /* FirebaseAuth in Frameworks */ = {isa = PBXBuildFile; productRef = 9EBDE92028DDFFEB00264AF3 /* FirebaseAuth */; };
		9EBDE92328DDFFEB00264AF3 /* FirebaseCrashlytics in Frameworks */ = {isa = PBXBuildFile; productRef = 9EBDE92228DDFFEB00264AF3 /* FirebaseCrashlytics */; };
		9EBDE92528DDFFEB00264AF3 /* FirebaseFirestore in Frameworks */ = {isa = PBXBuildFile; productRef = 9EBDE92428DDFFEB00264AF3 /* FirebaseFirestore */; };
		9EBDE92728DE005400264AF3 /* GoogleService-Info.plist in Resources */ = {isa = PBXBuildFile; fileRef = 9EBDE92628DE005300264AF3 /* GoogleService-Info.plist */; };
		9EBDE92928DE021200264AF3 /* FirebaseHandler.swift in Sources */ = {isa = PBXBuildFile; fileRef = 9EBDE92828DE021200264AF3 /* FirebaseHandler.swift */; };
		9EBDE92B28DE0EEA00264AF3 /* PasswordView.swift in Sources */ = {isa = PBXBuildFile; fileRef = 9EBDE92A28DE0EEA00264AF3 /* PasswordView.swift */; };
		9EBDE92D28DE507600264AF3 /* LYUser.swift in Sources */ = {isa = PBXBuildFile; fileRef = 9EBDE92C28DE507600264AF3 /* LYUser.swift */; };
		9EBDE92F28DE54BA00264AF3 /* AuthService.swift in Sources */ = {isa = PBXBuildFile; fileRef = 9EBDE92E28DE54BA00264AF3 /* AuthService.swift */; };
		9EBDE93128DE660F00264AF3 /* LoadingView.swift in Sources */ = {isa = PBXBuildFile; fileRef = 9EBDE93028DE660F00264AF3 /* LoadingView.swift */; };
/* End PBXBuildFile section */

/* Begin PBXFileReference section */
		9EBDE8D228DDD58A00264AF3 /* LastYear.app */ = {isa = PBXFileReference; explicitFileType = wrapper.application; includeInIndex = 0; path = LastYear.app; sourceTree = BUILT_PRODUCTS_DIR; };
		9EBDE8D528DDD58A00264AF3 /* LastYearApp.swift */ = {isa = PBXFileReference; lastKnownFileType = sourcecode.swift; path = LastYearApp.swift; sourceTree = "<group>"; };
		9EBDE8D728DDD58A00264AF3 /* ContentView.swift */ = {isa = PBXFileReference; lastKnownFileType = sourcecode.swift; path = ContentView.swift; sourceTree = "<group>"; };
		9EBDE8D928DDD58C00264AF3 /* Assets.xcassets */ = {isa = PBXFileReference; lastKnownFileType = folder.assetcatalog; path = Assets.xcassets; sourceTree = "<group>"; };
		9EBDE8DC28DDD58C00264AF3 /* Preview Assets.xcassets */ = {isa = PBXFileReference; lastKnownFileType = folder.assetcatalog; path = "Preview Assets.xcassets"; sourceTree = "<group>"; };
		9EBDE8E328DDDCE900264AF3 /* PhotoCard.swift */ = {isa = PBXFileReference; lastKnownFileType = sourcecode.swift; path = PhotoCard.swift; sourceTree = "<group>"; };
		9EBDE8E528DDDD4B00264AF3 /* PhotoData.swift */ = {isa = PBXFileReference; lastKnownFileType = sourcecode.swift; path = PhotoData.swift; sourceTree = "<group>"; };
		9EBDE8E828DDED0800264AF3 /* WelcomeView.swift */ = {isa = PBXFileReference; lastKnownFileType = sourcecode.swift; path = WelcomeView.swift; sourceTree = "<group>"; };
		9EBDE8EB28DDEF2F00264AF3 /* Poppins-LightItalic.ttf */ = {isa = PBXFileReference; lastKnownFileType = file; path = "Poppins-LightItalic.ttf"; sourceTree = "<group>"; };
		9EBDE8EC28DDEF2F00264AF3 /* Poppins-ExtraBold.ttf */ = {isa = PBXFileReference; lastKnownFileType = file; path = "Poppins-ExtraBold.ttf"; sourceTree = "<group>"; };
		9EBDE8ED28DDEF2F00264AF3 /* Poppins-ExtraLightItalic.ttf */ = {isa = PBXFileReference; lastKnownFileType = file; path = "Poppins-ExtraLightItalic.ttf"; sourceTree = "<group>"; };
		9EBDE8EE28DDEF2F00264AF3 /* Poppins-ExtraBoldItalic.ttf */ = {isa = PBXFileReference; lastKnownFileType = file; path = "Poppins-ExtraBoldItalic.ttf"; sourceTree = "<group>"; };
		9EBDE8EF28DDEF2F00264AF3 /* Poppins-Italic.ttf */ = {isa = PBXFileReference; lastKnownFileType = file; path = "Poppins-Italic.ttf"; sourceTree = "<group>"; };
		9EBDE8F028DDEF2F00264AF3 /* Poppins-BlackItalic.ttf */ = {isa = PBXFileReference; lastKnownFileType = file; path = "Poppins-BlackItalic.ttf"; sourceTree = "<group>"; };
		9EBDE8F128DDEF2F00264AF3 /* Poppins-Medium.ttf */ = {isa = PBXFileReference; lastKnownFileType = file; path = "Poppins-Medium.ttf"; sourceTree = "<group>"; };
		9EBDE8F228DDEF2F00264AF3 /* Poppins-ExtraLight.ttf */ = {isa = PBXFileReference; lastKnownFileType = file; path = "Poppins-ExtraLight.ttf"; sourceTree = "<group>"; };
		9EBDE8F328DDEF2F00264AF3 /* Poppins-Thin.ttf */ = {isa = PBXFileReference; lastKnownFileType = file; path = "Poppins-Thin.ttf"; sourceTree = "<group>"; };
		9EBDE8F428DDEF2F00264AF3 /* OFL.txt */ = {isa = PBXFileReference; fileEncoding = 4; lastKnownFileType = text; path = OFL.txt; sourceTree = "<group>"; };
		9EBDE8F528DDEF2F00264AF3 /* Poppins-Light.ttf */ = {isa = PBXFileReference; lastKnownFileType = file; path = "Poppins-Light.ttf"; sourceTree = "<group>"; };
		9EBDE8F628DDEF2F00264AF3 /* Poppins-BoldItalic.ttf */ = {isa = PBXFileReference; lastKnownFileType = file; path = "Poppins-BoldItalic.ttf"; sourceTree = "<group>"; };
		9EBDE8F728DDEF2F00264AF3 /* Poppins-Black.ttf */ = {isa = PBXFileReference; lastKnownFileType = file; path = "Poppins-Black.ttf"; sourceTree = "<group>"; };
		9EBDE8F828DDEF2F00264AF3 /* Poppins-MediumItalic.ttf */ = {isa = PBXFileReference; lastKnownFileType = file; path = "Poppins-MediumItalic.ttf"; sourceTree = "<group>"; };
		9EBDE8F928DDEF2F00264AF3 /* Poppins-SemiBold.ttf */ = {isa = PBXFileReference; lastKnownFileType = file; path = "Poppins-SemiBold.ttf"; sourceTree = "<group>"; };
		9EBDE8FA28DDEF2F00264AF3 /* Poppins-Bold.ttf */ = {isa = PBXFileReference; lastKnownFileType = file; path = "Poppins-Bold.ttf"; sourceTree = "<group>"; };
		9EBDE8FB28DDEF2F00264AF3 /* Poppins-Regular.ttf */ = {isa = PBXFileReference; lastKnownFileType = file; path = "Poppins-Regular.ttf"; sourceTree = "<group>"; };
		9EBDE8FC28DDEF2F00264AF3 /* Poppins-SemiBoldItalic.ttf */ = {isa = PBXFileReference; lastKnownFileType = file; path = "Poppins-SemiBoldItalic.ttf"; sourceTree = "<group>"; };
		9EBDE8FD28DDEF2F00264AF3 /* Poppins-ThinItalic.ttf */ = {isa = PBXFileReference; lastKnownFileType = file; path = "Poppins-ThinItalic.ttf"; sourceTree = "<group>"; };
		9EBDE91128DDEF9200264AF3 /* Info.plist */ = {isa = PBXFileReference; lastKnownFileType = text.plist; path = Info.plist; sourceTree = "<group>"; };
		9EBDE91428DDF44C00264AF3 /* ChoseAuthView.swift */ = {isa = PBXFileReference; lastKnownFileType = sourcecode.swift; path = ChoseAuthView.swift; sourceTree = "<group>"; };
		9EBDE91628DDF8FE00264AF3 /* EmailView.swift */ = {isa = PBXFileReference; lastKnownFileType = sourcecode.swift; path = EmailView.swift; sourceTree = "<group>"; };
		9EBDE91828DDF97200264AF3 /* Helper.swift */ = {isa = PBXFileReference; lastKnownFileType = sourcecode.swift; path = Helper.swift; sourceTree = "<group>"; };
		9EBDE91B28DDFD4200264AF3 /* LoginView.swift */ = {isa = PBXFileReference; lastKnownFileType = sourcecode.swift; path = LoginView.swift; sourceTree = "<group>"; };
		9EBDE92628DE005300264AF3 /* GoogleService-Info.plist */ = {isa = PBXFileReference; fileEncoding = 4; lastKnownFileType = text.plist.xml; path = "GoogleService-Info.plist"; sourceTree = "<group>"; };
		9EBDE92828DE021200264AF3 /* FirebaseHandler.swift */ = {isa = PBXFileReference; lastKnownFileType = sourcecode.swift; path = FirebaseHandler.swift; sourceTree = "<group>"; };
		9EBDE92A28DE0EEA00264AF3 /* PasswordView.swift */ = {isa = PBXFileReference; lastKnownFileType = sourcecode.swift; path = PasswordView.swift; sourceTree = "<group>"; };
		9EBDE92C28DE507600264AF3 /* LYUser.swift */ = {isa = PBXFileReference; lastKnownFileType = sourcecode.swift; path = LYUser.swift; sourceTree = "<group>"; };
		9EBDE92E28DE54BA00264AF3 /* AuthService.swift */ = {isa = PBXFileReference; lastKnownFileType = sourcecode.swift; path = AuthService.swift; sourceTree = "<group>"; };
		9EBDE93028DE660F00264AF3 /* LoadingView.swift */ = {isa = PBXFileReference; lastKnownFileType = sourcecode.swift; path = LoadingView.swift; sourceTree = "<group>"; };
/* End PBXFileReference section */

/* Begin PBXFrameworksBuildPhase section */
		9EBDE8CF28DDD58A00264AF3 /* Frameworks */ = {
			isa = PBXFrameworksBuildPhase;
			buildActionMask = 2147483647;
			files = (
				9EBDE92328DDFFEB00264AF3 /* FirebaseCrashlytics in Frameworks */,
				9EBDE92528DDFFEB00264AF3 /* FirebaseFirestore in Frameworks */,
				9EBDE91F28DDFFEB00264AF3 /* FirebaseAnalytics in Frameworks */,
				9EBDE92128DDFFEB00264AF3 /* FirebaseAuth in Frameworks */,
			);
			runOnlyForDeploymentPostprocessing = 0;
		};
/* End PBXFrameworksBuildPhase section */

/* Begin PBXGroup section */
		9EBDE8C928DDD58A00264AF3 = {
			isa = PBXGroup;
			children = (
				9EBDE8D428DDD58A00264AF3 /* LastYear */,
				9EBDE8D328DDD58A00264AF3 /* Products */,
			);
			sourceTree = "<group>";
		};
		9EBDE8D328DDD58A00264AF3 /* Products */ = {
			isa = PBXGroup;
			children = (
				9EBDE8D228DDD58A00264AF3 /* LastYear.app */,
			);
			name = Products;
			sourceTree = "<group>";
		};
		9EBDE8D428DDD58A00264AF3 /* LastYear */ = {
			isa = PBXGroup;
			children = (
				9EBDE91128DDEF9200264AF3 /* Info.plist */,
				9EBDE8EA28DDEED400264AF3 /* Font */,
				9EBDE8E728DDECED00264AF3 /* Welcome */,
				9EBDE91328DDF44100264AF3 /* Login */,
				9EBDE91A28DDFCC300264AF3 /* Register */,
				9EBDE8D528DDD58A00264AF3 /* LastYearApp.swift */,
				9EBDE8D728DDD58A00264AF3 /* ContentView.swift */,
				9EBDE8E328DDDCE900264AF3 /* PhotoCard.swift */,
				9EBDE8D928DDD58C00264AF3 /* Assets.xcassets */,
				9EBDE92628DE005300264AF3 /* GoogleService-Info.plist */,
				9EBDE8DB28DDD58C00264AF3 /* Preview Content */,
				9EBDE8E528DDDD4B00264AF3 /* PhotoData.swift */,
				9EBDE92828DE021200264AF3 /* FirebaseHandler.swift */,
				9EBDE91828DDF97200264AF3 /* Helper.swift */,
				9EBDE92C28DE507600264AF3 /* LYUser.swift */,
				9EBDE93028DE660F00264AF3 /* LoadingView.swift */,
			);
			path = LastYear;
			sourceTree = "<group>";
		};
		9EBDE8DB28DDD58C00264AF3 /* Preview Content */ = {
			isa = PBXGroup;
			children = (
				9EBDE8DC28DDD58C00264AF3 /* Preview Assets.xcassets */,
			);
			path = "Preview Content";
			sourceTree = "<group>";
		};
		9EBDE8E728DDECED00264AF3 /* Welcome */ = {
			isa = PBXGroup;
			children = (
				9EBDE8E828DDED0800264AF3 /* WelcomeView.swift */,
				9EBDE91428DDF44C00264AF3 /* ChoseAuthView.swift */,
				9EBDE92E28DE54BA00264AF3 /* AuthService.swift */,
			);
			path = Welcome;
			sourceTree = "<group>";
		};
		9EBDE8EA28DDEED400264AF3 /* Font */ = {
			isa = PBXGroup;
			children = (
				9EBDE8F428DDEF2F00264AF3 /* OFL.txt */,
				9EBDE8F728DDEF2F00264AF3 /* Poppins-Black.ttf */,
				9EBDE8F028DDEF2F00264AF3 /* Poppins-BlackItalic.ttf */,
				9EBDE8FA28DDEF2F00264AF3 /* Poppins-Bold.ttf */,
				9EBDE8F628DDEF2F00264AF3 /* Poppins-BoldItalic.ttf */,
				9EBDE8EC28DDEF2F00264AF3 /* Poppins-ExtraBold.ttf */,
				9EBDE8EE28DDEF2F00264AF3 /* Poppins-ExtraBoldItalic.ttf */,
				9EBDE8F228DDEF2F00264AF3 /* Poppins-ExtraLight.ttf */,
				9EBDE8ED28DDEF2F00264AF3 /* Poppins-ExtraLightItalic.ttf */,
				9EBDE8EF28DDEF2F00264AF3 /* Poppins-Italic.ttf */,
				9EBDE8F528DDEF2F00264AF3 /* Poppins-Light.ttf */,
				9EBDE8EB28DDEF2F00264AF3 /* Poppins-LightItalic.ttf */,
				9EBDE8F128DDEF2F00264AF3 /* Poppins-Medium.ttf */,
				9EBDE8F828DDEF2F00264AF3 /* Poppins-MediumItalic.ttf */,
				9EBDE8FB28DDEF2F00264AF3 /* Poppins-Regular.ttf */,
				9EBDE8F928DDEF2F00264AF3 /* Poppins-SemiBold.ttf */,
				9EBDE8FC28DDEF2F00264AF3 /* Poppins-SemiBoldItalic.ttf */,
				9EBDE8F328DDEF2F00264AF3 /* Poppins-Thin.ttf */,
				9EBDE8FD28DDEF2F00264AF3 /* Poppins-ThinItalic.ttf */,
			);
			path = Font;
			sourceTree = "<group>";
		};
		9EBDE91328DDF44100264AF3 /* Login */ = {
			isa = PBXGroup;
			children = (
				9EBDE91B28DDFD4200264AF3 /* LoginView.swift */,
			);
			path = Login;
			sourceTree = "<group>";
		};
		9EBDE91A28DDFCC300264AF3 /* Register */ = {
			isa = PBXGroup;
			children = (
				9EBDE91628DDF8FE00264AF3 /* EmailView.swift */,
				9EBDE92A28DE0EEA00264AF3 /* PasswordView.swift */,
			);
			path = Register;
			sourceTree = "<group>";
		};
/* End PBXGroup section */

/* Begin PBXNativeTarget section */
		9EBDE8D128DDD58A00264AF3 /* LastYear */ = {
			isa = PBXNativeTarget;
			buildConfigurationList = 9EBDE8E028DDD58C00264AF3 /* Build configuration list for PBXNativeTarget "LastYear" */;
			buildPhases = (
				9EBDE8CE28DDD58A00264AF3 /* Sources */,
				9EBDE8CF28DDD58A00264AF3 /* Frameworks */,
				9EBDE8D028DDD58A00264AF3 /* Resources */,
			);
			buildRules = (
			);
			dependencies = (
			);
			name = LastYear;
			packageProductDependencies = (
				9EBDE91E28DDFFEB00264AF3 /* FirebaseAnalytics */,
				9EBDE92028DDFFEB00264AF3 /* FirebaseAuth */,
				9EBDE92228DDFFEB00264AF3 /* FirebaseCrashlytics */,
				9EBDE92428DDFFEB00264AF3 /* FirebaseFirestore */,
			);
			productName = LastYear;
			productReference = 9EBDE8D228DDD58A00264AF3 /* LastYear.app */;
			productType = "com.apple.product-type.application";
		};
/* End PBXNativeTarget section */

/* Begin PBXProject section */
		9EBDE8CA28DDD58A00264AF3 /* Project object */ = {
			isa = PBXProject;
			attributes = {
				BuildIndependentTargetsInParallel = 1;
				LastSwiftUpdateCheck = 1340;
				LastUpgradeCheck = 1340;
				TargetAttributes = {
					9EBDE8D128DDD58A00264AF3 = {
						CreatedOnToolsVersion = 13.4.1;
					};
				};
			};
			buildConfigurationList = 9EBDE8CD28DDD58A00264AF3 /* Build configuration list for PBXProject "LastYear" */;
			compatibilityVersion = "Xcode 13.0";
			developmentRegion = en;
			hasScannedForEncodings = 0;
			knownRegions = (
				en,
				Base,
			);
			mainGroup = 9EBDE8C928DDD58A00264AF3;
			packageReferences = (
				9EBDE91D28DDFFEB00264AF3 /* XCRemoteSwiftPackageReference "firebase-ios-sdk" */,
			);
			productRefGroup = 9EBDE8D328DDD58A00264AF3 /* Products */;
			projectDirPath = "";
			projectRoot = "";
			targets = (
				9EBDE8D128DDD58A00264AF3 /* LastYear */,
			);
		};
/* End PBXProject section */

/* Begin PBXResourcesBuildPhase section */
		9EBDE8D028DDD58A00264AF3 /* Resources */ = {
			isa = PBXResourcesBuildPhase;
			buildActionMask = 2147483647;
			files = (
				9EBDE92728DE005400264AF3 /* GoogleService-Info.plist in Resources */,
				9EBDE90528DDEF2F00264AF3 /* Poppins-ExtraLight.ttf in Resources */,
				9EBDE90D28DDEF2F00264AF3 /* Poppins-Bold.ttf in Resources */,
				9EBDE90B28DDEF2F00264AF3 /* Poppins-MediumItalic.ttf in Resources */,
				9EBDE90828DDEF2F00264AF3 /* Poppins-Light.ttf in Resources */,
				9EBDE90128DDEF2F00264AF3 /* Poppins-ExtraBoldItalic.ttf in Resources */,
				9EBDE90F28DDEF2F00264AF3 /* Poppins-SemiBoldItalic.ttf in Resources */,
				9EBDE8FF28DDEF2F00264AF3 /* Poppins-ExtraBold.ttf in Resources */,
				9EBDE90228DDEF2F00264AF3 /* Poppins-Italic.ttf in Resources */,
				9EBDE8DD28DDD58C00264AF3 /* Preview Assets.xcassets in Resources */,
				9EBDE90328DDEF2F00264AF3 /* Poppins-BlackItalic.ttf in Resources */,
				9EBDE90728DDEF2F00264AF3 /* OFL.txt in Resources */,
				9EBDE90028DDEF2F00264AF3 /* Poppins-ExtraLightItalic.ttf in Resources */,
				9EBDE91028DDEF2F00264AF3 /* Poppins-ThinItalic.ttf in Resources */,
				9EBDE90A28DDEF2F00264AF3 /* Poppins-Black.ttf in Resources */,
				9EBDE90928DDEF2F00264AF3 /* Poppins-BoldItalic.ttf in Resources */,
				9EBDE90428DDEF2F00264AF3 /* Poppins-Medium.ttf in Resources */,
				9EBDE8FE28DDEF2F00264AF3 /* Poppins-LightItalic.ttf in Resources */,
				9EBDE90628DDEF2F00264AF3 /* Poppins-Thin.ttf in Resources */,
				9EBDE8DA28DDD58C00264AF3 /* Assets.xcassets in Resources */,
				9EBDE90E28DDEF2F00264AF3 /* Poppins-Regular.ttf in Resources */,
				9EBDE90C28DDEF2F00264AF3 /* Poppins-SemiBold.ttf in Resources */,
			);
			runOnlyForDeploymentPostprocessing = 0;
		};
/* End PBXResourcesBuildPhase section */

/* Begin PBXSourcesBuildPhase section */
		9EBDE8CE28DDD58A00264AF3 /* Sources */ = {
			isa = PBXSourcesBuildPhase;
			buildActionMask = 2147483647;
			files = (
				9EBDE8E928DDED0800264AF3 /* WelcomeView.swift in Sources */,
				9EBDE92B28DE0EEA00264AF3 /* PasswordView.swift in Sources */,
				9EBDE8E428DDDCE900264AF3 /* PhotoCard.swift in Sources */,
				9EBDE91528DDF44D00264AF3 /* ChoseAuthView.swift in Sources */,
				9EBDE91C28DDFD4200264AF3 /* LoginView.swift in Sources */,
				9EBDE93128DE660F00264AF3 /* LoadingView.swift in Sources */,
				9EBDE91728DDF8FE00264AF3 /* EmailView.swift in Sources */,
				9EBDE92F28DE54BA00264AF3 /* AuthService.swift in Sources */,
				9EBDE8D828DDD58A00264AF3 /* ContentView.swift in Sources */,
				9EBDE92D28DE507600264AF3 /* LYUser.swift in Sources */,
				9EBDE8E628DDDD4B00264AF3 /* PhotoData.swift in Sources */,
				9EBDE8D628DDD58A00264AF3 /* LastYearApp.swift in Sources */,
				9EBDE91928DDF97200264AF3 /* Helper.swift in Sources */,
				9EBDE92928DE021200264AF3 /* FirebaseHandler.swift in Sources */,
			);
			runOnlyForDeploymentPostprocessing = 0;
		};
/* End PBXSourcesBuildPhase section */

/* Begin XCBuildConfiguration section */
		9EBDE8DE28DDD58C00264AF3 /* Debug */ = {
			isa = XCBuildConfiguration;
			buildSettings = {
				ALWAYS_SEARCH_USER_PATHS = NO;
				CLANG_ANALYZER_NONNULL = YES;
				CLANG_ANALYZER_NUMBER_OBJECT_CONVERSION = YES_AGGRESSIVE;
				CLANG_CXX_LANGUAGE_STANDARD = "gnu++17";
				CLANG_ENABLE_MODULES = YES;
				CLANG_ENABLE_OBJC_ARC = YES;
				CLANG_ENABLE_OBJC_WEAK = YES;
				CLANG_WARN_BLOCK_CAPTURE_AUTORELEASING = YES;
				CLANG_WARN_BOOL_CONVERSION = YES;
				CLANG_WARN_COMMA = YES;
				CLANG_WARN_CONSTANT_CONVERSION = YES;
				CLANG_WARN_DEPRECATED_OBJC_IMPLEMENTATIONS = YES;
				CLANG_WARN_DIRECT_OBJC_ISA_USAGE = YES_ERROR;
				CLANG_WARN_DOCUMENTATION_COMMENTS = YES;
				CLANG_WARN_EMPTY_BODY = YES;
				CLANG_WARN_ENUM_CONVERSION = YES;
				CLANG_WARN_INFINITE_RECURSION = YES;
				CLANG_WARN_INT_CONVERSION = YES;
				CLANG_WARN_NON_LITERAL_NULL_CONVERSION = YES;
				CLANG_WARN_OBJC_IMPLICIT_RETAIN_SELF = YES;
				CLANG_WARN_OBJC_LITERAL_CONVERSION = YES;
				CLANG_WARN_OBJC_ROOT_CLASS = YES_ERROR;
				CLANG_WARN_QUOTED_INCLUDE_IN_FRAMEWORK_HEADER = YES;
				CLANG_WARN_RANGE_LOOP_ANALYSIS = YES;
				CLANG_WARN_STRICT_PROTOTYPES = YES;
				CLANG_WARN_SUSPICIOUS_MOVE = YES;
				CLANG_WARN_UNGUARDED_AVAILABILITY = YES_AGGRESSIVE;
				CLANG_WARN_UNREACHABLE_CODE = YES;
				CLANG_WARN__DUPLICATE_METHOD_MATCH = YES;
				COPY_PHASE_STRIP = NO;
				DEBUG_INFORMATION_FORMAT = dwarf;
				ENABLE_STRICT_OBJC_MSGSEND = YES;
				ENABLE_TESTABILITY = YES;
				GCC_C_LANGUAGE_STANDARD = gnu11;
				GCC_DYNAMIC_NO_PIC = NO;
				GCC_NO_COMMON_BLOCKS = YES;
				GCC_OPTIMIZATION_LEVEL = 0;
				GCC_PREPROCESSOR_DEFINITIONS = (
					"DEBUG=1",
					"$(inherited)",
				);
				GCC_WARN_64_TO_32_BIT_CONVERSION = YES;
				GCC_WARN_ABOUT_RETURN_TYPE = YES_ERROR;
				GCC_WARN_UNDECLARED_SELECTOR = YES;
				GCC_WARN_UNINITIALIZED_AUTOS = YES_AGGRESSIVE;
				GCC_WARN_UNUSED_FUNCTION = YES;
				GCC_WARN_UNUSED_VARIABLE = YES;
				IPHONEOS_DEPLOYMENT_TARGET = 15.5;
				MTL_ENABLE_DEBUG_INFO = INCLUDE_SOURCE;
				MTL_FAST_MATH = YES;
				ONLY_ACTIVE_ARCH = YES;
				SDKROOT = iphoneos;
				SWIFT_ACTIVE_COMPILATION_CONDITIONS = DEBUG;
				SWIFT_OPTIMIZATION_LEVEL = "-Onone";
			};
			name = Debug;
		};
		9EBDE8DF28DDD58C00264AF3 /* Release */ = {
			isa = XCBuildConfiguration;
			buildSettings = {
				ALWAYS_SEARCH_USER_PATHS = NO;
				CLANG_ANALYZER_NONNULL = YES;
				CLANG_ANALYZER_NUMBER_OBJECT_CONVERSION = YES_AGGRESSIVE;
				CLANG_CXX_LANGUAGE_STANDARD = "gnu++17";
				CLANG_ENABLE_MODULES = YES;
				CLANG_ENABLE_OBJC_ARC = YES;
				CLANG_ENABLE_OBJC_WEAK = YES;
				CLANG_WARN_BLOCK_CAPTURE_AUTORELEASING = YES;
				CLANG_WARN_BOOL_CONVERSION = YES;
				CLANG_WARN_COMMA = YES;
				CLANG_WARN_CONSTANT_CONVERSION = YES;
				CLANG_WARN_DEPRECATED_OBJC_IMPLEMENTATIONS = YES;
				CLANG_WARN_DIRECT_OBJC_ISA_USAGE = YES_ERROR;
				CLANG_WARN_DOCUMENTATION_COMMENTS = YES;
				CLANG_WARN_EMPTY_BODY = YES;
				CLANG_WARN_ENUM_CONVERSION = YES;
				CLANG_WARN_INFINITE_RECURSION = YES;
				CLANG_WARN_INT_CONVERSION = YES;
				CLANG_WARN_NON_LITERAL_NULL_CONVERSION = YES;
				CLANG_WARN_OBJC_IMPLICIT_RETAIN_SELF = YES;
				CLANG_WARN_OBJC_LITERAL_CONVERSION = YES;
				CLANG_WARN_OBJC_ROOT_CLASS = YES_ERROR;
				CLANG_WARN_QUOTED_INCLUDE_IN_FRAMEWORK_HEADER = YES;
				CLANG_WARN_RANGE_LOOP_ANALYSIS = YES;
				CLANG_WARN_STRICT_PROTOTYPES = YES;
				CLANG_WARN_SUSPICIOUS_MOVE = YES;
				CLANG_WARN_UNGUARDED_AVAILABILITY = YES_AGGRESSIVE;
				CLANG_WARN_UNREACHABLE_CODE = YES;
				CLANG_WARN__DUPLICATE_METHOD_MATCH = YES;
				COPY_PHASE_STRIP = NO;
				DEBUG_INFORMATION_FORMAT = "dwarf-with-dsym";
				ENABLE_NS_ASSERTIONS = NO;
				ENABLE_STRICT_OBJC_MSGSEND = YES;
				GCC_C_LANGUAGE_STANDARD = gnu11;
				GCC_NO_COMMON_BLOCKS = YES;
				GCC_WARN_64_TO_32_BIT_CONVERSION = YES;
				GCC_WARN_ABOUT_RETURN_TYPE = YES_ERROR;
				GCC_WARN_UNDECLARED_SELECTOR = YES;
				GCC_WARN_UNINITIALIZED_AUTOS = YES_AGGRESSIVE;
				GCC_WARN_UNUSED_FUNCTION = YES;
				GCC_WARN_UNUSED_VARIABLE = YES;
				IPHONEOS_DEPLOYMENT_TARGET = 15.5;
				MTL_ENABLE_DEBUG_INFO = NO;
				MTL_FAST_MATH = YES;
				SDKROOT = iphoneos;
				SWIFT_COMPILATION_MODE = wholemodule;
				SWIFT_OPTIMIZATION_LEVEL = "-O";
				VALIDATE_PRODUCT = YES;
			};
			name = Release;
		};
		9EBDE8E128DDD58C00264AF3 /* Debug */ = {
			isa = XCBuildConfiguration;
			buildSettings = {
				ASSETCATALOG_COMPILER_APPICON_NAME = AppIcon;
				ASSETCATALOG_COMPILER_GLOBAL_ACCENT_COLOR_NAME = AccentColor;
				CODE_SIGN_STYLE = Automatic;
				CURRENT_PROJECT_VERSION = 1;
				DEVELOPMENT_ASSET_PATHS = "\"LastYear/Preview Content\"";
				DEVELOPMENT_TEAM = 846WZ8H33D;
				ENABLE_PREVIEWS = YES;
				GENERATE_INFOPLIST_FILE = YES;
				INFOPLIST_FILE = LastYear/Info.plist;
				INFOPLIST_KEY_UIApplicationSceneManifest_Generation = YES;
				INFOPLIST_KEY_UIApplicationSupportsIndirectInputEvents = YES;
				INFOPLIST_KEY_UILaunchScreen_Generation = YES;
				INFOPLIST_KEY_UISupportedInterfaceOrientations_iPad = "UIInterfaceOrientationPortrait UIInterfaceOrientationPortraitUpsideDown UIInterfaceOrientationLandscapeLeft UIInterfaceOrientationLandscapeRight";
				INFOPLIST_KEY_UISupportedInterfaceOrientations_iPhone = "UIInterfaceOrientationPortrait UIInterfaceOrientationLandscapeLeft UIInterfaceOrientationLandscapeRight";
				LD_RUNPATH_SEARCH_PATHS = (
					"$(inherited)",
					"@executable_path/Frameworks",
				);
				MARKETING_VERSION = 1.0;
				PRODUCT_BUNDLE_IDENTIFIER = de.lichtenberg.LastYear;
				PRODUCT_NAME = "$(TARGET_NAME)";
				SWIFT_EMIT_LOC_STRINGS = YES;
				SWIFT_VERSION = 5.0;
				TARGETED_DEVICE_FAMILY = 1;
			};
			name = Debug;
		};
		9EBDE8E228DDD58C00264AF3 /* Release */ = {
			isa = XCBuildConfiguration;
			buildSettings = {
				ASSETCATALOG_COMPILER_APPICON_NAME = AppIcon;
				ASSETCATALOG_COMPILER_GLOBAL_ACCENT_COLOR_NAME = AccentColor;
				CODE_SIGN_STYLE = Automatic;
				CURRENT_PROJECT_VERSION = 1;
				DEVELOPMENT_ASSET_PATHS = "\"LastYear/Preview Content\"";
				DEVELOPMENT_TEAM = 846WZ8H33D;
				ENABLE_PREVIEWS = YES;
				GENERATE_INFOPLIST_FILE = YES;
				INFOPLIST_FILE = LastYear/Info.plist;
				INFOPLIST_KEY_UIApplicationSceneManifest_Generation = YES;
				INFOPLIST_KEY_UIApplicationSupportsIndirectInputEvents = YES;
				INFOPLIST_KEY_UILaunchScreen_Generation = YES;
				INFOPLIST_KEY_UISupportedInterfaceOrientations_iPad = "UIInterfaceOrientationPortrait UIInterfaceOrientationPortraitUpsideDown UIInterfaceOrientationLandscapeLeft UIInterfaceOrientationLandscapeRight";
				INFOPLIST_KEY_UISupportedInterfaceOrientations_iPhone = "UIInterfaceOrientationPortrait UIInterfaceOrientationLandscapeLeft UIInterfaceOrientationLandscapeRight";
				LD_RUNPATH_SEARCH_PATHS = (
					"$(inherited)",
					"@executable_path/Frameworks",
				);
				MARKETING_VERSION = 1.0;
				PRODUCT_BUNDLE_IDENTIFIER = de.lichtenberg.LastYear;
				PRODUCT_NAME = "$(TARGET_NAME)";
				SWIFT_EMIT_LOC_STRINGS = YES;
				SWIFT_VERSION = 5.0;
				TARGETED_DEVICE_FAMILY = 1;
			};
			name = Release;
		};
/* End XCBuildConfiguration section */

/* Begin XCConfigurationList section */
		9EBDE8CD28DDD58A00264AF3 /* Build configuration list for PBXProject "LastYear" */ = {
			isa = XCConfigurationList;
			buildConfigurations = (
				9EBDE8DE28DDD58C00264AF3 /* Debug */,
				9EBDE8DF28DDD58C00264AF3 /* Release */,
			);
			defaultConfigurationIsVisible = 0;
			defaultConfigurationName = Release;
		};
		9EBDE8E028DDD58C00264AF3 /* Build configuration list for PBXNativeTarget "LastYear" */ = {
			isa = XCConfigurationList;
			buildConfigurations = (
				9EBDE8E128DDD58C00264AF3 /* Debug */,
				9EBDE8E228DDD58C00264AF3 /* Release */,
			);
			defaultConfigurationIsVisible = 0;
			defaultConfigurationName = Release;
		};
/* End XCConfigurationList section */

/* Begin XCRemoteSwiftPackageReference section */
		9EBDE91D28DDFFEB00264AF3 /* XCRemoteSwiftPackageReference "firebase-ios-sdk" */ = {
			isa = XCRemoteSwiftPackageReference;
			repositoryURL = "https://github.com/firebase/firebase-ios-sdk.git";
			requirement = {
				branch = master;
				kind = branch;
			};
		};
/* End XCRemoteSwiftPackageReference section */

/* Begin XCSwiftPackageProductDependency section */
		9EBDE91E28DDFFEB00264AF3 /* FirebaseAnalytics */ = {
			isa = XCSwiftPackageProductDependency;
			package = 9EBDE91D28DDFFEB00264AF3 /* XCRemoteSwiftPackageReference "firebase-ios-sdk" */;
			productName = FirebaseAnalytics;
		};
		9EBDE92028DDFFEB00264AF3 /* FirebaseAuth */ = {
			isa = XCSwiftPackageProductDependency;
			package = 9EBDE91D28DDFFEB00264AF3 /* XCRemoteSwiftPackageReference "firebase-ios-sdk" */;
			productName = FirebaseAuth;
		};
		9EBDE92228DDFFEB00264AF3 /* FirebaseCrashlytics */ = {
			isa = XCSwiftPackageProductDependency;
			package = 9EBDE91D28DDFFEB00264AF3 /* XCRemoteSwiftPackageReference "firebase-ios-sdk" */;
			productName = FirebaseCrashlytics;
		};
		9EBDE92428DDFFEB00264AF3 /* FirebaseFirestore */ = {
			isa = XCSwiftPackageProductDependency;
			package = 9EBDE91D28DDFFEB00264AF3 /* XCRemoteSwiftPackageReference "firebase-ios-sdk" */;
			productName = FirebaseFirestore;
		};
/* End XCSwiftPackageProductDependency section */
	};
	rootObject = 9EBDE8CA28DDD58A00264AF3 /* Project object */;
}
